Microsoft Visual Studio Solution File, Format Version 12.00
# Visual Studio Version 17
VisualStudioVersion = 17.0.31903.59
MinimumVisualStudioVersion = 10.0.40219.1
Project("{2150E333-8FDC-42A3-9474-1A3956D46DE8}") = "Core", "Core", "{A1234567-1234-1234-1234-123456789020}"
EndProject
Project("{2150E333-8FDC-42A3-9474-1A3956D46DE8}") = "Modules", "Modules", "{A1234567-1234-1234-1234-123456789010}"
EndProject
Project("{2150E333-8FDC-42A3-9474-1A3956D46DE8}") = "Shared", "Shared", "{02EA681E-C7D8-13C7-8484-4AC65E1B71E8}"
EndProject
Project("{9A19103F-16F7-4668-BE54-9A1E7A4F7556}") = "LYBT.WPF.Client.Shell", "src\Frontend\Desktop\Shell\LYBT.WPF.Client.Shell.csproj", "{A1234567-1234-1234-1234-123456789001}"
EndProject
Project("{9A19103F-16F7-4668-BE54-9A1E7A4F7556}") = "LYBT.WPF.Client.Core", "src\Frontend\Desktop\Core\LYBT.WPF.Client.Core.csproj", "{A1234567-1234-1234-1234-123456789002}"
EndProject
Project("{9A19103F-16F7-4668-BE54-9A1E7A4F7556}") = "LYBT.WPF.Client.Services", "src\Frontend\Desktop\Services\LYBT.WPF.Client.Services.csproj", "{A1234567-1234-1234-1234-123456789003}"
EndProject
Project("{9A19103F-16F7-4668-BE54-9A1E7A4F7556}") = "LYBT.WPF.Client.Infrastructure", "src\Frontend\Desktop\Infrastructure\LYBT.WPF.Client.Infrastructure.csproj", "{A1234567-1234-1234-1234-123456789004}"
EndProject
Project("{9A19103F-16F7-4668-BE54-9A1E7A4F7556}") = "LYBT.WPF.Client.Modules.Authentication", "src\Frontend\Desktop\Modules\Authentication\LYBT.WPF.Client.Modules.Authentication.csproj", "{A1234567-1234-1234-1234-123456789011}"
EndProject
Project("{9A19103F-16F7-4668-BE54-9A1E7A4F7556}") = "LYBT.WPF.Client.Modules.SystemManagement", "src\Frontend\Desktop\Modules\SystemManagement\LYBT.WPF.Client.Modules.SystemManagement.csproj", "{A1234567-1234-1234-1234-123456789012}"
EndProject
Project("{9A19103F-16F7-4668-BE54-9A1E7A4F7556}") = "LYBT.WPF.Client.Modules.Consultation", "src\Frontend\Desktop\Modules\Consultation\LYBT.WPF.Client.Modules.Consultation.csproj", "{A1234567-1234-1234-1234-123456789018}"
EndProject
Project("{9A19103F-16F7-4668-BE54-9A1E7A4F7556}") = "LYBT.WPF.Client.Modules.Users", "src\Frontend\Desktop\Modules\Users\LYBT.WPF.Client.Modules.Users.csproj", "{A1234567-1234-1234-1234-123456789013}"
EndProject
Project("{9A19103F-16F7-4668-BE54-9A1E7A4F7556}") = "LYBT.WPF.Client.Modules.Herbs", "src\Frontend\Desktop\Modules\Herbs\LYBT.WPF.Client.Modules.Herbs.csproj", "{A1234567-1234-1234-1234-123456789014}"
EndProject
Project("{9A19103F-16F7-4668-BE54-9A1E7A4F7556}") = "LYBT.WPF.Client.Modules.Patients", "src\Frontend\Desktop\Modules\Patients\LYBT.WPF.Client.Modules.Patients.csproj", "{A1234567-1234-1234-1234-123456789015}"
EndProject
Project("{9A19103F-16F7-4668-BE54-9A1E7A4F7556}") = "LYBT.WPF.Client.Modules.Auth", "src\Frontend\Desktop\Modules\Auth\LYBT.WPF.Client.Modules.Auth.csproj", "{A1234567-1234-1234-1234-123456789016}"
EndProject
Project("{9A19103F-16F7-4668-BE54-9A1E7A4F7556}") = "LYBT.WPF.Client.Modules.MedicalCase", "src\Frontend\Desktop\Modules\MedicalCase\LYBT.WPF.Client.Modules.MedicalCase.csproj", "{A1234567-1234-1234-1234-123456789017}"
EndProject
Project("{9A19103F-16F7-4668-BE54-9A1E7A4F7556}") = "LYBT.WPF.Client.Modules.Formula", "src\Frontend\Desktop\Modules\Formula\LYBT.WPF.Client.Modules.Formula.csproj", "{A1234567-1234-1234-1234-123456789019}"
EndProject
Project("{9A19103F-16F7-4668-BE54-9A1E7A4F7556}") = "LYBT.WPF.Client.Modules.Prescriptions", "src\Frontend\Desktop\Modules\Prescriptions\LYBT.WPF.Client.Modules.Prescriptions.csproj", "{A1234567-1234-1234-1234-123456789020}"
EndProject
Project("{FAE04EC0-301F-11D3-BF4B-00C04F79EFBC}") = "LYBT.Shared.Models", "src\Shared\LYBT.Shared.Models\LYBT.Shared.Models.csproj", "{91CD7DC5-E0DC-8F45-7AE9-4F1243389D2A}"
EndProject
Project("{FAE04EC0-301F-11D3-BF4B-00C04F79EFBC}") = "LYBT.Shared.Utilities", "src\Shared\LYBT.Shared.Utilities\LYBT.Shared.Utilities.csproj", "{92CD7DC5-E0DC-8F45-7AE9-4F1243389D2B}"
EndProject
Project("{9A19103F-16F7-4668-BE54-9A1E7A4F7556}") = "LYBT.Infrastructure", "src\Backend\Core\LYBT.Infrastructure\LYBT.Infrastructure.csproj", "{A1234567-1234-1234-1234-123456789030}"
EndProject
Project("{9A19103F-16F7-4668-BE54-9A1E7A4F7556}") = "LYBT.Models", "src\Backend\Core\LYBT.Models\LYBT.Models.csproj", "{A1234567-1234-1234-1234-123456789031}"
EndProject
Global
	GlobalSection(SolutionConfigurationPlatforms) = preSolution
		Debug|Any CPU = Debug|Any CPU
		Release|Any CPU = Release|Any CPU
	EndGlobalSection
	GlobalSection(ProjectConfigurationPlatforms) = postSolution
		{A1234567-1234-1234-1234-123456789001}.Debug|Any CPU.ActiveCfg = Debug|Any CPU
		{A1234567-1234-1234-1234-123456789001}.Debug|Any CPU.Build.0 = Debug|Any CPU
		{A1234567-1234-1234-1234-123456789001}.Release|Any CPU.ActiveCfg = Release|Any CPU
		{A1234567-1234-1234-1234-123456789001}.Release|Any CPU.Build.0 = Release|Any CPU
		{A1234567-1234-1234-1234-123456789002}.Debug|Any CPU.ActiveCfg = Debug|Any CPU
		{A1234567-1234-1234-1234-123456789002}.Debug|Any CPU.Build.0 = Debug|Any CPU
		{A1234567-1234-1234-1234-123456789002}.Release|Any CPU.ActiveCfg = Release|Any CPU
		{A1234567-1234-1234-1234-123456789002}.Release|Any CPU.Build.0 = Release|Any CPU
		{A1234567-1234-1234-1234-123456789003}.Debug|Any CPU.ActiveCfg = Debug|Any CPU
		{A1234567-1234-1234-1234-123456789003}.Debug|Any CPU.Build.0 = Debug|Any CPU
		{A1234567-1234-1234-1234-123456789003}.Release|Any CPU.ActiveCfg = Release|Any CPU
		{A1234567-1234-1234-1234-123456789003}.Release|Any CPU.Build.0 = Release|Any CPU
		{A1234567-1234-1234-1234-123456789004}.Debug|Any CPU.ActiveCfg = Debug|Any CPU
		{A1234567-1234-1234-1234-123456789004}.Debug|Any CPU.Build.0 = Debug|Any CPU
		{A1234567-1234-1234-1234-123456789004}.Release|Any CPU.ActiveCfg = Release|Any CPU
		{A1234567-1234-1234-1234-123456789004}.Release|Any CPU.Build.0 = Release|Any CPU
		{A1234567-1234-1234-1234-123456789011}.Debug|Any CPU.ActiveCfg = Debug|Any CPU
		{A1234567-1234-1234-1234-123456789011}.Debug|Any CPU.Build.0 = Debug|Any CPU
		{A1234567-1234-1234-1234-123456789011}.Release|Any CPU.ActiveCfg = Release|Any CPU
		{A1234567-1234-1234-1234-123456789011}.Release|Any CPU.Build.0 = Release|Any CPU
		{A1234567-1234-1234-1234-123456789012}.Debug|Any CPU.ActiveCfg = Debug|Any CPU
		{A1234567-1234-1234-1234-123456789012}.Debug|Any CPU.Build.0 = Debug|Any CPU
		{A1234567-1234-1234-1234-123456789012}.Release|Any CPU.ActiveCfg = Release|Any CPU
		{A1234567-1234-1234-1234-123456789012}.Release|Any CPU.Build.0 = Release|Any CPU
		{A1234567-1234-1234-1234-123456789018}.Debug|Any CPU.ActiveCfg = Debug|Any CPU
		{A1234567-1234-1234-1234-123456789018}.Debug|Any CPU.Build.0 = Debug|Any CPU
		{A1234567-1234-1234-1234-123456789018}.Release|Any CPU.ActiveCfg = Release|Any CPU
		{A1234567-1234-1234-1234-123456789018}.Release|Any CPU.Build.0 = Release|Any CPU
		{A1234567-1234-1234-1234-123456789013}.Debug|Any CPU.ActiveCfg = Debug|Any CPU
		{A1234567-1234-1234-1234-123456789013}.Debug|Any CPU.Build.0 = Debug|Any CPU
		{A1234567-1234-1234-1234-123456789013}.Release|Any CPU.ActiveCfg = Release|Any CPU
		{A1234567-1234-1234-1234-123456789013}.Release|Any CPU.Build.0 = Release|Any CPU
		{A1234567-1234-1234-1234-123456789014}.Debug|Any CPU.ActiveCfg = Debug|Any CPU
		{A1234567-1234-1234-1234-123456789014}.Debug|Any CPU.Build.0 = Debug|Any CPU
		{A1234567-1234-1234-1234-123456789014}.Release|Any CPU.ActiveCfg = Release|Any CPU
		{A1234567-1234-1234-1234-123456789014}.Release|Any CPU.Build.0 = Release|Any CPU
		{A1234567-1234-1234-1234-123456789015}.Debug|Any CPU.ActiveCfg = Debug|Any CPU
		{A1234567-1234-1234-1234-123456789015}.Debug|Any CPU.Build.0 = Debug|Any CPU
		{A1234567-1234-1234-1234-123456789015}.Release|Any CPU.ActiveCfg = Release|Any CPU
		{A1234567-1234-1234-1234-123456789015}.Release|Any CPU.Build.0 = Release|Any CPU
		{A1234567-1234-1234-1234-123456789016}.Debug|Any CPU.ActiveCfg = Debug|Any CPU
		{A1234567-1234-1234-1234-123456789016}.Debug|Any CPU.Build.0 = Debug|Any CPU
		{A1234567-1234-1234-1234-123456789016}.Release|Any CPU.ActiveCfg = Release|Any CPU
		{A1234567-1234-1234-1234-123456789016}.Release|Any CPU.Build.0 = Release|Any CPU
		{A1234567-1234-1234-1234-123456789017}.Debug|Any CPU.ActiveCfg = Debug|Any CPU
		{A1234567-1234-1234-1234-123456789017}.Debug|Any CPU.Build.0 = Debug|Any CPU
		{A1234567-1234-1234-1234-123456789017}.Release|Any CPU.ActiveCfg = Release|Any CPU
		{A1234567-1234-1234-1234-123456789017}.Release|Any CPU.Build.0 = Release|Any CPU
		{A1234567-1234-1234-1234-123456789019}.Debug|Any CPU.ActiveCfg = Debug|Any CPU
		{A1234567-1234-1234-1234-123456789019}.Debug|Any CPU.Build.0 = Debug|Any CPU
		{A1234567-1234-1234-1234-123456789019}.Release|Any CPU.ActiveCfg = Release|Any CPU
		{A1234567-1234-1234-1234-123456789019}.Release|Any CPU.Build.0 = Release|Any CPU
		{A1234567-1234-1234-1234-123456789020}.Debug|Any CPU.ActiveCfg = Debug|Any CPU
		{A1234567-1234-1234-1234-123456789020}.Debug|Any CPU.Build.0 = Debug|Any CPU
		{A1234567-1234-1234-1234-123456789020}.Release|Any CPU.ActiveCfg = Release|Any CPU
		{A1234567-1234-1234-1234-123456789020}.Release|Any CPU.Build.0 = Release|Any CPU
		{91CD7DC5-E0DC-8F45-7AE9-4F1243389D2A}.Debug|Any CPU.ActiveCfg = Debug|Any CPU
		{91CD7DC5-E0DC-8F45-7AE9-4F1243389D2A}.Debug|Any CPU.Build.0 = Debug|Any CPU
		{91CD7DC5-E0DC-8F45-7AE9-4F1243389D2A}.Release|Any CPU.ActiveCfg = Release|Any CPU
		{91CD7DC5-E0DC-8F45-7AE9-4F1243389D2A}.Release|Any CPU.Build.0 = Release|Any CPU
		{92CD7DC5-E0DC-8F45-7AE9-4F1243389D2B}.Debug|Any CPU.ActiveCfg = Debug|Any CPU
		{92CD7DC5-E0DC-8F45-7AE9-4F1243389D2B}.Debug|Any CPU.Build.0 = Debug|Any CPU
		{92CD7DC5-E0DC-8F45-7AE9-4F1243389D2B}.Release|Any CPU.ActiveCfg = Release|Any CPU
		{92CD7DC5-E0DC-8F45-7AE9-4F1243389D2B}.Release|Any CPU.Build.0 = Release|Any CPU
	EndGlobalSection
	GlobalSection(SolutionProperties) = preSolution
		HideSolutionNode = FALSE
	EndGlobalSection
	GlobalSection(NestedProjects) = preSolution
		{A1234567-1234-1234-1234-123456789002} = {A1234567-1234-1234-1234-123456789020}
		{A1234567-1234-1234-1234-123456789003} = {A1234567-1234-1234-1234-123456789020}
		{A1234567-1234-1234-1234-123456789004} = {A1234567-1234-1234-1234-123456789020}
		{A1234567-1234-1234-1234-123456789011} = {A1234567-1234-1234-1234-123456789010}
		{A1234567-1234-1234-1234-123456789012} = {A1234567-1234-1234-1234-123456789010}
		{A1234567-1234-1234-1234-123456789018} = {A1234567-1234-1234-1234-123456789010}
		{A1234567-1234-1234-1234-123456789013} = {A1234567-1234-1234-1234-123456789010}
		{A1234567-1234-1234-1234-123456789014} = {A1234567-1234-1234-1234-123456789010}
		{A1234567-1234-1234-1234-123456789015} = {A1234567-1234-1234-1234-123456789010}
		{A1234567-1234-1234-1234-123456789016} = {A1234567-1234-1234-1234-123456789010}
		{A1234567-1234-1234-1234-123456789017} = {A1234567-1234-1234-1234-123456789010}
		{A1234567-1234-1234-1234-123456789019} = {A1234567-1234-1234-1234-123456789010}
		{A1234567-1234-1234-1234-123456789020} = {A1234567-1234-1234-1234-123456789010}
		{91CD7DC5-E0DC-8F45-7AE9-4F1243389D2A} = {02EA681E-C7D8-13C7-8484-4AC65E1B71E8}
		{92CD7DC5-E0DC-8F45-7AE9-4F1243389D2B} = {02EA681E-C7D8-13C7-8484-4AC65E1B71E8}
	EndGlobalSection
	GlobalSection(ExtensibilityGlobals) = postSolution
		SolutionGuid = {A1234567-1234-1234-1234-123456789000}
	EndGlobalSection
EndGlobal
