
Microsoft Visual Studio Solution File, Format Version 12.00
# Visual Studio Version 17
VisualStudioVersion = 17.0.31903.59
MinimumVisualStudioVersion = 10.0.40219.1
Project("{2150E333-8FDC-42A3-9474-1A3956D46DE8}") = "Server.Core", "Server.Core", "{A1234567-BCDE-1234-1234-123456789010}"
EndProject
Project("{2150E333-8FDC-42A3-9474-1A3956D46DE8}") = "Server.BusinessModules", "Server.BusinessModules", "{B1234567-BCDE-1234-1234-123456789020}"
EndProject
Project("{2150E333-8FDC-42A3-9474-1A3956D46DE8}") = "Server.Services", "Server.Services", "{C1234567-BCDE-1234-1234-123456789030}"
EndProject
Project("{2150E333-8FDC-42A3-9474-1A3956D46DE8}") = "SharedResources", "SharedResources", "{D1234567-BCDE-1234-1234-123456789040}"
EndProject
Project("{9A19103F-16F7-4668-BE54-9A1E7A4F7556}") = "LYBT.Infrastructure", "src\Server\Core\LYBT.Infrastructure\LYBT.Infrastructure.csproj", "{11111111-1111-1111-1111-111111111111}"
EndProject
Project("{9A19103F-16F7-4668-BE54-9A1E7A4F7556}") = "LYBT.Entities", "src\Server\Core\LYBT.Entities\LYBT.Entities.csproj", "{22222222-2222-2222-2222-222222222222}"
EndProject
Project("{9A19103F-16F7-4668-BE54-9A1E7A4F7556}") = "LYBT.WebAPI", "src\Server\Services\LYBT.WebAPI\LYBT.WebAPI.csproj", "{33333333-3333-3333-3333-333333333333}"
EndProject
Project("{9A19103F-16F7-4668-BE54-9A1E7A4F7556}") = "LYBT.Module.Auth", "src\Server\Modules\LYBT.Module.Auth\LYBT.Module.Auth.csproj", "{44444444-4444-4444-4444-444444444444}"
EndProject
Project("{9A19103F-16F7-4668-BE54-9A1E7A4F7556}") = "LYBT.Module.Users", "src\Server\Modules\LYBT.Module.Users\LYBT.Module.Users.csproj", "{55555555-5555-5555-5555-555555555555}"
EndProject
Project("{9A19103F-16F7-4668-BE54-9A1E7A4F7556}") = "LYBT.Module.Patients", "src\Server\Modules\LYBT.Module.Patients\LYBT.Module.Patients.csproj", "{66666666-6666-6666-6666-666666666666}"
EndProject
Project("{9A19103F-16F7-4668-BE54-9A1E7A4F7556}") = "LYBT.Module.Herbs", "src\Server\Modules\LYBT.Module.Herbs\LYBT.Module.Herbs.csproj", "{77777777-7777-7777-7777-777777777777}"
EndProject
Project("{9A19103F-16F7-4668-BE54-9A1E7A4F7556}") = "LYBT.Module.Formula", "src\Server\Modules\LYBT.Module.Formula\LYBT.Module.Formula.csproj", "{88888888-8888-8888-8888-888888888888}"
EndProject
Project("{9A19103F-16F7-4668-BE54-9A1E7A4F7556}") = "LYBT.Module.Consultation", "src\Server\Modules\LYBT.Module.Consultation\LYBT.Module.Consultation.csproj", "{99999999-9999-9999-9999-999999999999}"
EndProject
Project("{9A19103F-16F7-4668-BE54-9A1E7A4F7556}") = "LYBT.Module.MedicalCase", "src\Server\Modules\LYBT.Module.MedicalCase\LYBT.Module.MedicalCase.csproj", "{AAAAAAAA-AAAA-AAAA-AAAA-AAAAAAAAAAAA}"
EndProject
Project("{9A19103F-16F7-4668-BE54-9A1E7A4F7556}") = "LYBT.Module.Prescriptions", "src\Server\Modules\LYBT.Module.Prescriptions\LYBT.Module.Prescriptions.csproj", "{BBBBBBBB-BBBB-BBBB-BBBB-BBBBBBBBBBBB}"
EndProject
Project("{9A19103F-16F7-4668-BE54-9A1E7A4F7556}") = "LYBT.Shared.Models", "src\Shared\LYBT.Shared.Models\LYBT.Shared.Models.csproj", "{CCCCCCCC-CCCC-CCCC-CCCC-CCCCCCCCCCCC}"
EndProject
Project("{9A19103F-16F7-4668-BE54-9A1E7A4F7556}") = "LYBT.Shared.Utilities", "src\Shared\LYBT.Shared.Utilities\LYBT.Shared.Utilities.csproj", "{DDDDDDDD-DDDD-DDDD-DDDD-DDDDDDDDDDDD}"
EndProject
Project("{2150E333-8FDC-42A3-9474-1A3956D46DE8}") = "tests", "tests", "{0AB3BF05-4346-4AA6-1389-037BE0695223}"
EndProject
Project("{2150E333-8FDC-42A3-9474-1A3956D46DE8}") = "Architecture", "Architecture", "{875CD587-DE2F-08EE-74FB-D6BE4E474EF3}"
EndProject
Project("{FAE04EC0-301F-11D3-BF4B-00C04F79EFBC}") = "LYBT.ArchTests", "tests\Architecture\LYBT.ArchTests.csproj", "{F40DBAFC-78EA-4C27-8270-60C4F5C5779A}"
EndProject
Project("{2150E333-8FDC-42A3-9474-1A3956D46DE8}") = "IntegrationTests", "IntegrationTests", "{30785934-E017-5D9F-2777-3D61460A5281}"
EndProject
Project("{2150E333-8FDC-42A3-9474-1A3956D46DE8}") = "WebAPI.IntegrationTests", "WebAPI.IntegrationTests", "{5D7E69B7-43D2-D4DA-24EF-3AEB6F01D601}"
EndProject
Project("{FAE04EC0-301F-11D3-BF4B-00C04F79EFBC}") = "LYBT.WebAPI.Tests", "tests\IntegrationTests\WebAPI.IntegrationTests\LYBT.WebAPI.Tests.csproj", "{EEEFFD34-5A1B-46DD-8746-D3206637A834}"
EndProject
Project("{2150E333-8FDC-42A3-9474-1A3956D46DE8}") = "TestUtilities", "TestUtilities", "{5AE74C93-C77D-2E46-0C76-328B2402E6C9}"
EndProject
Project("{2150E333-8FDC-42A3-9474-1A3956D46DE8}") = "TestDataFactory.UnitTests", "TestDataFactory.UnitTests", "{1D97E8BA-1CF6-5B0D-6A54-C90122F84BD0}"
EndProject
Project("{2150E333-8FDC-42A3-9474-1A3956D46DE8}") = "UltraThink", "UltraThink", "{B1BF515C-3B98-8C05-5C45-008C3970E72B}"
EndProject
Project("{2150E333-8FDC-42A3-9474-1A3956D46DE8}") = "TestInfrastructure", "TestInfrastructure", "{A465B45A-C360-D13B-28B6-0EA8F8B65822}"
EndProject
Project("{2150E333-8FDC-42A3-9474-1A3956D46DE8}") = "UnitTests", "UnitTests", "{394A81D9-3C45-9818-BB26-23F2B85056FF}"
EndProject
Project("{2150E333-8FDC-42A3-9474-1A3956D46DE8}") = "Core", "Core", "{8B1F8884-D601-33B8-9C3D-A212EA41A76B}"
EndProject
Project("{2150E333-8FDC-42A3-9474-1A3956D46DE8}") = "Core", "Core", "{30091FB0-A687-61D3-7100-E7E5237CDFDB}"
EndProject
Project("{2150E333-8FDC-42A3-9474-1A3956D46DE8}") = "Services", "Services", "{92EFFAD0-FA40-E6F9-BEA7-CD30717E7AFF}"
EndProject
Project("{2150E333-8FDC-42A3-9474-1A3956D46DE8}") = "Modules", "Modules", "{5BC54B74-14E1-CC35-1037-C089C5D3EC09}"
EndProject
Project("{2150E333-8FDC-42A3-9474-1A3956D46DE8}") = "Auth.UnitTests", "Auth.UnitTests", "{616B9518-FCB4-EB95-34E8-4F51EDA8DAB0}"
EndProject
Project("{FAE04EC0-301F-11D3-BF4B-00C04F79EFBC}") = "LYBT.Module.Auth.Tests", "tests\UnitTests\Modules\Auth.UnitTests\LYBT.Module.Auth.Tests.csproj", "{C1572DDA-C797-44A5-8E1B-7CA40D2131E2}"
EndProject
Project("{2150E333-8FDC-42A3-9474-1A3956D46DE8}") = "Consultation.UnitTests", "Consultation.UnitTests", "{4AEFD1F9-C807-7E63-643D-8DFC85A2BE30}"
EndProject
Project("{FAE04EC0-301F-11D3-BF4B-00C04F79EFBC}") = "LYBT.Module.Consultation.Tests", "tests\UnitTests\Modules\Consultation.UnitTests\LYBT.Module.Consultation.Tests.csproj", "{F70A2902-E5B3-43BC-8A2B-C3A74CC04450}"
EndProject
Project("{2150E333-8FDC-42A3-9474-1A3956D46DE8}") = "Formula.UnitTests", "Formula.UnitTests", "{E31C71C3-2B85-6618-208C-F2015DEA4DEC}"
EndProject
Project("{FAE04EC0-301F-11D3-BF4B-00C04F79EFBC}") = "LYBT.Module.Formula.Tests", "tests\UnitTests\Modules\Formula.UnitTests\LYBT.Module.Formula.Tests.csproj", "{63D1AA11-6F3C-4947-80A3-96916B479027}"
EndProject
Project("{2150E333-8FDC-42A3-9474-1A3956D46DE8}") = "Herbs.UnitTests", "Herbs.UnitTests", "{AB4CD49C-C5CE-DF89-F5E5-77FBF1EEC8F2}"
EndProject
Project("{FAE04EC0-301F-11D3-BF4B-00C04F79EFBC}") = "LYBT.Module.Herbs.Tests", "tests\UnitTests\Modules\Herbs.UnitTests\LYBT.Module.Herbs.Tests.csproj", "{ACBE0703-6383-44CE-A0BA-A9EAEC88B44B}"
EndProject
Project("{2150E333-8FDC-42A3-9474-1A3956D46DE8}") = "MedicalCase.UnitTests", "MedicalCase.UnitTests", "{2698828D-6057-CB52-A565-FE54C6E720CF}"
EndProject
Project("{FAE04EC0-301F-11D3-BF4B-00C04F79EFBC}") = "LYBT.Module.MedicalCase.Tests", "tests\UnitTests\Modules\MedicalCase.UnitTests\LYBT.Module.MedicalCase.Tests.csproj", "{34B324F6-BE29-481B-8563-0B2564337BC0}"
EndProject
Project("{2150E333-8FDC-42A3-9474-1A3956D46DE8}") = "Patients.UnitTests", "Patients.UnitTests", "{0F5B45BC-5A21-B58D-CB51-F5743476D124}"
EndProject
Project("{FAE04EC0-301F-11D3-BF4B-00C04F79EFBC}") = "LYBT.Module.Patients.Tests", "tests\UnitTests\Modules\Patients.UnitTests\LYBT.Module.Patients.Tests.csproj", "{BB3ACDAC-C72A-4558-BB64-68175AC71C09}"
EndProject
Project("{2150E333-8FDC-42A3-9474-1A3956D46DE8}") = "Prescriptions.UnitTests", "Prescriptions.UnitTests", "{5DDC5353-9BD9-5BCA-0D58-C53830B82062}"
EndProject
Project("{FAE04EC0-301F-11D3-BF4B-00C04F79EFBC}") = "LYBT.Module.Prescriptions.Tests", "tests\UnitTests\Modules\Prescriptions.UnitTests\LYBT.Module.Prescriptions.Tests.csproj", "{688F9F29-7F58-4D0A-96EB-A34B59DE37D7}"
EndProject
Project("{2150E333-8FDC-42A3-9474-1A3956D46DE8}") = "Users.UnitTests", "Users.UnitTests", "{2B1D5DF1-AB1B-20FF-B835-9CCB0008ECB5}"
EndProject
Project("{FAE04EC0-301F-11D3-BF4B-00C04F79EFBC}") = "LYBT.Module.Users.Tests", "tests\UnitTests\Modules\Users.UnitTests\LYBT.Module.Users.Tests.csproj", "{FA8D34F9-D22A-4FF2-B18A-2A80F5F280EB}"
EndProject
Project("{2150E333-8FDC-42A3-9474-1A3956D46DE8}") = "Shared.Models.UnitTests", "Shared.Models.UnitTests", "{A20BAE7C-BFBD-2DCD-3154-443057CA7E70}"
EndProject
Project("{FAE04EC0-301F-11D3-BF4B-00C04F79EFBC}") = "LYBT.Shared.Models.Tests", "tests\UnitTests\Shared.Models.UnitTests\LYBT.Shared.Models.Tests.csproj", "{7A939CAD-D30B-46CB-88FD-A2C0CA7A1633}"
EndProject
Global
	GlobalSection(SolutionConfigurationPlatforms) = preSolution
		Debug|Any CPU = Debug|Any CPU
		Debug|x64 = Debug|x64
		Debug|x86 = Debug|x86
		Release|Any CPU = Release|Any CPU
		Release|x64 = Release|x64
		Release|x86 = Release|x86
	EndGlobalSection
	GlobalSection(ProjectConfigurationPlatforms) = postSolution
		{11111111-1111-1111-1111-111111111111}.Debug|Any CPU.ActiveCfg = Debug|Any CPU
		{11111111-1111-1111-1111-111111111111}.Debug|Any CPU.Build.0 = Debug|Any CPU
		{11111111-1111-1111-1111-111111111111}.Debug|x64.ActiveCfg = Debug|Any CPU
		{11111111-1111-1111-1111-111111111111}.Debug|x64.Build.0 = Debug|Any CPU
		{11111111-1111-1111-1111-111111111111}.Debug|x86.ActiveCfg = Debug|Any CPU
		{11111111-1111-1111-1111-111111111111}.Debug|x86.Build.0 = Debug|Any CPU
		{11111111-1111-1111-1111-111111111111}.Release|Any CPU.ActiveCfg = Release|Any CPU
		{11111111-1111-1111-1111-111111111111}.Release|Any CPU.Build.0 = Release|Any CPU
		{11111111-1111-1111-1111-111111111111}.Release|x64.ActiveCfg = Release|Any CPU
		{11111111-1111-1111-1111-111111111111}.Release|x64.Build.0 = Release|Any CPU
		{11111111-1111-1111-1111-111111111111}.Release|x86.ActiveCfg = Release|Any CPU
		{11111111-1111-1111-1111-111111111111}.Release|x86.Build.0 = Release|Any CPU
		{22222222-2222-2222-2222-222222222222}.Debug|Any CPU.ActiveCfg = Debug|Any CPU
		{22222222-2222-2222-2222-222222222222}.Debug|Any CPU.Build.0 = Debug|Any CPU
		{22222222-2222-2222-2222-222222222222}.Debug|x64.ActiveCfg = Debug|Any CPU
		{22222222-2222-2222-2222-222222222222}.Debug|x64.Build.0 = Debug|Any CPU
		{22222222-2222-2222-2222-222222222222}.Debug|x86.ActiveCfg = Debug|Any CPU
		{22222222-2222-2222-2222-222222222222}.Debug|x86.Build.0 = Debug|Any CPU
		{22222222-2222-2222-2222-222222222222}.Release|Any CPU.ActiveCfg = Release|Any CPU
		{22222222-2222-2222-2222-222222222222}.Release|Any CPU.Build.0 = Release|Any CPU
		{22222222-2222-2222-2222-222222222222}.Release|x64.ActiveCfg = Release|Any CPU
		{22222222-2222-2222-2222-222222222222}.Release|x64.Build.0 = Release|Any CPU
		{22222222-2222-2222-2222-222222222222}.Release|x86.ActiveCfg = Release|Any CPU
		{22222222-2222-2222-2222-222222222222}.Release|x86.Build.0 = Release|Any CPU
		{33333333-3333-3333-3333-333333333333}.Debug|Any CPU.ActiveCfg = Debug|Any CPU
		{33333333-3333-3333-3333-333333333333}.Debug|Any CPU.Build.0 = Debug|Any CPU
		{33333333-3333-3333-3333-333333333333}.Debug|x64.ActiveCfg = Debug|Any CPU
		{33333333-3333-3333-3333-333333333333}.Debug|x64.Build.0 = Debug|Any CPU
		{33333333-3333-3333-3333-333333333333}.Debug|x86.ActiveCfg = Debug|Any CPU
		{33333333-3333-3333-3333-333333333333}.Debug|x86.Build.0 = Debug|Any CPU
		{33333333-3333-3333-3333-333333333333}.Release|Any CPU.ActiveCfg = Release|Any CPU
		{33333333-3333-3333-3333-333333333333}.Release|Any CPU.Build.0 = Release|Any CPU
		{33333333-3333-3333-3333-333333333333}.Release|x64.ActiveCfg = Release|Any CPU
		{33333333-3333-3333-3333-333333333333}.Release|x64.Build.0 = Release|Any CPU
		{33333333-3333-3333-3333-333333333333}.Release|x86.ActiveCfg = Release|Any CPU
		{33333333-3333-3333-3333-333333333333}.Release|x86.Build.0 = Release|Any CPU
		{44444444-4444-4444-4444-444444444444}.Debug|Any CPU.ActiveCfg = Debug|Any CPU
		{44444444-4444-4444-4444-444444444444}.Debug|Any CPU.Build.0 = Debug|Any CPU
		{44444444-4444-4444-4444-444444444444}.Debug|x64.ActiveCfg = Debug|Any CPU
		{44444444-4444-4444-4444-444444444444}.Debug|x64.Build.0 = Debug|Any CPU
		{44444444-4444-4444-4444-444444444444}.Debug|x86.ActiveCfg = Debug|Any CPU
		{44444444-4444-4444-4444-444444444444}.Debug|x86.Build.0 = Debug|Any CPU
		{44444444-4444-4444-4444-444444444444}.Release|Any CPU.ActiveCfg = Release|Any CPU
		{44444444-4444-4444-4444-444444444444}.Release|Any CPU.Build.0 = Release|Any CPU
		{44444444-4444-4444-4444-444444444444}.Release|x64.ActiveCfg = Release|Any CPU
		{44444444-4444-4444-4444-444444444444}.Release|x64.Build.0 = Release|Any CPU
		{44444444-4444-4444-4444-444444444444}.Release|x86.ActiveCfg = Release|Any CPU
		{44444444-4444-4444-4444-444444444444}.Release|x86.Build.0 = Release|Any CPU
		{55555555-5555-5555-5555-555555555555}.Debug|Any CPU.ActiveCfg = Debug|Any CPU
		{55555555-5555-5555-5555-555555555555}.Debug|Any CPU.Build.0 = Debug|Any CPU
		{55555555-5555-5555-5555-555555555555}.Debug|x64.ActiveCfg = Debug|Any CPU
		{55555555-5555-5555-5555-555555555555}.Debug|x64.Build.0 = Debug|Any CPU
		{55555555-5555-5555-5555-555555555555}.Debug|x86.ActiveCfg = Debug|Any CPU
		{55555555-5555-5555-5555-555555555555}.Debug|x86.Build.0 = Debug|Any CPU
		{55555555-5555-5555-5555-555555555555}.Release|Any CPU.ActiveCfg = Release|Any CPU
		{55555555-5555-5555-5555-555555555555}.Release|Any CPU.Build.0 = Release|Any CPU
		{55555555-5555-5555-5555-555555555555}.Release|x64.ActiveCfg = Release|Any CPU
		{55555555-5555-5555-5555-555555555555}.Release|x64.Build.0 = Release|Any CPU
		{55555555-5555-5555-5555-555555555555}.Release|x86.ActiveCfg = Release|Any CPU
		{55555555-5555-5555-5555-555555555555}.Release|x86.Build.0 = Release|Any CPU
		{66666666-6666-6666-6666-666666666666}.Debug|Any CPU.ActiveCfg = Debug|Any CPU
		{66666666-6666-6666-6666-666666666666}.Debug|Any CPU.Build.0 = Debug|Any CPU
		{66666666-6666-6666-6666-666666666666}.Debug|x64.ActiveCfg = Debug|Any CPU
		{66666666-6666-6666-6666-666666666666}.Debug|x64.Build.0 = Debug|Any CPU
		{66666666-6666-6666-6666-666666666666}.Debug|x86.ActiveCfg = Debug|Any CPU
		{66666666-6666-6666-6666-666666666666}.Debug|x86.Build.0 = Debug|Any CPU
		{66666666-6666-6666-6666-666666666666}.Release|Any CPU.ActiveCfg = Release|Any CPU
		{66666666-6666-6666-6666-666666666666}.Release|Any CPU.Build.0 = Release|Any CPU
		{66666666-6666-6666-6666-666666666666}.Release|x64.ActiveCfg = Release|Any CPU
		{66666666-6666-6666-6666-666666666666}.Release|x64.Build.0 = Release|Any CPU
		{66666666-6666-6666-6666-666666666666}.Release|x86.ActiveCfg = Release|Any CPU
		{66666666-6666-6666-6666-666666666666}.Release|x86.Build.0 = Release|Any CPU
		{77777777-7777-7777-7777-777777777777}.Debug|Any CPU.ActiveCfg = Debug|Any CPU
		{77777777-7777-7777-7777-777777777777}.Debug|Any CPU.Build.0 = Debug|Any CPU
		{77777777-7777-7777-7777-777777777777}.Debug|x64.ActiveCfg = Debug|Any CPU
		{77777777-7777-7777-7777-777777777777}.Debug|x64.Build.0 = Debug|Any CPU
		{77777777-7777-7777-7777-777777777777}.Debug|x86.ActiveCfg = Debug|Any CPU
		{77777777-7777-7777-7777-777777777777}.Debug|x86.Build.0 = Debug|Any CPU
		{77777777-7777-7777-7777-777777777777}.Release|Any CPU.ActiveCfg = Release|Any CPU
		{77777777-7777-7777-7777-777777777777}.Release|Any CPU.Build.0 = Release|Any CPU
		{77777777-7777-7777-7777-777777777777}.Release|x64.ActiveCfg = Release|Any CPU
		{77777777-7777-7777-7777-777777777777}.Release|x64.Build.0 = Release|Any CPU
		{77777777-7777-7777-7777-777777777777}.Release|x86.ActiveCfg = Release|Any CPU
		{77777777-7777-7777-7777-777777777777}.Release|x86.Build.0 = Release|Any CPU
		{88888888-8888-8888-8888-888888888888}.Debug|Any CPU.ActiveCfg = Debug|Any CPU
		{88888888-8888-8888-8888-888888888888}.Debug|Any CPU.Build.0 = Debug|Any CPU
		{88888888-8888-8888-8888-888888888888}.Debug|x64.ActiveCfg = Debug|Any CPU
		{88888888-8888-8888-8888-888888888888}.Debug|x64.Build.0 = Debug|Any CPU
		{88888888-8888-8888-8888-888888888888}.Debug|x86.ActiveCfg = Debug|Any CPU
		{88888888-8888-8888-8888-888888888888}.Debug|x86.Build.0 = Debug|Any CPU
		{88888888-8888-8888-8888-888888888888}.Release|Any CPU.ActiveCfg = Release|Any CPU
		{88888888-8888-8888-8888-888888888888}.Release|Any CPU.Build.0 = Release|Any CPU
		{88888888-8888-8888-8888-888888888888}.Release|x64.ActiveCfg = Release|Any CPU
		{88888888-8888-8888-8888-888888888888}.Release|x64.Build.0 = Release|Any CPU
		{88888888-8888-8888-8888-888888888888}.Release|x86.ActiveCfg = Release|Any CPU
		{88888888-8888-8888-8888-888888888888}.Release|x86.Build.0 = Release|Any CPU
		{99999999-9999-9999-9999-999999999999}.Debug|Any CPU.ActiveCfg = Debug|Any CPU
		{99999999-9999-9999-9999-999999999999}.Debug|Any CPU.Build.0 = Debug|Any CPU
		{99999999-9999-9999-9999-999999999999}.Debug|x64.ActiveCfg = Debug|Any CPU
		{99999999-9999-9999-9999-999999999999}.Debug|x64.Build.0 = Debug|Any CPU
		{99999999-9999-9999-9999-999999999999}.Debug|x86.ActiveCfg = Debug|Any CPU
		{99999999-9999-9999-9999-999999999999}.Debug|x86.Build.0 = Debug|Any CPU
		{99999999-9999-9999-9999-999999999999}.Release|Any CPU.ActiveCfg = Release|Any CPU
		{99999999-9999-9999-9999-999999999999}.Release|Any CPU.Build.0 = Release|Any CPU
		{99999999-9999-9999-9999-999999999999}.Release|x64.ActiveCfg = Release|Any CPU
		{99999999-9999-9999-9999-999999999999}.Release|x64.Build.0 = Release|Any CPU
		{99999999-9999-9999-9999-999999999999}.Release|x86.ActiveCfg = Release|Any CPU
		{99999999-9999-9999-9999-999999999999}.Release|x86.Build.0 = Release|Any CPU
		{AAAAAAAA-AAAA-AAAA-AAAA-AAAAAAAAAAAA}.Debug|Any CPU.ActiveCfg = Debug|Any CPU
		{AAAAAAAA-AAAA-AAAA-AAAA-AAAAAAAAAAAA}.Debug|Any CPU.Build.0 = Debug|Any CPU
		{AAAAAAAA-AAAA-AAAA-AAAA-AAAAAAAAAAAA}.Debug|x64.ActiveCfg = Debug|Any CPU
		{AAAAAAAA-AAAA-AAAA-AAAA-AAAAAAAAAAAA}.Debug|x64.Build.0 = Debug|Any CPU
		{AAAAAAAA-AAAA-AAAA-AAAA-AAAAAAAAAAAA}.Debug|x86.ActiveCfg = Debug|Any CPU
		{AAAAAAAA-AAAA-AAAA-AAAA-AAAAAAAAAAAA}.Debug|x86.Build.0 = Debug|Any CPU
		{AAAAAAAA-AAAA-AAAA-AAAA-AAAAAAAAAAAA}.Release|Any CPU.ActiveCfg = Release|Any CPU
		{AAAAAAAA-AAAA-AAAA-AAAA-AAAAAAAAAAAA}.Release|Any CPU.Build.0 = Release|Any CPU
		{AAAAAAAA-AAAA-AAAA-AAAA-AAAAAAAAAAAA}.Release|x64.ActiveCfg = Release|Any CPU
		{AAAAAAAA-AAAA-AAAA-AAAA-AAAAAAAAAAAA}.Release|x64.Build.0 = Release|Any CPU
		{AAAAAAAA-AAAA-AAAA-AAAA-AAAAAAAAAAAA}.Release|x86.ActiveCfg = Release|Any CPU
		{AAAAAAAA-AAAA-AAAA-AAAA-AAAAAAAAAAAA}.Release|x86.Build.0 = Release|Any CPU
		{BBBBBBBB-BBBB-BBBB-BBBB-BBBBBBBBBBBB}.Debug|Any CPU.ActiveCfg = Debug|Any CPU
		{BBBBBBBB-BBBB-BBBB-BBBB-BBBBBBBBBBBB}.Debug|Any CPU.Build.0 = Debug|Any CPU
		{BBBBBBBB-BBBB-BBBB-BBBB-BBBBBBBBBBBB}.Debug|x64.ActiveCfg = Debug|Any CPU
		{BBBBBBBB-BBBB-BBBB-BBBB-BBBBBBBBBBBB}.Debug|x64.Build.0 = Debug|Any CPU
		{BBBBBBBB-BBBB-BBBB-BBBB-BBBBBBBBBBBB}.Debug|x86.ActiveCfg = Debug|Any CPU
		{BBBBBBBB-BBBB-BBBB-BBBB-BBBBBBBBBBBB}.Debug|x86.Build.0 = Debug|Any CPU
		{BBBBBBBB-BBBB-BBBB-BBBB-BBBBBBBBBBBB}.Release|Any CPU.ActiveCfg = Release|Any CPU
		{BBBBBBBB-BBBB-BBBB-BBBB-BBBBBBBBBBBB}.Release|Any CPU.Build.0 = Release|Any CPU
		{BBBBBBBB-BBBB-BBBB-BBBB-BBBBBBBBBBBB}.Release|x64.ActiveCfg = Release|Any CPU
		{BBBBBBBB-BBBB-BBBB-BBBB-BBBBBBBBBBBB}.Release|x64.Build.0 = Release|Any CPU
		{BBBBBBBB-BBBB-BBBB-BBBB-BBBBBBBBBBBB}.Release|x86.ActiveCfg = Release|Any CPU
		{BBBBBBBB-BBBB-BBBB-BBBB-BBBBBBBBBBBB}.Release|x86.Build.0 = Release|Any CPU
		{CCCCCCCC-CCCC-CCCC-CCCC-CCCCCCCCCCCC}.Debug|Any CPU.ActiveCfg = Debug|Any CPU
		{CCCCCCCC-CCCC-CCCC-CCCC-CCCCCCCCCCCC}.Debug|Any CPU.Build.0 = Debug|Any CPU
		{CCCCCCCC-CCCC-CCCC-CCCC-CCCCCCCCCCCC}.Debug|x64.ActiveCfg = Debug|Any CPU
		{CCCCCCCC-CCCC-CCCC-CCCC-CCCCCCCCCCCC}.Debug|x64.Build.0 = Debug|Any CPU
		{CCCCCCCC-CCCC-CCCC-CCCC-CCCCCCCCCCCC}.Debug|x86.ActiveCfg = Debug|Any CPU
		{CCCCCCCC-CCCC-CCCC-CCCC-CCCCCCCCCCCC}.Debug|x86.Build.0 = Debug|Any CPU
		{CCCCCCCC-CCCC-CCCC-CCCC-CCCCCCCCCCCC}.Release|Any CPU.ActiveCfg = Release|Any CPU
		{CCCCCCCC-CCCC-CCCC-CCCC-CCCCCCCCCCCC}.Release|Any CPU.Build.0 = Release|Any CPU
		{CCCCCCCC-CCCC-CCCC-CCCC-CCCCCCCCCCCC}.Release|x64.ActiveCfg = Release|Any CPU
		{CCCCCCCC-CCCC-CCCC-CCCC-CCCCCCCCCCCC}.Release|x64.Build.0 = Release|Any CPU
		{CCCCCCCC-CCCC-CCCC-CCCC-CCCCCCCCCCCC}.Release|x86.ActiveCfg = Release|Any CPU
		{CCCCCCCC-CCCC-CCCC-CCCC-CCCCCCCCCCCC}.Release|x86.Build.0 = Release|Any CPU
		{DDDDDDDD-DDDD-DDDD-DDDD-DDDDDDDDDDDD}.Debug|Any CPU.ActiveCfg = Debug|Any CPU
		{DDDDDDDD-DDDD-DDDD-DDDD-DDDDDDDDDDDD}.Debug|Any CPU.Build.0 = Debug|Any CPU
		{DDDDDDDD-DDDD-DDDD-DDDD-DDDDDDDDDDDD}.Debug|x64.ActiveCfg = Debug|Any CPU
		{DDDDDDDD-DDDD-DDDD-DDDD-DDDDDDDDDDDD}.Debug|x64.Build.0 = Debug|Any CPU
		{DDDDDDDD-DDDD-DDDD-DDDD-DDDDDDDDDDDD}.Debug|x86.ActiveCfg = Debug|Any CPU
		{DDDDDDDD-DDDD-DDDD-DDDD-DDDDDDDDDDDD}.Debug|x86.Build.0 = Debug|Any CPU
		{DDDDDDDD-DDDD-DDDD-DDDD-DDDDDDDDDDDD}.Release|Any CPU.ActiveCfg = Release|Any CPU
		{DDDDDDDD-DDDD-DDDD-DDDD-DDDDDDDDDDDD}.Release|Any CPU.Build.0 = Release|Any CPU
		{DDDDDDDD-DDDD-DDDD-DDDD-DDDDDDDDDDDD}.Release|x64.ActiveCfg = Release|Any CPU
		{DDDDDDDD-DDDD-DDDD-DDDD-DDDDDDDDDDDD}.Release|x64.Build.0 = Release|Any CPU
		{DDDDDDDD-DDDD-DDDD-DDDD-DDDDDDDDDDDD}.Release|x86.ActiveCfg = Release|Any CPU
		{DDDDDDDD-DDDD-DDDD-DDDD-DDDDDDDDDDDD}.Release|x86.Build.0 = Release|Any CPU
		{F40DBAFC-78EA-4C27-8270-60C4F5C5779A}.Debug|Any CPU.ActiveCfg = Debug|Any CPU
		{F40DBAFC-78EA-4C27-8270-60C4F5C5779A}.Debug|Any CPU.Build.0 = Debug|Any CPU
		{F40DBAFC-78EA-4C27-8270-60C4F5C5779A}.Debug|x64.ActiveCfg = Debug|Any CPU
		{F40DBAFC-78EA-4C27-8270-60C4F5C5779A}.Debug|x64.Build.0 = Debug|Any CPU
		{F40DBAFC-78EA-4C27-8270-60C4F5C5779A}.Debug|x86.ActiveCfg = Debug|Any CPU
		{F40DBAFC-78EA-4C27-8270-60C4F5C5779A}.Debug|x86.Build.0 = Debug|Any CPU
		{F40DBAFC-78EA-4C27-8270-60C4F5C5779A}.Release|Any CPU.ActiveCfg = Release|Any CPU
		{F40DBAFC-78EA-4C27-8270-60C4F5C5779A}.Release|Any CPU.Build.0 = Release|Any CPU
		{F40DBAFC-78EA-4C27-8270-60C4F5C5779A}.Release|x64.ActiveCfg = Release|Any CPU
		{F40DBAFC-78EA-4C27-8270-60C4F5C5779A}.Release|x64.Build.0 = Release|Any CPU
		{F40DBAFC-78EA-4C27-8270-60C4F5C5779A}.Release|x86.ActiveCfg = Release|Any CPU
		{F40DBAFC-78EA-4C27-8270-60C4F5C5779A}.Release|x86.Build.0 = Release|Any CPU
		{EEEFFD34-5A1B-46DD-8746-D3206637A834}.Debug|Any CPU.ActiveCfg = Debug|Any CPU
		{EEEFFD34-5A1B-46DD-8746-D3206637A834}.Debug|Any CPU.Build.0 = Debug|Any CPU
		{EEEFFD34-5A1B-46DD-8746-D3206637A834}.Debug|x64.ActiveCfg = Debug|Any CPU
		{EEEFFD34-5A1B-46DD-8746-D3206637A834}.Debug|x64.Build.0 = Debug|Any CPU
		{EEEFFD34-5A1B-46DD-8746-D3206637A834}.Debug|x86.ActiveCfg = Debug|Any CPU
		{EEEFFD34-5A1B-46DD-8746-D3206637A834}.Debug|x86.Build.0 = Debug|Any CPU
		{EEEFFD34-5A1B-46DD-8746-D3206637A834}.Release|Any CPU.ActiveCfg = Release|Any CPU
		{EEEFFD34-5A1B-46DD-8746-D3206637A834}.Release|Any CPU.Build.0 = Release|Any CPU
		{EEEFFD34-5A1B-46DD-8746-D3206637A834}.Release|x64.ActiveCfg = Release|Any CPU
		{EEEFFD34-5A1B-46DD-8746-D3206637A834}.Release|x64.Build.0 = Release|Any CPU
		{EEEFFD34-5A1B-46DD-8746-D3206637A834}.Release|x86.ActiveCfg = Release|Any CPU
		{EEEFFD34-5A1B-46DD-8746-D3206637A834}.Release|x86.Build.0 = Release|Any CPU
		{C1572DDA-C797-44A5-8E1B-7CA40D2131E2}.Debug|Any CPU.ActiveCfg = Debug|Any CPU
		{C1572DDA-C797-44A5-8E1B-7CA40D2131E2}.Debug|Any CPU.Build.0 = Debug|Any CPU
		{C1572DDA-C797-44A5-8E1B-7CA40D2131E2}.Debug|x64.ActiveCfg = Debug|Any CPU
		{C1572DDA-C797-44A5-8E1B-7CA40D2131E2}.Debug|x64.Build.0 = Debug|Any CPU
		{C1572DDA-C797-44A5-8E1B-7CA40D2131E2}.Debug|x86.ActiveCfg = Debug|Any CPU
		{C1572DDA-C797-44A5-8E1B-7CA40D2131E2}.Debug|x86.Build.0 = Debug|Any CPU
		{C1572DDA-C797-44A5-8E1B-7CA40D2131E2}.Release|Any CPU.ActiveCfg = Release|Any CPU
		{C1572DDA-C797-44A5-8E1B-7CA40D2131E2}.Release|Any CPU.Build.0 = Release|Any CPU
		{C1572DDA-C797-44A5-8E1B-7CA40D2131E2}.Release|x64.ActiveCfg = Release|Any CPU
		{C1572DDA-C797-44A5-8E1B-7CA40D2131E2}.Release|x64.Build.0 = Release|Any CPU
		{C1572DDA-C797-44A5-8E1B-7CA40D2131E2}.Release|x86.ActiveCfg = Release|Any CPU
		{C1572DDA-C797-44A5-8E1B-7CA40D2131E2}.Release|x86.Build.0 = Release|Any CPU
		{F70A2902-E5B3-43BC-8A2B-C3A74CC04450}.Debug|Any CPU.ActiveCfg = Debug|Any CPU
		{F70A2902-E5B3-43BC-8A2B-C3A74CC04450}.Debug|Any CPU.Build.0 = Debug|Any CPU
		{F70A2902-E5B3-43BC-8A2B-C3A74CC04450}.Debug|x64.ActiveCfg = Debug|Any CPU
		{F70A2902-E5B3-43BC-8A2B-C3A74CC04450}.Debug|x64.Build.0 = Debug|Any CPU
		{F70A2902-E5B3-43BC-8A2B-C3A74CC04450}.Debug|x86.ActiveCfg = Debug|Any CPU
		{F70A2902-E5B3-43BC-8A2B-C3A74CC04450}.Debug|x86.Build.0 = Debug|Any CPU
		{F70A2902-E5B3-43BC-8A2B-C3A74CC04450}.Release|Any CPU.ActiveCfg = Release|Any CPU
		{F70A2902-E5B3-43BC-8A2B-C3A74CC04450}.Release|Any CPU.Build.0 = Release|Any CPU
		{F70A2902-E5B3-43BC-8A2B-C3A74CC04450}.Release|x64.ActiveCfg = Release|Any CPU
		{F70A2902-E5B3-43BC-8A2B-C3A74CC04450}.Release|x64.Build.0 = Release|Any CPU
		{F70A2902-E5B3-43BC-8A2B-C3A74CC04450}.Release|x86.ActiveCfg = Release|Any CPU
		{F70A2902-E5B3-43BC-8A2B-C3A74CC04450}.Release|x86.Build.0 = Release|Any CPU
		{63D1AA11-6F3C-4947-80A3-96916B479027}.Debug|Any CPU.ActiveCfg = Debug|Any CPU
		{63D1AA11-6F3C-4947-80A3-96916B479027}.Debug|Any CPU.Build.0 = Debug|Any CPU
		{63D1AA11-6F3C-4947-80A3-96916B479027}.Debug|x64.ActiveCfg = Debug|Any CPU
		{63D1AA11-6F3C-4947-80A3-96916B479027}.Debug|x64.Build.0 = Debug|Any CPU
		{63D1AA11-6F3C-4947-80A3-96916B479027}.Debug|x86.ActiveCfg = Debug|Any CPU
		{63D1AA11-6F3C-4947-80A3-96916B479027}.Debug|x86.Build.0 = Debug|Any CPU
		{63D1AA11-6F3C-4947-80A3-96916B479027}.Release|Any CPU.ActiveCfg = Release|Any CPU
		{63D1AA11-6F3C-4947-80A3-96916B479027}.Release|Any CPU.Build.0 = Release|Any CPU
		{63D1AA11-6F3C-4947-80A3-96916B479027}.Release|x64.ActiveCfg = Release|Any CPU
		{63D1AA11-6F3C-4947-80A3-96916B479027}.Release|x64.Build.0 = Release|Any CPU
		{63D1AA11-6F3C-4947-80A3-96916B479027}.Release|x86.ActiveCfg = Release|Any CPU
		{63D1AA11-6F3C-4947-80A3-96916B479027}.Release|x86.Build.0 = Release|Any CPU
		{ACBE0703-6383-44CE-A0BA-A9EAEC88B44B}.Debug|Any CPU.ActiveCfg = Debug|Any CPU
		{ACBE0703-6383-44CE-A0BA-A9EAEC88B44B}.Debug|Any CPU.Build.0 = Debug|Any CPU
		{ACBE0703-6383-44CE-A0BA-A9EAEC88B44B}.Debug|x64.ActiveCfg = Debug|Any CPU
		{ACBE0703-6383-44CE-A0BA-A9EAEC88B44B}.Debug|x64.Build.0 = Debug|Any CPU
		{ACBE0703-6383-44CE-A0BA-A9EAEC88B44B}.Debug|x86.ActiveCfg = Debug|Any CPU
		{ACBE0703-6383-44CE-A0BA-A9EAEC88B44B}.Debug|x86.Build.0 = Debug|Any CPU
		{ACBE0703-6383-44CE-A0BA-A9EAEC88B44B}.Release|Any CPU.ActiveCfg = Release|Any CPU
		{ACBE0703-6383-44CE-A0BA-A9EAEC88B44B}.Release|Any CPU.Build.0 = Release|Any CPU
		{ACBE0703-6383-44CE-A0BA-A9EAEC88B44B}.Release|x64.ActiveCfg = Release|Any CPU
		{ACBE0703-6383-44CE-A0BA-A9EAEC88B44B}.Release|x64.Build.0 = Release|Any CPU
		{ACBE0703-6383-44CE-A0BA-A9EAEC88B44B}.Release|x86.ActiveCfg = Release|Any CPU
		{ACBE0703-6383-44CE-A0BA-A9EAEC88B44B}.Release|x86.Build.0 = Release|Any CPU
		{34B324F6-BE29-481B-8563-0B2564337BC0}.Debug|Any CPU.ActiveCfg = Debug|Any CPU
		{34B324F6-BE29-481B-8563-0B2564337BC0}.Debug|Any CPU.Build.0 = Debug|Any CPU
		{34B324F6-BE29-481B-8563-0B2564337BC0}.Debug|x64.ActiveCfg = Debug|Any CPU
		{34B324F6-BE29-481B-8563-0B2564337BC0}.Debug|x64.Build.0 = Debug|Any CPU
		{34B324F6-BE29-481B-8563-0B2564337BC0}.Debug|x86.ActiveCfg = Debug|Any CPU
		{34B324F6-BE29-481B-8563-0B2564337BC0}.Debug|x86.Build.0 = Debug|Any CPU
		{34B324F6-BE29-481B-8563-0B2564337BC0}.Release|Any CPU.ActiveCfg = Release|Any CPU
		{34B324F6-BE29-481B-8563-0B2564337BC0}.Release|Any CPU.Build.0 = Release|Any CPU
		{34B324F6-BE29-481B-8563-0B2564337BC0}.Release|x64.ActiveCfg = Release|Any CPU
		{34B324F6-BE29-481B-8563-0B2564337BC0}.Release|x64.Build.0 = Release|Any CPU
		{34B324F6-BE29-481B-8563-0B2564337BC0}.Release|x86.ActiveCfg = Release|Any CPU
		{34B324F6-BE29-481B-8563-0B2564337BC0}.Release|x86.Build.0 = Release|Any CPU
		{BB3ACDAC-C72A-4558-BB64-68175AC71C09}.Debug|Any CPU.ActiveCfg = Debug|Any CPU
		{BB3ACDAC-C72A-4558-BB64-68175AC71C09}.Debug|Any CPU.Build.0 = Debug|Any CPU
		{BB3ACDAC-C72A-4558-BB64-68175AC71C09}.Debug|x64.ActiveCfg = Debug|Any CPU
		{BB3ACDAC-C72A-4558-BB64-68175AC71C09}.Debug|x64.Build.0 = Debug|Any CPU
		{BB3ACDAC-C72A-4558-BB64-68175AC71C09}.Debug|x86.ActiveCfg = Debug|Any CPU
		{BB3ACDAC-C72A-4558-BB64-68175AC71C09}.Debug|x86.Build.0 = Debug|Any CPU
		{BB3ACDAC-C72A-4558-BB64-68175AC71C09}.Release|Any CPU.ActiveCfg = Release|Any CPU
		{BB3ACDAC-C72A-4558-BB64-68175AC71C09}.Release|Any CPU.Build.0 = Release|Any CPU
		{BB3ACDAC-C72A-4558-BB64-68175AC71C09}.Release|x64.ActiveCfg = Release|Any CPU
		{BB3ACDAC-C72A-4558-BB64-68175AC71C09}.Release|x64.Build.0 = Release|Any CPU
		{BB3ACDAC-C72A-4558-BB64-68175AC71C09}.Release|x86.ActiveCfg = Release|Any CPU
		{BB3ACDAC-C72A-4558-BB64-68175AC71C09}.Release|x86.Build.0 = Release|Any CPU
		{688F9F29-7F58-4D0A-96EB-A34B59DE37D7}.Debug|Any CPU.ActiveCfg = Debug|Any CPU
		{688F9F29-7F58-4D0A-96EB-A34B59DE37D7}.Debug|Any CPU.Build.0 = Debug|Any CPU
		{688F9F29-7F58-4D0A-96EB-A34B59DE37D7}.Debug|x64.ActiveCfg = Debug|Any CPU
		{688F9F29-7F58-4D0A-96EB-A34B59DE37D7}.Debug|x64.Build.0 = Debug|Any CPU
		{688F9F29-7F58-4D0A-96EB-A34B59DE37D7}.Debug|x86.ActiveCfg = Debug|Any CPU
		{688F9F29-7F58-4D0A-96EB-A34B59DE37D7}.Debug|x86.Build.0 = Debug|Any CPU
		{688F9F29-7F58-4D0A-96EB-A34B59DE37D7}.Release|Any CPU.ActiveCfg = Release|Any CPU
		{688F9F29-7F58-4D0A-96EB-A34B59DE37D7}.Release|Any CPU.Build.0 = Release|Any CPU
		{688F9F29-7F58-4D0A-96EB-A34B59DE37D7}.Release|x64.ActiveCfg = Release|Any CPU
		{688F9F29-7F58-4D0A-96EB-A34B59DE37D7}.Release|x64.Build.0 = Release|Any CPU
		{688F9F29-7F58-4D0A-96EB-A34B59DE37D7}.Release|x86.ActiveCfg = Release|Any CPU
		{688F9F29-7F58-4D0A-96EB-A34B59DE37D7}.Release|x86.Build.0 = Release|Any CPU
		{FA8D34F9-D22A-4FF2-B18A-2A80F5F280EB}.Debug|Any CPU.ActiveCfg = Debug|Any CPU
		{FA8D34F9-D22A-4FF2-B18A-2A80F5F280EB}.Debug|Any CPU.Build.0 = Debug|Any CPU
		{FA8D34F9-D22A-4FF2-B18A-2A80F5F280EB}.Debug|x64.ActiveCfg = Debug|Any CPU
		{FA8D34F9-D22A-4FF2-B18A-2A80F5F280EB}.Debug|x64.Build.0 = Debug|Any CPU
		{FA8D34F9-D22A-4FF2-B18A-2A80F5F280EB}.Debug|x86.ActiveCfg = Debug|Any CPU
		{FA8D34F9-D22A-4FF2-B18A-2A80F5F280EB}.Debug|x86.Build.0 = Debug|Any CPU
		{FA8D34F9-D22A-4FF2-B18A-2A80F5F280EB}.Release|Any CPU.ActiveCfg = Release|Any CPU
		{FA8D34F9-D22A-4FF2-B18A-2A80F5F280EB}.Release|Any CPU.Build.0 = Release|Any CPU
		{FA8D34F9-D22A-4FF2-B18A-2A80F5F280EB}.Release|x64.ActiveCfg = Release|Any CPU
		{FA8D34F9-D22A-4FF2-B18A-2A80F5F280EB}.Release|x64.Build.0 = Release|Any CPU
		{FA8D34F9-D22A-4FF2-B18A-2A80F5F280EB}.Release|x86.ActiveCfg = Release|Any CPU
		{FA8D34F9-D22A-4FF2-B18A-2A80F5F280EB}.Release|x86.Build.0 = Release|Any CPU
		{7A939CAD-D30B-46CB-88FD-A2C0CA7A1633}.Debug|Any CPU.ActiveCfg = Debug|Any CPU
		{7A939CAD-D30B-46CB-88FD-A2C0CA7A1633}.Debug|Any CPU.Build.0 = Debug|Any CPU
		{7A939CAD-D30B-46CB-88FD-A2C0CA7A1633}.Debug|x64.ActiveCfg = Debug|Any CPU
		{7A939CAD-D30B-46CB-88FD-A2C0CA7A1633}.Debug|x64.Build.0 = Debug|Any CPU
		{7A939CAD-D30B-46CB-88FD-A2C0CA7A1633}.Debug|x86.ActiveCfg = Debug|Any CPU
		{7A939CAD-D30B-46CB-88FD-A2C0CA7A1633}.Debug|x86.Build.0 = Debug|Any CPU
		{7A939CAD-D30B-46CB-88FD-A2C0CA7A1633}.Release|Any CPU.ActiveCfg = Release|Any CPU
		{7A939CAD-D30B-46CB-88FD-A2C0CA7A1633}.Release|Any CPU.Build.0 = Release|Any CPU
		{7A939CAD-D30B-46CB-88FD-A2C0CA7A1633}.Release|x64.ActiveCfg = Release|Any CPU
		{7A939CAD-D30B-46CB-88FD-A2C0CA7A1633}.Release|x64.Build.0 = Release|Any CPU
		{7A939CAD-D30B-46CB-88FD-A2C0CA7A1633}.Release|x86.ActiveCfg = Release|Any CPU
		{7A939CAD-D30B-46CB-88FD-A2C0CA7A1633}.Release|x86.Build.0 = Release|Any CPU
	EndGlobalSection
	GlobalSection(SolutionProperties) = preSolution
		HideSolutionNode = FALSE
	EndGlobalSection
	GlobalSection(NestedProjects) = preSolution
		{11111111-1111-1111-1111-111111111111} = {A1234567-BCDE-1234-1234-123456789010}
		{22222222-2222-2222-2222-222222222222} = {A1234567-BCDE-1234-1234-123456789010}
		{33333333-3333-3333-3333-333333333333} = {C1234567-BCDE-1234-1234-123456789030}
		{44444444-4444-4444-4444-444444444444} = {B1234567-BCDE-1234-1234-123456789020}
		{55555555-5555-5555-5555-555555555555} = {B1234567-BCDE-1234-1234-123456789020}
		{66666666-6666-6666-6666-666666666666} = {B1234567-BCDE-1234-1234-123456789020}
		{77777777-7777-7777-7777-777777777777} = {B1234567-BCDE-1234-1234-123456789020}
		{88888888-8888-8888-8888-888888888888} = {B1234567-BCDE-1234-1234-123456789020}
		{99999999-9999-9999-9999-999999999999} = {B1234567-BCDE-1234-1234-123456789020}
		{AAAAAAAA-AAAA-AAAA-AAAA-AAAAAAAAAAAA} = {B1234567-BCDE-1234-1234-123456789020}
		{BBBBBBBB-BBBB-BBBB-BBBB-BBBBBBBBBBBB} = {B1234567-BCDE-1234-1234-123456789020}
		{CCCCCCCC-CCCC-CCCC-CCCC-CCCCCCCCCCCC} = {D1234567-BCDE-1234-1234-123456789040}
		{DDDDDDDD-DDDD-DDDD-DDDD-DDDDDDDDDDDD} = {D1234567-BCDE-1234-1234-123456789040}
		{875CD587-DE2F-08EE-74FB-D6BE4E474EF3} = {0AB3BF05-4346-4AA6-1389-037BE0695223}
		{F40DBAFC-78EA-4C27-8270-60C4F5C5779A} = {875CD587-DE2F-08EE-74FB-D6BE4E474EF3}
		{30785934-E017-5D9F-2777-3D61460A5281} = {0AB3BF05-4346-4AA6-1389-037BE0695223}
		{5D7E69B7-43D2-D4DA-24EF-3AEB6F01D601} = {30785934-E017-5D9F-2777-3D61460A5281}
		{EEEFFD34-5A1B-46DD-8746-D3206637A834} = {5D7E69B7-43D2-D4DA-24EF-3AEB6F01D601}
		{5AE74C93-C77D-2E46-0C76-328B2402E6C9} = {0AB3BF05-4346-4AA6-1389-037BE0695223}
		{1D97E8BA-1CF6-5B0D-6A54-C90122F84BD0} = {5AE74C93-C77D-2E46-0C76-328B2402E6C9}
		{B1BF515C-3B98-8C05-5C45-008C3970E72B} = {0AB3BF05-4346-4AA6-1389-037BE0695223}
		{A465B45A-C360-D13B-28B6-0EA8F8B65822} = {B1BF515C-3B98-8C05-5C45-008C3970E72B}
		{394A81D9-3C45-9818-BB26-23F2B85056FF} = {0AB3BF05-4346-4AA6-1389-037BE0695223}
		{8B1F8884-D601-33B8-9C3D-A212EA41A76B} = {394A81D9-3C45-9818-BB26-23F2B85056FF}
		{30091FB0-A687-61D3-7100-E7E5237CDFDB} = {8B1F8884-D601-33B8-9C3D-A212EA41A76B}
		{92EFFAD0-FA40-E6F9-BEA7-CD30717E7AFF} = {30091FB0-A687-61D3-7100-E7E5237CDFDB}
		{5BC54B74-14E1-CC35-1037-C089C5D3EC09} = {394A81D9-3C45-9818-BB26-23F2B85056FF}
		{616B9518-FCB4-EB95-34E8-4F51EDA8DAB0} = {5BC54B74-14E1-CC35-1037-C089C5D3EC09}
		{C1572DDA-C797-44A5-8E1B-7CA40D2131E2} = {616B9518-FCB4-EB95-34E8-4F51EDA8DAB0}
		{4AEFD1F9-C807-7E63-643D-8DFC85A2BE30} = {5BC54B74-14E1-CC35-1037-C089C5D3EC09}
		{F70A2902-E5B3-43BC-8A2B-C3A74CC04450} = {4AEFD1F9-C807-7E63-643D-8DFC85A2BE30}
		{E31C71C3-2B85-6618-208C-F2015DEA4DEC} = {5BC54B74-14E1-CC35-1037-C089C5D3EC09}
		{63D1AA11-6F3C-4947-80A3-96916B479027} = {E31C71C3-2B85-6618-208C-F2015DEA4DEC}
		{AB4CD49C-C5CE-DF89-F5E5-77FBF1EEC8F2} = {5BC54B74-14E1-CC35-1037-C089C5D3EC09}
		{ACBE0703-6383-44CE-A0BA-A9EAEC88B44B} = {AB4CD49C-C5CE-DF89-F5E5-77FBF1EEC8F2}
		{2698828D-6057-CB52-A565-FE54C6E720CF} = {5BC54B74-14E1-CC35-1037-C089C5D3EC09}
		{34B324F6-BE29-481B-8563-0B2564337BC0} = {2698828D-6057-CB52-A565-FE54C6E720CF}
		{0F5B45BC-5A21-B58D-CB51-F5743476D124} = {5BC54B74-14E1-CC35-1037-C089C5D3EC09}
		{BB3ACDAC-C72A-4558-BB64-68175AC71C09} = {0F5B45BC-5A21-B58D-CB51-F5743476D124}
		{5DDC5353-9BD9-5BCA-0D58-C53830B82062} = {5BC54B74-14E1-CC35-1037-C089C5D3EC09}
		{688F9F29-7F58-4D0A-96EB-A34B59DE37D7} = {5DDC5353-9BD9-5BCA-0D58-C53830B82062}
		{2B1D5DF1-AB1B-20FF-B835-9CCB0008ECB5} = {5BC54B74-14E1-CC35-1037-C089C5D3EC09}
		{FA8D34F9-D22A-4FF2-B18A-2A80F5F280EB} = {2B1D5DF1-AB1B-20FF-B835-9CCB0008ECB5}
		{A20BAE7C-BFBD-2DCD-3154-443057CA7E70} = {394A81D9-3C45-9818-BB26-23F2B85056FF}
		{7A939CAD-D30B-46CB-88FD-A2C0CA7A1633} = {A20BAE7C-BFBD-2DCD-3154-443057CA7E70}
	EndGlobalSection
	GlobalSection(ExtensibilityGlobals) = postSolution
		SolutionGuid = {E1234567-BCDE-1234-1234-123456789000}
	EndGlobalSection
EndGlobal
