
Microsoft Visual Studio Solution File, Format Version 12.00
# Visual Studio Version 17
VisualStudioVersion = 17.0.31903.59
MinimumVisualStudioVersion = 10.0.40219.1
Project("{2150E333-8FDC-42A3-9474-1A3956D46DE8}") = "src", "src", "{827E0CD3-B72D-47B6-A68D-7590B98EB39B}"
EndProject
Project("{2150E333-8FDC-42A3-9474-1A3956D46DE8}") = "Client", "Client", "{C5A3B5EA-BE9F-76E5-E9B8-8A22B289B295}"
EndProject
Project("{2150E333-8FDC-42A3-9474-1A3956D46DE8}") = "Desktop", "Desktop", "{41C4E480-1646-14F6-B3D3-BC767D34CE4E}"
EndProject
Project("{2150E333-8FDC-42A3-9474-1A3956D46DE8}") = "Core", "Core", "{190261C8-9A6C-31BD-C0B9-DAAA9170F8C4}"
EndProject
Project("{9A19103F-16F7-4668-BE54-9A1E7A4F7556}") = "LYBT.Desktop.CardReader", "src\Client\Desktop\Core\LYBT.Desktop.CardReader\LYBT.Desktop.CardReader.csproj", "{0BEFBFCE-E6D1-4CED-8045-B6A46FF2E2F2}"
EndProject
Project("{9A19103F-16F7-4668-BE54-9A1E7A4F7556}") = "LYBT.Desktop.Infrastructure", "src\Client\Desktop\Core\LYBT.Desktop.Infrastructure\LYBT.Desktop.Infrastructure.csproj", "{F7194803-F50D-4604-90B1-8F669113D157}"
EndProject
Project("{2150E333-8FDC-42A3-9474-1A3956D46DE8}") = "Shared", "Shared", "{C8E42992-5E42-0C2B-DBFE-AA848D06431C}"
EndProject
Project("{9A19103F-16F7-4668-BE54-9A1E7A4F7556}") = "LYBT.Shared.Components", "src\Shared\LYBT.Shared.Components\LYBT.Shared.Components.csproj", "{5D07025C-F418-4542-8C7A-F77F872860EC}"
EndProject
Project("{9A19103F-16F7-4668-BE54-9A1E7A4F7556}") = "LYBT.Shared.Models", "src\Shared\LYBT.Shared.Models\LYBT.Shared.Models.csproj", "{7D06267F-935A-4988-B075-1943F5DF0274}"
EndProject
Project("{9A19103F-16F7-4668-BE54-9A1E7A4F7556}") = "LYBT.Shared.Primitives", "src\Shared\LYBT.Shared.Primitives\LYBT.Shared.Primitives.csproj", "{F31DC9DD-8581-49B6-9EF3-82DF28303BA6}"
EndProject
Project("{9A19103F-16F7-4668-BE54-9A1E7A4F7556}") = "LYBT.Shared.ExceptionHandling", "src\Shared\LYBT.Shared.ExceptionHandling\LYBT.Shared.ExceptionHandling.csproj", "{28539453-E9F0-44E4-A64F-24530656F782}"
EndProject
Project("{9A19103F-16F7-4668-BE54-9A1E7A4F7556}") = "LYBT.Shared.Logging", "src\Shared\LYBT.Shared.Logging\LYBT.Shared.Logging.csproj", "{6FB7EB7C-DAA1-4F07-9145-75687D9FAC7F}"
EndProject
Project("{9A19103F-16F7-4668-BE54-9A1E7A4F7556}") = "LYBT.Shared.Utilities", "src\Shared\LYBT.Shared.Utilities\LYBT.Shared.Utilities.csproj", "{C7017F2B-5EAB-48F2-A6FE-4CFC70499F31}"
EndProject
Project("{9A19103F-16F7-4668-BE54-9A1E7A4F7556}") = "LYBT.Shared.Configuration", "src\Shared\LYBT.Shared.Configuration\LYBT.Shared.Configuration.csproj", "{0EDC7E92-B932-4DED-8D21-1E344EB3F68B}"
EndProject
Project("{9A19103F-16F7-4668-BE54-9A1E7A4F7556}") = "LYBT.Desktop.Foundation", "src\Client\Desktop\Core\LYBT.Desktop.Foundation\LYBT.Desktop.Foundation.csproj", "{DEC6845A-709D-4240-BCBA-491C6B8E93ED}"
EndProject
Project("{9A19103F-16F7-4668-BE54-9A1E7A4F7556}") = "LYBT.Desktop.Contracts", "src\Client\Desktop\Core\LYBT.Desktop.Contracts\LYBT.Desktop.Contracts.csproj", "{AF6ABD8B-9653-48D4-BF24-841A88C260B4}"
EndProject
Project("{9A19103F-16F7-4668-BE54-9A1E7A4F7556}") = "LYBT.Desktop.LocalData", "src\Client\Desktop\Core\LYBT.Desktop.LocalData\LYBT.Desktop.LocalData.csproj", "{11339506-DCEF-4BB2-8123-39C8280549FF}"
EndProject
Project("{2150E333-8FDC-42A3-9474-1A3956D46DE8}") = "Server", "Server", "{E6B48023-E680-40DA-9E17-319585C26937}"
EndProject
Project("{2150E333-8FDC-42A3-9474-1A3956D46DE8}") = "Core", "Core", "{81EE2600-EA74-F147-AE69-855A2476867B}"
EndProject
Project("{9A19103F-16F7-4668-BE54-9A1E7A4F7556}") = "LYBT.Entities", "src\Server\Core\LYBT.Entities\LYBT.Entities.csproj", "{17B4C5DB-FE3D-4E45-980D-8A9DF82F9004}"
EndProject
Project("{9A19103F-16F7-4668-BE54-9A1E7A4F7556}") = "LYBT.Shared.Validators", "src\Shared\LYBT.Shared.Validators\LYBT.Shared.Validators.csproj", "{CF005C85-EDCA-4232-B9D2-D853BDD6490A}"
EndProject
Project("{9A19103F-16F7-4668-BE54-9A1E7A4F7556}") = "LYBT.Desktop.Models", "src\Client\Desktop\Core\LYBT.Desktop.Models\LYBT.Desktop.Models.csproj", "{94F5BAE0-90A0-4ACF-8B2E-3EF72177976D}"
EndProject
Project("{9A19103F-16F7-4668-BE54-9A1E7A4F7556}") = "LYBT.Desktop.Printing", "src\Client\Desktop\Core\LYBT.Desktop.Printing\LYBT.Desktop.Printing.csproj", "{0072A280-4C0A-428F-9AE9-809F55A683B1}"
EndProject
Project("{9A19103F-16F7-4668-BE54-9A1E7A4F7556}") = "LYBT.Desktop.Utilities", "src\Client\Desktop\Core\LYBT.Desktop.Utilities\LYBT.Desktop.Utilities.csproj", "{8D96532D-5CB2-472A-9170-CD087517E63A}"
EndProject
Project("{2150E333-8FDC-42A3-9474-1A3956D46DE8}") = "Modules", "Modules", "{3DAD9A32-9023-DF96-AB9D-08893DF40240}"
EndProject
Project("{9A19103F-16F7-4668-BE54-9A1E7A4F7556}") = "LYBT.Desktop.Auth", "src\Client\Desktop\Modules\LYBT.Desktop.Auth\LYBT.Desktop.Auth.csproj", "{D90554A2-2B8A-4D73-BD64-90973F1A6C60}"
EndProject
Project("{9A19103F-16F7-4668-BE54-9A1E7A4F7556}") = "LYBT.Desktop.Formula", "src\Client\Desktop\Modules\LYBT.Desktop.Formula\LYBT.Desktop.Formula.csproj", "{91BCF325-DF29-4CAA-9EE7-0C4C2639EF1A}"
EndProject
Project("{9A19103F-16F7-4668-BE54-9A1E7A4F7556}") = "LYBT.Desktop.Herbs", "src\Client\Desktop\Modules\LYBT.Desktop.Herbs\LYBT.Desktop.Herbs.csproj", "{33804745-C96D-42C2-91D6-154E431B579A}"
EndProject
Project("{9A19103F-16F7-4668-BE54-9A1E7A4F7556}") = "LYBT.Desktop.MedicalCase", "src\Client\Desktop\Modules\LYBT.Desktop.MedicalCase\LYBT.Desktop.MedicalCase.csproj", "{88065C8B-B94E-4573-87DA-925B74F929F7}"
EndProject
Project("{9A19103F-16F7-4668-BE54-9A1E7A4F7556}") = "LYBT.Desktop.Patients", "src\Client\Desktop\Modules\LYBT.Desktop.Patients\LYBT.Desktop.Patients.csproj", "{F361817F-3FC2-47A5-BEC1-F587877556B7}"
EndProject
Project("{9A19103F-16F7-4668-BE54-9A1E7A4F7556}") = "LYBT.Desktop.Registration", "src\Client\Desktop\Modules\LYBT.Desktop.Registration\LYBT.Desktop.Registration.csproj", "{960C5550-A334-46D1-A11A-42BEE7F5F6AA}"
EndProject
Project("{9A19103F-16F7-4668-BE54-9A1E7A4F7556}") = "LYBT.Desktop.Sync", "src\Client\Desktop\Modules\LYBT.Desktop.Sync\LYBT.Desktop.Sync.csproj", "{B3FFDB51-C747-43B1-9435-F7C0EC7A8860}"
EndProject
Project("{9A19103F-16F7-4668-BE54-9A1E7A4F7556}") = "LYBT.Desktop.Users", "src\Client\Desktop\Modules\LYBT.Desktop.Users\LYBT.Desktop.Users.csproj", "{8AD0B467-47EB-4740-ADC5-A93E33179C86}"
EndProject
Project("{2150E333-8FDC-42A3-9474-1A3956D46DE8}") = "Roles", "Roles", "{FF1C1E78-1D81-E25B-58CC-69C6BBFB3E4F}"
EndProject
Project("{9A19103F-16F7-4668-BE54-9A1E7A4F7556}") = "LYBT.Desktop.Admin", "src\Client\Desktop\Roles\LYBT.Desktop.Admin\LYBT.Desktop.Admin.csproj", "{567F7CC6-4F7F-40E2-9BD1-525E968FE71E}"
EndProject
Project("{9A19103F-16F7-4668-BE54-9A1E7A4F7556}") = "LYBT.Desktop.Clinical", "src\Client\Desktop\Roles\LYBT.Desktop.Clinical\LYBT.Desktop.Clinical.csproj", "{A8B0AB43-8182-4FC6-B9A9-27B82038DA05}"
EndProject
Project("{2150E333-8FDC-42A3-9474-1A3956D46DE8}") = "Shell", "Shell", "{C49974A4-E2FB-D20B-9B92-3944C2676EA6}"
EndProject
Project("{9A19103F-16F7-4668-BE54-9A1E7A4F7556}") = "LYBT.Desktop.Shell", "src\Client\Desktop\Shell\LYBT.Desktop.Shell.csproj", "{822BFFE4-8D9C-4904-BBF5-95A41D27E242}"
EndProject
Project("{9A19103F-16F7-4668-BE54-9A1E7A4F7556}") = "LYBT.Infrastructure", "src\Server\Core\LYBT.Infrastructure\LYBT.Infrastructure.csproj", "{2E20134D-C153-46D7-B1FB-15F62BD4A98F}"
EndProject
Project("{2150E333-8FDC-42A3-9474-1A3956D46DE8}") = "Modules", "Modules", "{3EAA1022-078B-7EEC-88C8-12280A6EA069}"
EndProject
Project("{9A19103F-16F7-4668-BE54-9A1E7A4F7556}") = "LYBT.Module.Auth", "src\Server\Modules\LYBT.Module.Auth\LYBT.Module.Auth.csproj", "{8FB108A1-DEF7-4773-B2CC-E90158693341}"
EndProject
Project("{9A19103F-16F7-4668-BE54-9A1E7A4F7556}") = "LYBT.Module.Formula", "src\Server\Modules\LYBT.Module.Formula\LYBT.Module.Formula.csproj", "{EA8C5ABC-C23E-4699-81A1-CDB639A7A2C7}"
EndProject
Project("{9A19103F-16F7-4668-BE54-9A1E7A4F7556}") = "LYBT.Module.Herbs", "src\Server\Modules\LYBT.Module.Herbs\LYBT.Module.Herbs.csproj", "{218A86EF-332C-48CF-AFBE-B73214417419}"
EndProject
Project("{9A19103F-16F7-4668-BE54-9A1E7A4F7556}") = "LYBT.Module.MedicalCase", "src\Server\Modules\LYBT.Module.MedicalCase\LYBT.Module.MedicalCase.csproj", "{9C6558D2-6580-4825-BC78-D0A60AE04308}"
EndProject
Project("{9A19103F-16F7-4668-BE54-9A1E7A4F7556}") = "LYBT.Module.Patients", "src\Server\Modules\LYBT.Module.Patients\LYBT.Module.Patients.csproj", "{46FF5909-4CA4-4F0F-BDFF-4AFF76E46C0F}"
EndProject
Project("{9A19103F-16F7-4668-BE54-9A1E7A4F7556}") = "LYBT.Module.Registration", "src\Server\Modules\LYBT.Module.Registration\LYBT.Module.Registration.csproj", "{40DE3C9B-850D-469B-BED8-2480BCC985FA}"
EndProject
Project("{9A19103F-16F7-4668-BE54-9A1E7A4F7556}") = "LYBT.Module.Sync", "src\Server\Modules\LYBT.Module.Sync\LYBT.Module.Sync.csproj", "{DCDECFA2-223C-48F9-BA7B-5133F1474F0B}"
EndProject
Project("{9A19103F-16F7-4668-BE54-9A1E7A4F7556}") = "LYBT.Module.Users", "src\Server\Modules\LYBT.Module.Users\LYBT.Module.Users.csproj", "{3B3ADB35-9C37-4B34-A082-7E6F31E0A85D}"
EndProject
Project("{2150E333-8FDC-42A3-9474-1A3956D46DE8}") = "Services", "Services", "{A1D92A15-2607-B163-C33C-934FD821FB2F}"
EndProject
Project("{9A19103F-16F7-4668-BE54-9A1E7A4F7556}") = "LYBT.WebAPI", "src\Server\Services\LYBT.WebAPI\LYBT.WebAPI.csproj", "{A0A21A7B-8934-4151-99FA-1A29246B033A}"
EndProject
Project("{2150E333-8FDC-42A3-9474-1A3956D46DE8}") = "Tools", "Tools", "{DCB6FCB8-FF92-AC57-0842-1F72A354D6B1}"
EndProject
Project("{9A19103F-16F7-4668-BE54-9A1E7A4F7556}") = "ApiTester", "src\Tools\ApiTester\ApiTester.csproj", "{156C56A1-5444-46D6-B48A-83B37B9D0EE4}"
EndProject
Project("{9A19103F-16F7-4668-BE54-9A1E7A4F7556}") = "LoginTester", "src\Tools\LoginTester\LoginTester.csproj", "{53DCB513-29B2-4D44-9512-5C4055736F36}"
EndProject
Project("{2150E333-8FDC-42A3-9474-1A3956D46DE8}") = "PasswordHashGenerator", "PasswordHashGenerator", "{CD68E213-40A1-23DD-0EB7-85F284ED9B41}"
EndProject
Project("{9A19103F-16F7-4668-BE54-9A1E7A4F7556}") = "PasswordHashGenerator", "src\Tools\PasswordHashGenerator\PasswordHashGenerator\PasswordHashGenerator.csproj", "{E8F4A5C0-9D93-4DFB-BEE8-0B8578195442}"
EndProject
Project("{9A19103F-16F7-4668-BE54-9A1E7A4F7556}") = "UserInfoVerifier", "src\Tools\UserInfoVerifier\UserInfoVerifier.csproj", "{A2184F32-1326-48DF-8809-D3E7C1159609}"
EndProject
Project("{2150E333-8FDC-42A3-9474-1A3956D46DE8}") = "tests", "tests", "{0AB3BF05-4346-4AA6-1389-037BE0695223}"
EndProject
Project("{9A19103F-16F7-4668-BE54-9A1E7A4F7556}") = "LYBT.Tests.Architecture", "tests\LYBT.Tests.Architecture\LYBT.Tests.Architecture.csproj", "{D9DDA68F-A5BE-4228-9471-260CCAAFE629}"
EndProject
Project("{9A19103F-16F7-4668-BE54-9A1E7A4F7556}") = "LYBT.Tests.Server", "tests\LYBT.Tests.Server\LYBT.Tests.Server.csproj", "{211051DF-F4F9-45A6-8D98-BA55D75DD4D0}"
EndProject
Project("{9A19103F-16F7-4668-BE54-9A1E7A4F7556}") = "LYBT.Tests.Desktop", "tests\LYBT.Tests.Desktop\LYBT.Tests.Desktop.csproj", "{70E8C25D-4CAA-4504-BCA0-646944667DFB}"
EndProject
Project("{9A19103F-16F7-4668-BE54-9A1E7A4F7556}") = "LYBT.Tests.Integration", "tests\LYBT.Tests.Integration\LYBT.Tests.Integration.csproj", "{AFAE9448-5991-4F94-A1C6-FF77D8BDE177}"
EndProject
Project("{9A19103F-16F7-4668-BE54-9A1E7A4F7556}") = "LYBT.Tests.Server.Unit", "tests\LYBT.Tests.Server.Unit\LYBT.Tests.Server.Unit.csproj", "{1EC8DB25-0504-4753-97E1-F19FA44C809D}"
EndProject
Global
	GlobalSection(SolutionConfigurationPlatforms) = preSolution
		Debug|Any CPU = Debug|Any CPU
		Debug|x64 = Debug|x64
		Debug|x86 = Debug|x86
		Release|Any CPU = Release|Any CPU
		Release|x64 = Release|x64
		Release|x86 = Release|x86
	EndGlobalSection
	GlobalSection(ProjectConfigurationPlatforms) = postSolution
		{0BEFBFCE-E6D1-4CED-8045-B6A46FF2E2F2}.Debug|Any CPU.ActiveCfg = Debug|Any CPU
		{0BEFBFCE-E6D1-4CED-8045-B6A46FF2E2F2}.Debug|Any CPU.Build.0 = Debug|Any CPU
		{0BEFBFCE-E6D1-4CED-8045-B6A46FF2E2F2}.Debug|x64.ActiveCfg = Debug|Any CPU
		{0BEFBFCE-E6D1-4CED-8045-B6A46FF2E2F2}.Debug|x64.Build.0 = Debug|Any CPU
		{0BEFBFCE-E6D1-4CED-8045-B6A46FF2E2F2}.Debug|x86.ActiveCfg = Debug|Any CPU
		{0BEFBFCE-E6D1-4CED-8045-B6A46FF2E2F2}.Debug|x86.Build.0 = Debug|Any CPU
		{0BEFBFCE-E6D1-4CED-8045-B6A46FF2E2F2}.Release|Any CPU.ActiveCfg = Release|Any CPU
		{0BEFBFCE-E6D1-4CED-8045-B6A46FF2E2F2}.Release|Any CPU.Build.0 = Release|Any CPU
		{0BEFBFCE-E6D1-4CED-8045-B6A46FF2E2F2}.Release|x64.ActiveCfg = Release|Any CPU
		{0BEFBFCE-E6D1-4CED-8045-B6A46FF2E2F2}.Release|x64.Build.0 = Release|Any CPU
		{0BEFBFCE-E6D1-4CED-8045-B6A46FF2E2F2}.Release|x86.ActiveCfg = Release|Any CPU
		{0BEFBFCE-E6D1-4CED-8045-B6A46FF2E2F2}.Release|x86.Build.0 = Release|Any CPU
		{F7194803-F50D-4604-90B1-8F669113D157}.Debug|Any CPU.ActiveCfg = Debug|Any CPU
		{F7194803-F50D-4604-90B1-8F669113D157}.Debug|Any CPU.Build.0 = Debug|Any CPU
		{F7194803-F50D-4604-90B1-8F669113D157}.Debug|x64.ActiveCfg = Debug|Any CPU
		{F7194803-F50D-4604-90B1-8F669113D157}.Debug|x64.Build.0 = Debug|Any CPU
		{F7194803-F50D-4604-90B1-8F669113D157}.Debug|x86.ActiveCfg = Debug|Any CPU
		{F7194803-F50D-4604-90B1-8F669113D157}.Debug|x86.Build.0 = Debug|Any CPU
		{F7194803-F50D-4604-90B1-8F669113D157}.Release|Any CPU.ActiveCfg = Release|Any CPU
		{F7194803-F50D-4604-90B1-8F669113D157}.Release|Any CPU.Build.0 = Release|Any CPU
		{F7194803-F50D-4604-90B1-8F669113D157}.Release|x64.ActiveCfg = Release|Any CPU
		{F7194803-F50D-4604-90B1-8F669113D157}.Release|x64.Build.0 = Release|Any CPU
		{F7194803-F50D-4604-90B1-8F669113D157}.Release|x86.ActiveCfg = Release|Any CPU
		{F7194803-F50D-4604-90B1-8F669113D157}.Release|x86.Build.0 = Release|Any CPU
		{5D07025C-F418-4542-8C7A-F77F872860EC}.Debug|Any CPU.ActiveCfg = Debug|Any CPU
		{5D07025C-F418-4542-8C7A-F77F872860EC}.Debug|Any CPU.Build.0 = Debug|Any CPU
		{5D07025C-F418-4542-8C7A-F77F872860EC}.Debug|x64.ActiveCfg = Debug|Any CPU
		{5D07025C-F418-4542-8C7A-F77F872860EC}.Debug|x64.Build.0 = Debug|Any CPU
		{5D07025C-F418-4542-8C7A-F77F872860EC}.Debug|x86.ActiveCfg = Debug|Any CPU
		{5D07025C-F418-4542-8C7A-F77F872860EC}.Debug|x86.Build.0 = Debug|Any CPU
		{5D07025C-F418-4542-8C7A-F77F872860EC}.Release|Any CPU.ActiveCfg = Release|Any CPU
		{5D07025C-F418-4542-8C7A-F77F872860EC}.Release|Any CPU.Build.0 = Release|Any CPU
		{5D07025C-F418-4542-8C7A-F77F872860EC}.Release|x64.ActiveCfg = Release|Any CPU
		{5D07025C-F418-4542-8C7A-F77F872860EC}.Release|x64.Build.0 = Release|Any CPU
		{5D07025C-F418-4542-8C7A-F77F872860EC}.Release|x86.ActiveCfg = Release|Any CPU
		{5D07025C-F418-4542-8C7A-F77F872860EC}.Release|x86.Build.0 = Release|Any CPU
		{7D06267F-935A-4988-B075-1943F5DF0274}.Debug|Any CPU.ActiveCfg = Debug|Any CPU
		{7D06267F-935A-4988-B075-1943F5DF0274}.Debug|Any CPU.Build.0 = Debug|Any CPU
		{7D06267F-935A-4988-B075-1943F5DF0274}.Debug|x64.ActiveCfg = Debug|Any CPU
		{7D06267F-935A-4988-B075-1943F5DF0274}.Debug|x64.Build.0 = Debug|Any CPU
		{7D06267F-935A-4988-B075-1943F5DF0274}.Debug|x86.ActiveCfg = Debug|Any CPU
		{7D06267F-935A-4988-B075-1943F5DF0274}.Debug|x86.Build.0 = Debug|Any CPU
		{7D06267F-935A-4988-B075-1943F5DF0274}.Release|Any CPU.ActiveCfg = Release|Any CPU
		{7D06267F-935A-4988-B075-1943F5DF0274}.Release|Any CPU.Build.0 = Release|Any CPU
		{7D06267F-935A-4988-B075-1943F5DF0274}.Release|x64.ActiveCfg = Release|Any CPU
		{7D06267F-935A-4988-B075-1943F5DF0274}.Release|x64.Build.0 = Release|Any CPU
		{7D06267F-935A-4988-B075-1943F5DF0274}.Release|x86.ActiveCfg = Release|Any CPU
		{7D06267F-935A-4988-B075-1943F5DF0274}.Release|x86.Build.0 = Release|Any CPU
		{F31DC9DD-8581-49B6-9EF3-82DF28303BA6}.Debug|Any CPU.ActiveCfg = Debug|Any CPU
		{F31DC9DD-8581-49B6-9EF3-82DF28303BA6}.Debug|Any CPU.Build.0 = Debug|Any CPU
		{F31DC9DD-8581-49B6-9EF3-82DF28303BA6}.Debug|x64.ActiveCfg = Debug|Any CPU
		{F31DC9DD-8581-49B6-9EF3-82DF28303BA6}.Debug|x64.Build.0 = Debug|Any CPU
		{F31DC9DD-8581-49B6-9EF3-82DF28303BA6}.Debug|x86.ActiveCfg = Debug|Any CPU
		{F31DC9DD-8581-49B6-9EF3-82DF28303BA6}.Debug|x86.Build.0 = Debug|Any CPU
		{F31DC9DD-8581-49B6-9EF3-82DF28303BA6}.Release|Any CPU.ActiveCfg = Release|Any CPU
		{F31DC9DD-8581-49B6-9EF3-82DF28303BA6}.Release|Any CPU.Build.0 = Release|Any CPU
		{F31DC9DD-8581-49B6-9EF3-82DF28303BA6}.Release|x64.ActiveCfg = Release|Any CPU
		{F31DC9DD-8581-49B6-9EF3-82DF28303BA6}.Release|x64.Build.0 = Release|Any CPU
		{F31DC9DD-8581-49B6-9EF3-82DF28303BA6}.Release|x86.ActiveCfg = Release|Any CPU
		{F31DC9DD-8581-49B6-9EF3-82DF28303BA6}.Release|x86.Build.0 = Release|Any CPU
		{28539453-E9F0-44E4-A64F-24530656F782}.Debug|Any CPU.ActiveCfg = Debug|Any CPU
		{28539453-E9F0-44E4-A64F-24530656F782}.Debug|Any CPU.Build.0 = Debug|Any CPU
		{28539453-E9F0-44E4-A64F-24530656F782}.Debug|x64.ActiveCfg = Debug|Any CPU
		{28539453-E9F0-44E4-A64F-24530656F782}.Debug|x64.Build.0 = Debug|Any CPU
		{28539453-E9F0-44E4-A64F-24530656F782}.Debug|x86.ActiveCfg = Debug|Any CPU
		{28539453-E9F0-44E4-A64F-24530656F782}.Debug|x86.Build.0 = Debug|Any CPU
		{28539453-E9F0-44E4-A64F-24530656F782}.Release|Any CPU.ActiveCfg = Release|Any CPU
		{28539453-E9F0-44E4-A64F-24530656F782}.Release|Any CPU.Build.0 = Release|Any CPU
		{28539453-E9F0-44E4-A64F-24530656F782}.Release|x64.ActiveCfg = Release|Any CPU
		{28539453-E9F0-44E4-A64F-24530656F782}.Release|x64.Build.0 = Release|Any CPU
		{28539453-E9F0-44E4-A64F-24530656F782}.Release|x86.ActiveCfg = Release|Any CPU
		{28539453-E9F0-44E4-A64F-24530656F782}.Release|x86.Build.0 = Release|Any CPU
		{6FB7EB7C-DAA1-4F07-9145-75687D9FAC7F}.Debug|Any CPU.ActiveCfg = Debug|Any CPU
		{6FB7EB7C-DAA1-4F07-9145-75687D9FAC7F}.Debug|Any CPU.Build.0 = Debug|Any CPU
		{6FB7EB7C-DAA1-4F07-9145-75687D9FAC7F}.Debug|x64.ActiveCfg = Debug|Any CPU
		{6FB7EB7C-DAA1-4F07-9145-75687D9FAC7F}.Debug|x64.Build.0 = Debug|Any CPU
		{6FB7EB7C-DAA1-4F07-9145-75687D9FAC7F}.Debug|x86.ActiveCfg = Debug|Any CPU
		{6FB7EB7C-DAA1-4F07-9145-75687D9FAC7F}.Debug|x86.Build.0 = Debug|Any CPU
		{6FB7EB7C-DAA1-4F07-9145-75687D9FAC7F}.Release|Any CPU.ActiveCfg = Release|Any CPU
		{6FB7EB7C-DAA1-4F07-9145-75687D9FAC7F}.Release|Any CPU.Build.0 = Release|Any CPU
		{6FB7EB7C-DAA1-4F07-9145-75687D9FAC7F}.Release|x64.ActiveCfg = Release|Any CPU
		{6FB7EB7C-DAA1-4F07-9145-75687D9FAC7F}.Release|x64.Build.0 = Release|Any CPU
		{6FB7EB7C-DAA1-4F07-9145-75687D9FAC7F}.Release|x86.ActiveCfg = Release|Any CPU
		{6FB7EB7C-DAA1-4F07-9145-75687D9FAC7F}.Release|x86.Build.0 = Release|Any CPU
		{C7017F2B-5EAB-48F2-A6FE-4CFC70499F31}.Debug|Any CPU.ActiveCfg = Debug|Any CPU
		{C7017F2B-5EAB-48F2-A6FE-4CFC70499F31}.Debug|Any CPU.Build.0 = Debug|Any CPU
		{C7017F2B-5EAB-48F2-A6FE-4CFC70499F31}.Debug|x64.ActiveCfg = Debug|Any CPU
		{C7017F2B-5EAB-48F2-A6FE-4CFC70499F31}.Debug|x64.Build.0 = Debug|Any CPU
		{C7017F2B-5EAB-48F2-A6FE-4CFC70499F31}.Debug|x86.ActiveCfg = Debug|Any CPU
		{C7017F2B-5EAB-48F2-A6FE-4CFC70499F31}.Debug|x86.Build.0 = Debug|Any CPU
		{C7017F2B-5EAB-48F2-A6FE-4CFC70499F31}.Release|Any CPU.ActiveCfg = Release|Any CPU
		{C7017F2B-5EAB-48F2-A6FE-4CFC70499F31}.Release|Any CPU.Build.0 = Release|Any CPU
		{C7017F2B-5EAB-48F2-A6FE-4CFC70499F31}.Release|x64.ActiveCfg = Release|Any CPU
		{C7017F2B-5EAB-48F2-A6FE-4CFC70499F31}.Release|x64.Build.0 = Release|Any CPU
		{C7017F2B-5EAB-48F2-A6FE-4CFC70499F31}.Release|x86.ActiveCfg = Release|Any CPU
		{C7017F2B-5EAB-48F2-A6FE-4CFC70499F31}.Release|x86.Build.0 = Release|Any CPU
		{0EDC7E92-B932-4DED-8D21-1E344EB3F68B}.Debug|Any CPU.ActiveCfg = Debug|Any CPU
		{0EDC7E92-B932-4DED-8D21-1E344EB3F68B}.Debug|Any CPU.Build.0 = Debug|Any CPU
		{0EDC7E92-B932-4DED-8D21-1E344EB3F68B}.Debug|x64.ActiveCfg = Debug|Any CPU
		{0EDC7E92-B932-4DED-8D21-1E344EB3F68B}.Debug|x64.Build.0 = Debug|Any CPU
		{0EDC7E92-B932-4DED-8D21-1E344EB3F68B}.Debug|x86.ActiveCfg = Debug|Any CPU
		{0EDC7E92-B932-4DED-8D21-1E344EB3F68B}.Debug|x86.Build.0 = Debug|Any CPU
		{0EDC7E92-B932-4DED-8D21-1E344EB3F68B}.Release|Any CPU.ActiveCfg = Release|Any CPU
		{0EDC7E92-B932-4DED-8D21-1E344EB3F68B}.Release|Any CPU.Build.0 = Release|Any CPU
		{0EDC7E92-B932-4DED-8D21-1E344EB3F68B}.Release|x64.ActiveCfg = Release|Any CPU
		{0EDC7E92-B932-4DED-8D21-1E344EB3F68B}.Release|x64.Build.0 = Release|Any CPU
		{0EDC7E92-B932-4DED-8D21-1E344EB3F68B}.Release|x86.ActiveCfg = Release|Any CPU
		{0EDC7E92-B932-4DED-8D21-1E344EB3F68B}.Release|x86.Build.0 = Release|Any CPU
		{DEC6845A-709D-4240-BCBA-491C6B8E93ED}.Debug|Any CPU.ActiveCfg = Debug|Any CPU
		{DEC6845A-709D-4240-BCBA-491C6B8E93ED}.Debug|Any CPU.Build.0 = Debug|Any CPU
		{DEC6845A-709D-4240-BCBA-491C6B8E93ED}.Debug|x64.ActiveCfg = Debug|Any CPU
		{DEC6845A-709D-4240-BCBA-491C6B8E93ED}.Debug|x64.Build.0 = Debug|Any CPU
		{DEC6845A-709D-4240-BCBA-491C6B8E93ED}.Debug|x86.ActiveCfg = Debug|Any CPU
		{DEC6845A-709D-4240-BCBA-491C6B8E93ED}.Debug|x86.Build.0 = Debug|Any CPU
		{DEC6845A-709D-4240-BCBA-491C6B8E93ED}.Release|Any CPU.ActiveCfg = Release|Any CPU
		{DEC6845A-709D-4240-BCBA-491C6B8E93ED}.Release|Any CPU.Build.0 = Release|Any CPU
		{DEC6845A-709D-4240-BCBA-491C6B8E93ED}.Release|x64.ActiveCfg = Release|Any CPU
		{DEC6845A-709D-4240-BCBA-491C6B8E93ED}.Release|x64.Build.0 = Release|Any CPU
		{DEC6845A-709D-4240-BCBA-491C6B8E93ED}.Release|x86.ActiveCfg = Release|Any CPU
		{DEC6845A-709D-4240-BCBA-491C6B8E93ED}.Release|x86.Build.0 = Release|Any CPU
		{AF6ABD8B-9653-48D4-BF24-841A88C260B4}.Debug|Any CPU.ActiveCfg = Debug|Any CPU
		{AF6ABD8B-9653-48D4-BF24-841A88C260B4}.Debug|Any CPU.Build.0 = Debug|Any CPU
		{AF6ABD8B-9653-48D4-BF24-841A88C260B4}.Debug|x64.ActiveCfg = Debug|Any CPU
		{AF6ABD8B-9653-48D4-BF24-841A88C260B4}.Debug|x64.Build.0 = Debug|Any CPU
		{AF6ABD8B-9653-48D4-BF24-841A88C260B4}.Debug|x86.ActiveCfg = Debug|Any CPU
		{AF6ABD8B-9653-48D4-BF24-841A88C260B4}.Debug|x86.Build.0 = Debug|Any CPU
		{AF6ABD8B-9653-48D4-BF24-841A88C260B4}.Release|Any CPU.ActiveCfg = Release|Any CPU
		{AF6ABD8B-9653-48D4-BF24-841A88C260B4}.Release|Any CPU.Build.0 = Release|Any CPU
		{AF6ABD8B-9653-48D4-BF24-841A88C260B4}.Release|x64.ActiveCfg = Release|Any CPU
		{AF6ABD8B-9653-48D4-BF24-841A88C260B4}.Release|x64.Build.0 = Release|Any CPU
		{AF6ABD8B-9653-48D4-BF24-841A88C260B4}.Release|x86.ActiveCfg = Release|Any CPU
		{AF6ABD8B-9653-48D4-BF24-841A88C260B4}.Release|x86.Build.0 = Release|Any CPU
		{11339506-DCEF-4BB2-8123-39C8280549FF}.Debug|Any CPU.ActiveCfg = Debug|Any CPU
		{11339506-DCEF-4BB2-8123-39C8280549FF}.Debug|Any CPU.Build.0 = Debug|Any CPU
		{11339506-DCEF-4BB2-8123-39C8280549FF}.Debug|x64.ActiveCfg = Debug|Any CPU
		{11339506-DCEF-4BB2-8123-39C8280549FF}.Debug|x64.Build.0 = Debug|Any CPU
		{11339506-DCEF-4BB2-8123-39C8280549FF}.Debug|x86.ActiveCfg = Debug|Any CPU
		{11339506-DCEF-4BB2-8123-39C8280549FF}.Debug|x86.Build.0 = Debug|Any CPU
		{11339506-DCEF-4BB2-8123-39C8280549FF}.Release|Any CPU.ActiveCfg = Release|Any CPU
		{11339506-DCEF-4BB2-8123-39C8280549FF}.Release|Any CPU.Build.0 = Release|Any CPU
		{11339506-DCEF-4BB2-8123-39C8280549FF}.Release|x64.ActiveCfg = Release|Any CPU
		{11339506-DCEF-4BB2-8123-39C8280549FF}.Release|x64.Build.0 = Release|Any CPU
		{11339506-DCEF-4BB2-8123-39C8280549FF}.Release|x86.ActiveCfg = Release|Any CPU
		{11339506-DCEF-4BB2-8123-39C8280549FF}.Release|x86.Build.0 = Release|Any CPU
		{17B4C5DB-FE3D-4E45-980D-8A9DF82F9004}.Debug|Any CPU.ActiveCfg = Debug|Any CPU
		{17B4C5DB-FE3D-4E45-980D-8A9DF82F9004}.Debug|Any CPU.Build.0 = Debug|Any CPU
		{17B4C5DB-FE3D-4E45-980D-8A9DF82F9004}.Debug|x64.ActiveCfg = Debug|Any CPU
		{17B4C5DB-FE3D-4E45-980D-8A9DF82F9004}.Debug|x64.Build.0 = Debug|Any CPU
		{17B4C5DB-FE3D-4E45-980D-8A9DF82F9004}.Debug|x86.ActiveCfg = Debug|Any CPU
		{17B4C5DB-FE3D-4E45-980D-8A9DF82F9004}.Debug|x86.Build.0 = Debug|Any CPU
		{17B4C5DB-FE3D-4E45-980D-8A9DF82F9004}.Release|Any CPU.ActiveCfg = Release|Any CPU
		{17B4C5DB-FE3D-4E45-980D-8A9DF82F9004}.Release|Any CPU.Build.0 = Release|Any CPU
		{17B4C5DB-FE3D-4E45-980D-8A9DF82F9004}.Release|x64.ActiveCfg = Release|Any CPU
		{17B4C5DB-FE3D-4E45-980D-8A9DF82F9004}.Release|x64.Build.0 = Release|Any CPU
		{17B4C5DB-FE3D-4E45-980D-8A9DF82F9004}.Release|x86.ActiveCfg = Release|Any CPU
		{17B4C5DB-FE3D-4E45-980D-8A9DF82F9004}.Release|x86.Build.0 = Release|Any CPU
		{CF005C85-EDCA-4232-B9D2-D853BDD6490A}.Debug|Any CPU.ActiveCfg = Debug|Any CPU
		{CF005C85-EDCA-4232-B9D2-D853BDD6490A}.Debug|Any CPU.Build.0 = Debug|Any CPU
		{CF005C85-EDCA-4232-B9D2-D853BDD6490A}.Debug|x64.ActiveCfg = Debug|Any CPU
		{CF005C85-EDCA-4232-B9D2-D853BDD6490A}.Debug|x64.Build.0 = Debug|Any CPU
		{CF005C85-EDCA-4232-B9D2-D853BDD6490A}.Debug|x86.ActiveCfg = Debug|Any CPU
		{CF005C85-EDCA-4232-B9D2-D853BDD6490A}.Debug|x86.Build.0 = Debug|Any CPU
		{CF005C85-EDCA-4232-B9D2-D853BDD6490A}.Release|Any CPU.ActiveCfg = Release|Any CPU
		{CF005C85-EDCA-4232-B9D2-D853BDD6490A}.Release|Any CPU.Build.0 = Release|Any CPU
		{CF005C85-EDCA-4232-B9D2-D853BDD6490A}.Release|x64.ActiveCfg = Release|Any CPU
		{CF005C85-EDCA-4232-B9D2-D853BDD6490A}.Release|x64.Build.0 = Release|Any CPU
		{CF005C85-EDCA-4232-B9D2-D853BDD6490A}.Release|x86.ActiveCfg = Release|Any CPU
		{CF005C85-EDCA-4232-B9D2-D853BDD6490A}.Release|x86.Build.0 = Release|Any CPU
		{94F5BAE0-90A0-4ACF-8B2E-3EF72177976D}.Debug|Any CPU.ActiveCfg = Debug|Any CPU
		{94F5BAE0-90A0-4ACF-8B2E-3EF72177976D}.Debug|Any CPU.Build.0 = Debug|Any CPU
		{94F5BAE0-90A0-4ACF-8B2E-3EF72177976D}.Debug|x64.ActiveCfg = Debug|Any CPU
		{94F5BAE0-90A0-4ACF-8B2E-3EF72177976D}.Debug|x64.Build.0 = Debug|Any CPU
		{94F5BAE0-90A0-4ACF-8B2E-3EF72177976D}.Debug|x86.ActiveCfg = Debug|Any CPU
		{94F5BAE0-90A0-4ACF-8B2E-3EF72177976D}.Debug|x86.Build.0 = Debug|Any CPU
		{94F5BAE0-90A0-4ACF-8B2E-3EF72177976D}.Release|Any CPU.ActiveCfg = Release|Any CPU
		{94F5BAE0-90A0-4ACF-8B2E-3EF72177976D}.Release|Any CPU.Build.0 = Release|Any CPU
		{94F5BAE0-90A0-4ACF-8B2E-3EF72177976D}.Release|x64.ActiveCfg = Release|Any CPU
		{94F5BAE0-90A0-4ACF-8B2E-3EF72177976D}.Release|x64.Build.0 = Release|Any CPU
		{94F5BAE0-90A0-4ACF-8B2E-3EF72177976D}.Release|x86.ActiveCfg = Release|Any CPU
		{94F5BAE0-90A0-4ACF-8B2E-3EF72177976D}.Release|x86.Build.0 = Release|Any CPU
		{0072A280-4C0A-428F-9AE9-809F55A683B1}.Debug|Any CPU.ActiveCfg = Debug|Any CPU
		{0072A280-4C0A-428F-9AE9-809F55A683B1}.Debug|Any CPU.Build.0 = Debug|Any CPU
		{0072A280-4C0A-428F-9AE9-809F55A683B1}.Debug|x64.ActiveCfg = Debug|Any CPU
		{0072A280-4C0A-428F-9AE9-809F55A683B1}.Debug|x64.Build.0 = Debug|Any CPU
		{0072A280-4C0A-428F-9AE9-809F55A683B1}.Debug|x86.ActiveCfg = Debug|Any CPU
		{0072A280-4C0A-428F-9AE9-809F55A683B1}.Debug|x86.Build.0 = Debug|Any CPU
		{0072A280-4C0A-428F-9AE9-809F55A683B1}.Release|Any CPU.ActiveCfg = Release|Any CPU
		{0072A280-4C0A-428F-9AE9-809F55A683B1}.Release|Any CPU.Build.0 = Release|Any CPU
		{0072A280-4C0A-428F-9AE9-809F55A683B1}.Release|x64.ActiveCfg = Release|Any CPU
		{0072A280-4C0A-428F-9AE9-809F55A683B1}.Release|x64.Build.0 = Release|Any CPU
		{0072A280-4C0A-428F-9AE9-809F55A683B1}.Release|x86.ActiveCfg = Release|Any CPU
		{0072A280-4C0A-428F-9AE9-809F55A683B1}.Release|x86.Build.0 = Release|Any CPU
		{8D96532D-5CB2-472A-9170-CD087517E63A}.Debug|Any CPU.ActiveCfg = Debug|Any CPU
		{8D96532D-5CB2-472A-9170-CD087517E63A}.Debug|Any CPU.Build.0 = Debug|Any CPU
		{8D96532D-5CB2-472A-9170-CD087517E63A}.Debug|x64.ActiveCfg = Debug|Any CPU
		{8D96532D-5CB2-472A-9170-CD087517E63A}.Debug|x64.Build.0 = Debug|Any CPU
		{8D96532D-5CB2-472A-9170-CD087517E63A}.Debug|x86.ActiveCfg = Debug|Any CPU
		{8D96532D-5CB2-472A-9170-CD087517E63A}.Debug|x86.Build.0 = Debug|Any CPU
		{8D96532D-5CB2-472A-9170-CD087517E63A}.Release|Any CPU.ActiveCfg = Release|Any CPU
		{8D96532D-5CB2-472A-9170-CD087517E63A}.Release|Any CPU.Build.0 = Release|Any CPU
		{8D96532D-5CB2-472A-9170-CD087517E63A}.Release|x64.ActiveCfg = Release|Any CPU
		{8D96532D-5CB2-472A-9170-CD087517E63A}.Release|x64.Build.0 = Release|Any CPU
		{8D96532D-5CB2-472A-9170-CD087517E63A}.Release|x86.ActiveCfg = Release|Any CPU
		{8D96532D-5CB2-472A-9170-CD087517E63A}.Release|x86.Build.0 = Release|Any CPU
		{D90554A2-2B8A-4D73-BD64-90973F1A6C60}.Debug|Any CPU.ActiveCfg = Debug|Any CPU
		{D90554A2-2B8A-4D73-BD64-90973F1A6C60}.Debug|Any CPU.Build.0 = Debug|Any CPU
		{D90554A2-2B8A-4D73-BD64-90973F1A6C60}.Debug|x64.ActiveCfg = Debug|Any CPU
		{D90554A2-2B8A-4D73-BD64-90973F1A6C60}.Debug|x64.Build.0 = Debug|Any CPU
		{D90554A2-2B8A-4D73-BD64-90973F1A6C60}.Debug|x86.ActiveCfg = Debug|Any CPU
		{D90554A2-2B8A-4D73-BD64-90973F1A6C60}.Debug|x86.Build.0 = Debug|Any CPU
		{D90554A2-2B8A-4D73-BD64-90973F1A6C60}.Release|Any CPU.ActiveCfg = Release|Any CPU
		{D90554A2-2B8A-4D73-BD64-90973F1A6C60}.Release|Any CPU.Build.0 = Release|Any CPU
		{D90554A2-2B8A-4D73-BD64-90973F1A6C60}.Release|x64.ActiveCfg = Release|Any CPU
		{D90554A2-2B8A-4D73-BD64-90973F1A6C60}.Release|x64.Build.0 = Release|Any CPU
		{D90554A2-2B8A-4D73-BD64-90973F1A6C60}.Release|x86.ActiveCfg = Release|Any CPU
		{D90554A2-2B8A-4D73-BD64-90973F1A6C60}.Release|x86.Build.0 = Release|Any CPU
		{91BCF325-DF29-4CAA-9EE7-0C4C2639EF1A}.Debug|Any CPU.ActiveCfg = Debug|Any CPU
		{91BCF325-DF29-4CAA-9EE7-0C4C2639EF1A}.Debug|Any CPU.Build.0 = Debug|Any CPU
		{91BCF325-DF29-4CAA-9EE7-0C4C2639EF1A}.Debug|x64.ActiveCfg = Debug|Any CPU
		{91BCF325-DF29-4CAA-9EE7-0C4C2639EF1A}.Debug|x64.Build.0 = Debug|Any CPU
		{91BCF325-DF29-4CAA-9EE7-0C4C2639EF1A}.Debug|x86.ActiveCfg = Debug|Any CPU
		{91BCF325-DF29-4CAA-9EE7-0C4C2639EF1A}.Debug|x86.Build.0 = Debug|Any CPU
		{91BCF325-DF29-4CAA-9EE7-0C4C2639EF1A}.Release|Any CPU.ActiveCfg = Release|Any CPU
		{91BCF325-DF29-4CAA-9EE7-0C4C2639EF1A}.Release|Any CPU.Build.0 = Release|Any CPU
		{91BCF325-DF29-4CAA-9EE7-0C4C2639EF1A}.Release|x64.ActiveCfg = Release|Any CPU
		{91BCF325-DF29-4CAA-9EE7-0C4C2639EF1A}.Release|x64.Build.0 = Release|Any CPU
		{91BCF325-DF29-4CAA-9EE7-0C4C2639EF1A}.Release|x86.ActiveCfg = Release|Any CPU
		{91BCF325-DF29-4CAA-9EE7-0C4C2639EF1A}.Release|x86.Build.0 = Release|Any CPU
		{33804745-C96D-42C2-91D6-154E431B579A}.Debug|Any CPU.ActiveCfg = Debug|Any CPU
		{33804745-C96D-42C2-91D6-154E431B579A}.Debug|Any CPU.Build.0 = Debug|Any CPU
		{33804745-C96D-42C2-91D6-154E431B579A}.Debug|x64.ActiveCfg = Debug|Any CPU
		{33804745-C96D-42C2-91D6-154E431B579A}.Debug|x64.Build.0 = Debug|Any CPU
		{33804745-C96D-42C2-91D6-154E431B579A}.Debug|x86.ActiveCfg = Debug|Any CPU
		{33804745-C96D-42C2-91D6-154E431B579A}.Debug|x86.Build.0 = Debug|Any CPU
		{33804745-C96D-42C2-91D6-154E431B579A}.Release|Any CPU.ActiveCfg = Release|Any CPU
		{33804745-C96D-42C2-91D6-154E431B579A}.Release|Any CPU.Build.0 = Release|Any CPU
		{33804745-C96D-42C2-91D6-154E431B579A}.Release|x64.ActiveCfg = Release|Any CPU
		{33804745-C96D-42C2-91D6-154E431B579A}.Release|x64.Build.0 = Release|Any CPU
		{33804745-C96D-42C2-91D6-154E431B579A}.Release|x86.ActiveCfg = Release|Any CPU
		{33804745-C96D-42C2-91D6-154E431B579A}.Release|x86.Build.0 = Release|Any CPU
		{88065C8B-B94E-4573-87DA-925B74F929F7}.Debug|Any CPU.ActiveCfg = Debug|Any CPU
		{88065C8B-B94E-4573-87DA-925B74F929F7}.Debug|Any CPU.Build.0 = Debug|Any CPU
		{88065C8B-B94E-4573-87DA-925B74F929F7}.Debug|x64.ActiveCfg = Debug|Any CPU
		{88065C8B-B94E-4573-87DA-925B74F929F7}.Debug|x64.Build.0 = Debug|Any CPU
		{88065C8B-B94E-4573-87DA-925B74F929F7}.Debug|x86.ActiveCfg = Debug|Any CPU
		{88065C8B-B94E-4573-87DA-925B74F929F7}.Debug|x86.Build.0 = Debug|Any CPU
		{88065C8B-B94E-4573-87DA-925B74F929F7}.Release|Any CPU.ActiveCfg = Release|Any CPU
		{88065C8B-B94E-4573-87DA-925B74F929F7}.Release|Any CPU.Build.0 = Release|Any CPU
		{88065C8B-B94E-4573-87DA-925B74F929F7}.Release|x64.ActiveCfg = Release|Any CPU
		{88065C8B-B94E-4573-87DA-925B74F929F7}.Release|x64.Build.0 = Release|Any CPU
		{88065C8B-B94E-4573-87DA-925B74F929F7}.Release|x86.ActiveCfg = Release|Any CPU
		{88065C8B-B94E-4573-87DA-925B74F929F7}.Release|x86.Build.0 = Release|Any CPU
		{F361817F-3FC2-47A5-BEC1-F587877556B7}.Debug|Any CPU.ActiveCfg = Debug|Any CPU
		{F361817F-3FC2-47A5-BEC1-F587877556B7}.Debug|Any CPU.Build.0 = Debug|Any CPU
		{F361817F-3FC2-47A5-BEC1-F587877556B7}.Debug|x64.ActiveCfg = Debug|Any CPU
		{F361817F-3FC2-47A5-BEC1-F587877556B7}.Debug|x64.Build.0 = Debug|Any CPU
		{F361817F-3FC2-47A5-BEC1-F587877556B7}.Debug|x86.ActiveCfg = Debug|Any CPU
		{F361817F-3FC2-47A5-BEC1-F587877556B7}.Debug|x86.Build.0 = Debug|Any CPU
		{F361817F-3FC2-47A5-BEC1-F587877556B7}.Release|Any CPU.ActiveCfg = Release|Any CPU
		{F361817F-3FC2-47A5-BEC1-F587877556B7}.Release|Any CPU.Build.0 = Release|Any CPU
		{F361817F-3FC2-47A5-BEC1-F587877556B7}.Release|x64.ActiveCfg = Release|Any CPU
		{F361817F-3FC2-47A5-BEC1-F587877556B7}.Release|x64.Build.0 = Release|Any CPU
		{F361817F-3FC2-47A5-BEC1-F587877556B7}.Release|x86.ActiveCfg = Release|Any CPU
		{F361817F-3FC2-47A5-BEC1-F587877556B7}.Release|x86.Build.0 = Release|Any CPU
		{960C5550-A334-46D1-A11A-42BEE7F5F6AA}.Debug|Any CPU.ActiveCfg = Debug|Any CPU
		{960C5550-A334-46D1-A11A-42BEE7F5F6AA}.Debug|Any CPU.Build.0 = Debug|Any CPU
		{960C5550-A334-46D1-A11A-42BEE7F5F6AA}.Debug|x64.ActiveCfg = Debug|Any CPU
		{960C5550-A334-46D1-A11A-42BEE7F5F6AA}.Debug|x64.Build.0 = Debug|Any CPU
		{960C5550-A334-46D1-A11A-42BEE7F5F6AA}.Debug|x86.ActiveCfg = Debug|Any CPU
		{960C5550-A334-46D1-A11A-42BEE7F5F6AA}.Debug|x86.Build.0 = Debug|Any CPU
		{960C5550-A334-46D1-A11A-42BEE7F5F6AA}.Release|Any CPU.ActiveCfg = Release|Any CPU
		{960C5550-A334-46D1-A11A-42BEE7F5F6AA}.Release|Any CPU.Build.0 = Release|Any CPU
		{960C5550-A334-46D1-A11A-42BEE7F5F6AA}.Release|x64.ActiveCfg = Release|Any CPU
		{960C5550-A334-46D1-A11A-42BEE7F5F6AA}.Release|x64.Build.0 = Release|Any CPU
		{960C5550-A334-46D1-A11A-42BEE7F5F6AA}.Release|x86.ActiveCfg = Release|Any CPU
		{960C5550-A334-46D1-A11A-42BEE7F5F6AA}.Release|x86.Build.0 = Release|Any CPU
		{B3FFDB51-C747-43B1-9435-F7C0EC7A8860}.Debug|Any CPU.ActiveCfg = Debug|Any CPU
		{B3FFDB51-C747-43B1-9435-F7C0EC7A8860}.Debug|Any CPU.Build.0 = Debug|Any CPU
		{B3FFDB51-C747-43B1-9435-F7C0EC7A8860}.Debug|x64.ActiveCfg = Debug|Any CPU
		{B3FFDB51-C747-43B1-9435-F7C0EC7A8860}.Debug|x64.Build.0 = Debug|Any CPU
		{B3FFDB51-C747-43B1-9435-F7C0EC7A8860}.Debug|x86.ActiveCfg = Debug|Any CPU
		{B3FFDB51-C747-43B1-9435-F7C0EC7A8860}.Debug|x86.Build.0 = Debug|Any CPU
		{B3FFDB51-C747-43B1-9435-F7C0EC7A8860}.Release|Any CPU.ActiveCfg = Release|Any CPU
		{B3FFDB51-C747-43B1-9435-F7C0EC7A8860}.Release|Any CPU.Build.0 = Release|Any CPU
		{B3FFDB51-C747-43B1-9435-F7C0EC7A8860}.Release|x64.ActiveCfg = Release|Any CPU
		{B3FFDB51-C747-43B1-9435-F7C0EC7A8860}.Release|x64.Build.0 = Release|Any CPU
		{B3FFDB51-C747-43B1-9435-F7C0EC7A8860}.Release|x86.ActiveCfg = Release|Any CPU
		{B3FFDB51-C747-43B1-9435-F7C0EC7A8860}.Release|x86.Build.0 = Release|Any CPU
		{8AD0B467-47EB-4740-ADC5-A93E33179C86}.Debug|Any CPU.ActiveCfg = Debug|Any CPU
		{8AD0B467-47EB-4740-ADC5-A93E33179C86}.Debug|Any CPU.Build.0 = Debug|Any CPU
		{8AD0B467-47EB-4740-ADC5-A93E33179C86}.Debug|x64.ActiveCfg = Debug|Any CPU
		{8AD0B467-47EB-4740-ADC5-A93E33179C86}.Debug|x64.Build.0 = Debug|Any CPU
		{8AD0B467-47EB-4740-ADC5-A93E33179C86}.Debug|x86.ActiveCfg = Debug|Any CPU
		{8AD0B467-47EB-4740-ADC5-A93E33179C86}.Debug|x86.Build.0 = Debug|Any CPU
		{8AD0B467-47EB-4740-ADC5-A93E33179C86}.Release|Any CPU.ActiveCfg = Release|Any CPU
		{8AD0B467-47EB-4740-ADC5-A93E33179C86}.Release|Any CPU.Build.0 = Release|Any CPU
		{8AD0B467-47EB-4740-ADC5-A93E33179C86}.Release|x64.ActiveCfg = Release|Any CPU
		{8AD0B467-47EB-4740-ADC5-A93E33179C86}.Release|x64.Build.0 = Release|Any CPU
		{8AD0B467-47EB-4740-ADC5-A93E33179C86}.Release|x86.ActiveCfg = Release|Any CPU
		{8AD0B467-47EB-4740-ADC5-A93E33179C86}.Release|x86.Build.0 = Release|Any CPU
		{567F7CC6-4F7F-40E2-9BD1-525E968FE71E}.Debug|Any CPU.ActiveCfg = Debug|Any CPU
		{567F7CC6-4F7F-40E2-9BD1-525E968FE71E}.Debug|Any CPU.Build.0 = Debug|Any CPU
		{567F7CC6-4F7F-40E2-9BD1-525E968FE71E}.Debug|x64.ActiveCfg = Debug|Any CPU
		{567F7CC6-4F7F-40E2-9BD1-525E968FE71E}.Debug|x64.Build.0 = Debug|Any CPU
		{567F7CC6-4F7F-40E2-9BD1-525E968FE71E}.Debug|x86.ActiveCfg = Debug|Any CPU
		{567F7CC6-4F7F-40E2-9BD1-525E968FE71E}.Debug|x86.Build.0 = Debug|Any CPU
		{567F7CC6-4F7F-40E2-9BD1-525E968FE71E}.Release|Any CPU.ActiveCfg = Release|Any CPU
		{567F7CC6-4F7F-40E2-9BD1-525E968FE71E}.Release|Any CPU.Build.0 = Release|Any CPU
		{567F7CC6-4F7F-40E2-9BD1-525E968FE71E}.Release|x64.ActiveCfg = Release|Any CPU
		{567F7CC6-4F7F-40E2-9BD1-525E968FE71E}.Release|x64.Build.0 = Release|Any CPU
		{567F7CC6-4F7F-40E2-9BD1-525E968FE71E}.Release|x86.ActiveCfg = Release|Any CPU
		{567F7CC6-4F7F-40E2-9BD1-525E968FE71E}.Release|x86.Build.0 = Release|Any CPU
		{A8B0AB43-8182-4FC6-B9A9-27B82038DA05}.Debug|Any CPU.ActiveCfg = Debug|Any CPU
		{A8B0AB43-8182-4FC6-B9A9-27B82038DA05}.Debug|Any CPU.Build.0 = Debug|Any CPU
		{A8B0AB43-8182-4FC6-B9A9-27B82038DA05}.Debug|x64.ActiveCfg = Debug|Any CPU
		{A8B0AB43-8182-4FC6-B9A9-27B82038DA05}.Debug|x64.Build.0 = Debug|Any CPU
		{A8B0AB43-8182-4FC6-B9A9-27B82038DA05}.Debug|x86.ActiveCfg = Debug|Any CPU
		{A8B0AB43-8182-4FC6-B9A9-27B82038DA05}.Debug|x86.Build.0 = Debug|Any CPU
		{A8B0AB43-8182-4FC6-B9A9-27B82038DA05}.Release|Any CPU.ActiveCfg = Release|Any CPU
		{A8B0AB43-8182-4FC6-B9A9-27B82038DA05}.Release|Any CPU.Build.0 = Release|Any CPU
		{A8B0AB43-8182-4FC6-B9A9-27B82038DA05}.Release|x64.ActiveCfg = Release|Any CPU
		{A8B0AB43-8182-4FC6-B9A9-27B82038DA05}.Release|x64.Build.0 = Release|Any CPU
		{A8B0AB43-8182-4FC6-B9A9-27B82038DA05}.Release|x86.ActiveCfg = Release|Any CPU
		{A8B0AB43-8182-4FC6-B9A9-27B82038DA05}.Release|x86.Build.0 = Release|Any CPU
		{822BFFE4-8D9C-4904-BBF5-95A41D27E242}.Debug|Any CPU.ActiveCfg = Debug|Any CPU
		{822BFFE4-8D9C-4904-BBF5-95A41D27E242}.Debug|Any CPU.Build.0 = Debug|Any CPU
		{822BFFE4-8D9C-4904-BBF5-95A41D27E242}.Debug|x64.ActiveCfg = Debug|Any CPU
		{822BFFE4-8D9C-4904-BBF5-95A41D27E242}.Debug|x64.Build.0 = Debug|Any CPU
		{822BFFE4-8D9C-4904-BBF5-95A41D27E242}.Debug|x86.ActiveCfg = Debug|Any CPU
		{822BFFE4-8D9C-4904-BBF5-95A41D27E242}.Debug|x86.Build.0 = Debug|Any CPU
		{822BFFE4-8D9C-4904-BBF5-95A41D27E242}.Release|Any CPU.ActiveCfg = Release|Any CPU
		{822BFFE4-8D9C-4904-BBF5-95A41D27E242}.Release|Any CPU.Build.0 = Release|Any CPU
		{822BFFE4-8D9C-4904-BBF5-95A41D27E242}.Release|x64.ActiveCfg = Release|Any CPU
		{822BFFE4-8D9C-4904-BBF5-95A41D27E242}.Release|x64.Build.0 = Release|Any CPU
		{822BFFE4-8D9C-4904-BBF5-95A41D27E242}.Release|x86.ActiveCfg = Release|Any CPU
		{822BFFE4-8D9C-4904-BBF5-95A41D27E242}.Release|x86.Build.0 = Release|Any CPU
		{2E20134D-C153-46D7-B1FB-15F62BD4A98F}.Debug|Any CPU.ActiveCfg = Debug|Any CPU
		{2E20134D-C153-46D7-B1FB-15F62BD4A98F}.Debug|Any CPU.Build.0 = Debug|Any CPU
		{2E20134D-C153-46D7-B1FB-15F62BD4A98F}.Debug|x64.ActiveCfg = Debug|Any CPU
		{2E20134D-C153-46D7-B1FB-15F62BD4A98F}.Debug|x64.Build.0 = Debug|Any CPU
		{2E20134D-C153-46D7-B1FB-15F62BD4A98F}.Debug|x86.ActiveCfg = Debug|Any CPU
		{2E20134D-C153-46D7-B1FB-15F62BD4A98F}.Debug|x86.Build.0 = Debug|Any CPU
		{2E20134D-C153-46D7-B1FB-15F62BD4A98F}.Release|Any CPU.ActiveCfg = Release|Any CPU
		{2E20134D-C153-46D7-B1FB-15F62BD4A98F}.Release|Any CPU.Build.0 = Release|Any CPU
		{2E20134D-C153-46D7-B1FB-15F62BD4A98F}.Release|x64.ActiveCfg = Release|Any CPU
		{2E20134D-C153-46D7-B1FB-15F62BD4A98F}.Release|x64.Build.0 = Release|Any CPU
		{2E20134D-C153-46D7-B1FB-15F62BD4A98F}.Release|x86.ActiveCfg = Release|Any CPU
		{2E20134D-C153-46D7-B1FB-15F62BD4A98F}.Release|x86.Build.0 = Release|Any CPU
		{8FB108A1-DEF7-4773-B2CC-E90158693341}.Debug|Any CPU.ActiveCfg = Debug|Any CPU
		{8FB108A1-DEF7-4773-B2CC-E90158693341}.Debug|Any CPU.Build.0 = Debug|Any CPU
		{8FB108A1-DEF7-4773-B2CC-E90158693341}.Debug|x64.ActiveCfg = Debug|Any CPU
		{8FB108A1-DEF7-4773-B2CC-E90158693341}.Debug|x64.Build.0 = Debug|Any CPU
		{8FB108A1-DEF7-4773-B2CC-E90158693341}.Debug|x86.ActiveCfg = Debug|Any CPU
		{8FB108A1-DEF7-4773-B2CC-E90158693341}.Debug|x86.Build.0 = Debug|Any CPU
		{8FB108A1-DEF7-4773-B2CC-E90158693341}.Release|Any CPU.ActiveCfg = Release|Any CPU
		{8FB108A1-DEF7-4773-B2CC-E90158693341}.Release|Any CPU.Build.0 = Release|Any CPU
		{8FB108A1-DEF7-4773-B2CC-E90158693341}.Release|x64.ActiveCfg = Release|Any CPU
		{8FB108A1-DEF7-4773-B2CC-E90158693341}.Release|x64.Build.0 = Release|Any CPU
		{8FB108A1-DEF7-4773-B2CC-E90158693341}.Release|x86.ActiveCfg = Release|Any CPU
		{8FB108A1-DEF7-4773-B2CC-E90158693341}.Release|x86.Build.0 = Release|Any CPU
		{EA8C5ABC-C23E-4699-81A1-CDB639A7A2C7}.Debug|Any CPU.ActiveCfg = Debug|Any CPU
		{EA8C5ABC-C23E-4699-81A1-CDB639A7A2C7}.Debug|Any CPU.Build.0 = Debug|Any CPU
		{EA8C5ABC-C23E-4699-81A1-CDB639A7A2C7}.Debug|x64.ActiveCfg = Debug|Any CPU
		{EA8C5ABC-C23E-4699-81A1-CDB639A7A2C7}.Debug|x64.Build.0 = Debug|Any CPU
		{EA8C5ABC-C23E-4699-81A1-CDB639A7A2C7}.Debug|x86.ActiveCfg = Debug|Any CPU
		{EA8C5ABC-C23E-4699-81A1-CDB639A7A2C7}.Debug|x86.Build.0 = Debug|Any CPU
		{EA8C5ABC-C23E-4699-81A1-CDB639A7A2C7}.Release|Any CPU.ActiveCfg = Release|Any CPU
		{EA8C5ABC-C23E-4699-81A1-CDB639A7A2C7}.Release|Any CPU.Build.0 = Release|Any CPU
		{EA8C5ABC-C23E-4699-81A1-CDB639A7A2C7}.Release|x64.ActiveCfg = Release|Any CPU
		{EA8C5ABC-C23E-4699-81A1-CDB639A7A2C7}.Release|x64.Build.0 = Release|Any CPU
		{EA8C5ABC-C23E-4699-81A1-CDB639A7A2C7}.Release|x86.ActiveCfg = Release|Any CPU
		{EA8C5ABC-C23E-4699-81A1-CDB639A7A2C7}.Release|x86.Build.0 = Release|Any CPU
		{218A86EF-332C-48CF-AFBE-B73214417419}.Debug|Any CPU.ActiveCfg = Debug|Any CPU
		{218A86EF-332C-48CF-AFBE-B73214417419}.Debug|Any CPU.Build.0 = Debug|Any CPU
		{218A86EF-332C-48CF-AFBE-B73214417419}.Debug|x64.ActiveCfg = Debug|Any CPU
		{218A86EF-332C-48CF-AFBE-B73214417419}.Debug|x64.Build.0 = Debug|Any CPU
		{218A86EF-332C-48CF-AFBE-B73214417419}.Debug|x86.ActiveCfg = Debug|Any CPU
		{218A86EF-332C-48CF-AFBE-B73214417419}.Debug|x86.Build.0 = Debug|Any CPU
		{218A86EF-332C-48CF-AFBE-B73214417419}.Release|Any CPU.ActiveCfg = Release|Any CPU
		{218A86EF-332C-48CF-AFBE-B73214417419}.Release|Any CPU.Build.0 = Release|Any CPU
		{218A86EF-332C-48CF-AFBE-B73214417419}.Release|x64.ActiveCfg = Release|Any CPU
		{218A86EF-332C-48CF-AFBE-B73214417419}.Release|x64.Build.0 = Release|Any CPU
		{218A86EF-332C-48CF-AFBE-B73214417419}.Release|x86.ActiveCfg = Release|Any CPU
		{218A86EF-332C-48CF-AFBE-B73214417419}.Release|x86.Build.0 = Release|Any CPU
		{9C6558D2-6580-4825-BC78-D0A60AE04308}.Debug|Any CPU.ActiveCfg = Debug|Any CPU
		{9C6558D2-6580-4825-BC78-D0A60AE04308}.Debug|Any CPU.Build.0 = Debug|Any CPU
		{9C6558D2-6580-4825-BC78-D0A60AE04308}.Debug|x64.ActiveCfg = Debug|Any CPU
		{9C6558D2-6580-4825-BC78-D0A60AE04308}.Debug|x64.Build.0 = Debug|Any CPU
		{9C6558D2-6580-4825-BC78-D0A60AE04308}.Debug|x86.ActiveCfg = Debug|Any CPU
		{9C6558D2-6580-4825-BC78-D0A60AE04308}.Debug|x86.Build.0 = Debug|Any CPU
		{9C6558D2-6580-4825-BC78-D0A60AE04308}.Release|Any CPU.ActiveCfg = Release|Any CPU
		{9C6558D2-6580-4825-BC78-D0A60AE04308}.Release|Any CPU.Build.0 = Release|Any CPU
		{9C6558D2-6580-4825-BC78-D0A60AE04308}.Release|x64.ActiveCfg = Release|Any CPU
		{9C6558D2-6580-4825-BC78-D0A60AE04308}.Release|x64.Build.0 = Release|Any CPU
		{9C6558D2-6580-4825-BC78-D0A60AE04308}.Release|x86.ActiveCfg = Release|Any CPU
		{9C6558D2-6580-4825-BC78-D0A60AE04308}.Release|x86.Build.0 = Release|Any CPU
		{46FF5909-4CA4-4F0F-BDFF-4AFF76E46C0F}.Debug|Any CPU.ActiveCfg = Debug|Any CPU
		{46FF5909-4CA4-4F0F-BDFF-4AFF76E46C0F}.Debug|Any CPU.Build.0 = Debug|Any CPU
		{46FF5909-4CA4-4F0F-BDFF-4AFF76E46C0F}.Debug|x64.ActiveCfg = Debug|Any CPU
		{46FF5909-4CA4-4F0F-BDFF-4AFF76E46C0F}.Debug|x64.Build.0 = Debug|Any CPU
		{46FF5909-4CA4-4F0F-BDFF-4AFF76E46C0F}.Debug|x86.ActiveCfg = Debug|Any CPU
		{46FF5909-4CA4-4F0F-BDFF-4AFF76E46C0F}.Debug|x86.Build.0 = Debug|Any CPU
		{46FF5909-4CA4-4F0F-BDFF-4AFF76E46C0F}.Release|Any CPU.ActiveCfg = Release|Any CPU
		{46FF5909-4CA4-4F0F-BDFF-4AFF76E46C0F}.Release|Any CPU.Build.0 = Release|Any CPU
		{46FF5909-4CA4-4F0F-BDFF-4AFF76E46C0F}.Release|x64.ActiveCfg = Release|Any CPU
		{46FF5909-4CA4-4F0F-BDFF-4AFF76E46C0F}.Release|x64.Build.0 = Release|Any CPU
		{46FF5909-4CA4-4F0F-BDFF-4AFF76E46C0F}.Release|x86.ActiveCfg = Release|Any CPU
		{46FF5909-4CA4-4F0F-BDFF-4AFF76E46C0F}.Release|x86.Build.0 = Release|Any CPU
		{40DE3C9B-850D-469B-BED8-2480BCC985FA}.Debug|Any CPU.ActiveCfg = Debug|Any CPU
		{40DE3C9B-850D-469B-BED8-2480BCC985FA}.Debug|Any CPU.Build.0 = Debug|Any CPU
		{40DE3C9B-850D-469B-BED8-2480BCC985FA}.Debug|x64.ActiveCfg = Debug|Any CPU
		{40DE3C9B-850D-469B-BED8-2480BCC985FA}.Debug|x64.Build.0 = Debug|Any CPU
		{40DE3C9B-850D-469B-BED8-2480BCC985FA}.Debug|x86.ActiveCfg = Debug|Any CPU
		{40DE3C9B-850D-469B-BED8-2480BCC985FA}.Debug|x86.Build.0 = Debug|Any CPU
		{40DE3C9B-850D-469B-BED8-2480BCC985FA}.Release|Any CPU.ActiveCfg = Release|Any CPU
		{40DE3C9B-850D-469B-BED8-2480BCC985FA}.Release|Any CPU.Build.0 = Release|Any CPU
		{40DE3C9B-850D-469B-BED8-2480BCC985FA}.Release|x64.ActiveCfg = Release|Any CPU
		{40DE3C9B-850D-469B-BED8-2480BCC985FA}.Release|x64.Build.0 = Release|Any CPU
		{40DE3C9B-850D-469B-BED8-2480BCC985FA}.Release|x86.ActiveCfg = Release|Any CPU
		{40DE3C9B-850D-469B-BED8-2480BCC985FA}.Release|x86.Build.0 = Release|Any CPU
		{DCDECFA2-223C-48F9-BA7B-5133F1474F0B}.Debug|Any CPU.ActiveCfg = Debug|Any CPU
		{DCDECFA2-223C-48F9-BA7B-5133F1474F0B}.Debug|Any CPU.Build.0 = Debug|Any CPU
		{DCDECFA2-223C-48F9-BA7B-5133F1474F0B}.Debug|x64.ActiveCfg = Debug|Any CPU
		{DCDECFA2-223C-48F9-BA7B-5133F1474F0B}.Debug|x64.Build.0 = Debug|Any CPU
		{DCDECFA2-223C-48F9-BA7B-5133F1474F0B}.Debug|x86.ActiveCfg = Debug|Any CPU
		{DCDECFA2-223C-48F9-BA7B-5133F1474F0B}.Debug|x86.Build.0 = Debug|Any CPU
		{DCDECFA2-223C-48F9-BA7B-5133F1474F0B}.Release|Any CPU.ActiveCfg = Release|Any CPU
		{DCDECFA2-223C-48F9-BA7B-5133F1474F0B}.Release|Any CPU.Build.0 = Release|Any CPU
		{DCDECFA2-223C-48F9-BA7B-5133F1474F0B}.Release|x64.ActiveCfg = Release|Any CPU
		{DCDECFA2-223C-48F9-BA7B-5133F1474F0B}.Release|x64.Build.0 = Release|Any CPU
		{DCDECFA2-223C-48F9-BA7B-5133F1474F0B}.Release|x86.ActiveCfg = Release|Any CPU
		{DCDECFA2-223C-48F9-BA7B-5133F1474F0B}.Release|x86.Build.0 = Release|Any CPU
		{3B3ADB35-9C37-4B34-A082-7E6F31E0A85D}.Debug|Any CPU.ActiveCfg = Debug|Any CPU
		{3B3ADB35-9C37-4B34-A082-7E6F31E0A85D}.Debug|Any CPU.Build.0 = Debug|Any CPU
		{3B3ADB35-9C37-4B34-A082-7E6F31E0A85D}.Debug|x64.ActiveCfg = Debug|Any CPU
		{3B3ADB35-9C37-4B34-A082-7E6F31E0A85D}.Debug|x64.Build.0 = Debug|Any CPU
		{3B3ADB35-9C37-4B34-A082-7E6F31E0A85D}.Debug|x86.ActiveCfg = Debug|Any CPU
		{3B3ADB35-9C37-4B34-A082-7E6F31E0A85D}.Debug|x86.Build.0 = Debug|Any CPU
		{3B3ADB35-9C37-4B34-A082-7E6F31E0A85D}.Release|Any CPU.ActiveCfg = Release|Any CPU
		{3B3ADB35-9C37-4B34-A082-7E6F31E0A85D}.Release|Any CPU.Build.0 = Release|Any CPU
		{3B3ADB35-9C37-4B34-A082-7E6F31E0A85D}.Release|x64.ActiveCfg = Release|Any CPU
		{3B3ADB35-9C37-4B34-A082-7E6F31E0A85D}.Release|x64.Build.0 = Release|Any CPU
		{3B3ADB35-9C37-4B34-A082-7E6F31E0A85D}.Release|x86.ActiveCfg = Release|Any CPU
		{3B3ADB35-9C37-4B34-A082-7E6F31E0A85D}.Release|x86.Build.0 = Release|Any CPU
		{A0A21A7B-8934-4151-99FA-1A29246B033A}.Debug|Any CPU.ActiveCfg = Debug|Any CPU
		{A0A21A7B-8934-4151-99FA-1A29246B033A}.Debug|Any CPU.Build.0 = Debug|Any CPU
		{A0A21A7B-8934-4151-99FA-1A29246B033A}.Debug|x64.ActiveCfg = Debug|Any CPU
		{A0A21A7B-8934-4151-99FA-1A29246B033A}.Debug|x64.Build.0 = Debug|Any CPU
		{A0A21A7B-8934-4151-99FA-1A29246B033A}.Debug|x86.ActiveCfg = Debug|Any CPU
		{A0A21A7B-8934-4151-99FA-1A29246B033A}.Debug|x86.Build.0 = Debug|Any CPU
		{A0A21A7B-8934-4151-99FA-1A29246B033A}.Release|Any CPU.ActiveCfg = Release|Any CPU
		{A0A21A7B-8934-4151-99FA-1A29246B033A}.Release|Any CPU.Build.0 = Release|Any CPU
		{A0A21A7B-8934-4151-99FA-1A29246B033A}.Release|x64.ActiveCfg = Release|Any CPU
		{A0A21A7B-8934-4151-99FA-1A29246B033A}.Release|x64.Build.0 = Release|Any CPU
		{A0A21A7B-8934-4151-99FA-1A29246B033A}.Release|x86.ActiveCfg = Release|Any CPU
		{A0A21A7B-8934-4151-99FA-1A29246B033A}.Release|x86.Build.0 = Release|Any CPU
		{156C56A1-5444-46D6-B48A-83B37B9D0EE4}.Debug|Any CPU.ActiveCfg = Debug|Any CPU
		{156C56A1-5444-46D6-B48A-83B37B9D0EE4}.Debug|Any CPU.Build.0 = Debug|Any CPU
		{156C56A1-5444-46D6-B48A-83B37B9D0EE4}.Debug|x64.ActiveCfg = Debug|Any CPU
		{156C56A1-5444-46D6-B48A-83B37B9D0EE4}.Debug|x64.Build.0 = Debug|Any CPU
		{156C56A1-5444-46D6-B48A-83B37B9D0EE4}.Debug|x86.ActiveCfg = Debug|Any CPU
		{156C56A1-5444-46D6-B48A-83B37B9D0EE4}.Debug|x86.Build.0 = Debug|Any CPU
		{156C56A1-5444-46D6-B48A-83B37B9D0EE4}.Release|Any CPU.ActiveCfg = Release|Any CPU
		{156C56A1-5444-46D6-B48A-83B37B9D0EE4}.Release|Any CPU.Build.0 = Release|Any CPU
		{156C56A1-5444-46D6-B48A-83B37B9D0EE4}.Release|x64.ActiveCfg = Release|Any CPU
		{156C56A1-5444-46D6-B48A-83B37B9D0EE4}.Release|x64.Build.0 = Release|Any CPU
		{156C56A1-5444-46D6-B48A-83B37B9D0EE4}.Release|x86.ActiveCfg = Release|Any CPU
		{156C56A1-5444-46D6-B48A-83B37B9D0EE4}.Release|x86.Build.0 = Release|Any CPU
		{53DCB513-29B2-4D44-9512-5C4055736F36}.Debug|Any CPU.ActiveCfg = Debug|Any CPU
		{53DCB513-29B2-4D44-9512-5C4055736F36}.Debug|Any CPU.Build.0 = Debug|Any CPU
		{53DCB513-29B2-4D44-9512-5C4055736F36}.Debug|x64.ActiveCfg = Debug|Any CPU
		{53DCB513-29B2-4D44-9512-5C4055736F36}.Debug|x64.Build.0 = Debug|Any CPU
		{53DCB513-29B2-4D44-9512-5C4055736F36}.Debug|x86.ActiveCfg = Debug|Any CPU
		{53DCB513-29B2-4D44-9512-5C4055736F36}.Debug|x86.Build.0 = Debug|Any CPU
		{53DCB513-29B2-4D44-9512-5C4055736F36}.Release|Any CPU.ActiveCfg = Release|Any CPU
		{53DCB513-29B2-4D44-9512-5C4055736F36}.Release|Any CPU.Build.0 = Release|Any CPU
		{53DCB513-29B2-4D44-9512-5C4055736F36}.Release|x64.ActiveCfg = Release|Any CPU
		{53DCB513-29B2-4D44-9512-5C4055736F36}.Release|x64.Build.0 = Release|Any CPU
		{53DCB513-29B2-4D44-9512-5C4055736F36}.Release|x86.ActiveCfg = Release|Any CPU
		{53DCB513-29B2-4D44-9512-5C4055736F36}.Release|x86.Build.0 = Release|Any CPU
		{E8F4A5C0-9D93-4DFB-BEE8-0B8578195442}.Debug|Any CPU.ActiveCfg = Debug|Any CPU
		{E8F4A5C0-9D93-4DFB-BEE8-0B8578195442}.Debug|Any CPU.Build.0 = Debug|Any CPU
		{E8F4A5C0-9D93-4DFB-BEE8-0B8578195442}.Debug|x64.ActiveCfg = Debug|Any CPU
		{E8F4A5C0-9D93-4DFB-BEE8-0B8578195442}.Debug|x64.Build.0 = Debug|Any CPU
		{E8F4A5C0-9D93-4DFB-BEE8-0B8578195442}.Debug|x86.ActiveCfg = Debug|Any CPU
		{E8F4A5C0-9D93-4DFB-BEE8-0B8578195442}.Debug|x86.Build.0 = Debug|Any CPU
		{E8F4A5C0-9D93-4DFB-BEE8-0B8578195442}.Release|Any CPU.ActiveCfg = Release|Any CPU
		{E8F4A5C0-9D93-4DFB-BEE8-0B8578195442}.Release|Any CPU.Build.0 = Release|Any CPU
		{E8F4A5C0-9D93-4DFB-BEE8-0B8578195442}.Release|x64.ActiveCfg = Release|Any CPU
		{E8F4A5C0-9D93-4DFB-BEE8-0B8578195442}.Release|x64.Build.0 = Release|Any CPU
		{E8F4A5C0-9D93-4DFB-BEE8-0B8578195442}.Release|x86.ActiveCfg = Release|Any CPU
		{E8F4A5C0-9D93-4DFB-BEE8-0B8578195442}.Release|x86.Build.0 = Release|Any CPU
		{A2184F32-1326-48DF-8809-D3E7C1159609}.Debug|Any CPU.ActiveCfg = Debug|Any CPU
		{A2184F32-1326-48DF-8809-D3E7C1159609}.Debug|Any CPU.Build.0 = Debug|Any CPU
		{A2184F32-1326-48DF-8809-D3E7C1159609}.Debug|x64.ActiveCfg = Debug|Any CPU
		{A2184F32-1326-48DF-8809-D3E7C1159609}.Debug|x64.Build.0 = Debug|Any CPU
		{A2184F32-1326-48DF-8809-D3E7C1159609}.Debug|x86.ActiveCfg = Debug|Any CPU
		{A2184F32-1326-48DF-8809-D3E7C1159609}.Debug|x86.Build.0 = Debug|Any CPU
		{A2184F32-1326-48DF-8809-D3E7C1159609}.Release|Any CPU.ActiveCfg = Release|Any CPU
		{A2184F32-1326-48DF-8809-D3E7C1159609}.Release|Any CPU.Build.0 = Release|Any CPU
		{A2184F32-1326-48DF-8809-D3E7C1159609}.Release|x64.ActiveCfg = Release|Any CPU
		{A2184F32-1326-48DF-8809-D3E7C1159609}.Release|x64.Build.0 = Release|Any CPU
		{A2184F32-1326-48DF-8809-D3E7C1159609}.Release|x86.ActiveCfg = Release|Any CPU
		{A2184F32-1326-48DF-8809-D3E7C1159609}.Release|x86.Build.0 = Release|Any CPU
		{D9DDA68F-A5BE-4228-9471-260CCAAFE629}.Debug|Any CPU.ActiveCfg = Debug|Any CPU
		{D9DDA68F-A5BE-4228-9471-260CCAAFE629}.Debug|Any CPU.Build.0 = Debug|Any CPU
		{D9DDA68F-A5BE-4228-9471-260CCAAFE629}.Debug|x64.ActiveCfg = Debug|Any CPU
		{D9DDA68F-A5BE-4228-9471-260CCAAFE629}.Debug|x64.Build.0 = Debug|Any CPU
		{D9DDA68F-A5BE-4228-9471-260CCAAFE629}.Debug|x86.ActiveCfg = Debug|Any CPU
		{D9DDA68F-A5BE-4228-9471-260CCAAFE629}.Debug|x86.Build.0 = Debug|Any CPU
		{D9DDA68F-A5BE-4228-9471-260CCAAFE629}.Release|Any CPU.ActiveCfg = Release|Any CPU
		{D9DDA68F-A5BE-4228-9471-260CCAAFE629}.Release|Any CPU.Build.0 = Release|Any CPU
		{D9DDA68F-A5BE-4228-9471-260CCAAFE629}.Release|x64.ActiveCfg = Release|Any CPU
		{D9DDA68F-A5BE-4228-9471-260CCAAFE629}.Release|x64.Build.0 = Release|Any CPU
		{D9DDA68F-A5BE-4228-9471-260CCAAFE629}.Release|x86.ActiveCfg = Release|Any CPU
		{D9DDA68F-A5BE-4228-9471-260CCAAFE629}.Release|x86.Build.0 = Release|Any CPU
		{211051DF-F4F9-45A6-8D98-BA55D75DD4D0}.Debug|Any CPU.ActiveCfg = Debug|Any CPU
		{211051DF-F4F9-45A6-8D98-BA55D75DD4D0}.Debug|Any CPU.Build.0 = Debug|Any CPU
		{211051DF-F4F9-45A6-8D98-BA55D75DD4D0}.Debug|x64.ActiveCfg = Debug|Any CPU
		{211051DF-F4F9-45A6-8D98-BA55D75DD4D0}.Debug|x64.Build.0 = Debug|Any CPU
		{211051DF-F4F9-45A6-8D98-BA55D75DD4D0}.Debug|x86.ActiveCfg = Debug|Any CPU
		{211051DF-F4F9-45A6-8D98-BA55D75DD4D0}.Debug|x86.Build.0 = Debug|Any CPU
		{211051DF-F4F9-45A6-8D98-BA55D75DD4D0}.Release|Any CPU.ActiveCfg = Release|Any CPU
		{211051DF-F4F9-45A6-8D98-BA55D75DD4D0}.Release|Any CPU.Build.0 = Release|Any CPU
		{211051DF-F4F9-45A6-8D98-BA55D75DD4D0}.Release|x64.ActiveCfg = Release|Any CPU
		{211051DF-F4F9-45A6-8D98-BA55D75DD4D0}.Release|x64.Build.0 = Release|Any CPU
		{211051DF-F4F9-45A6-8D98-BA55D75DD4D0}.Release|x86.ActiveCfg = Release|Any CPU
		{211051DF-F4F9-45A6-8D98-BA55D75DD4D0}.Release|x86.Build.0 = Release|Any CPU
		{70E8C25D-4CAA-4504-BCA0-646944667DFB}.Debug|Any CPU.ActiveCfg = Debug|Any CPU
		{70E8C25D-4CAA-4504-BCA0-646944667DFB}.Debug|Any CPU.Build.0 = Debug|Any CPU
		{70E8C25D-4CAA-4504-BCA0-646944667DFB}.Debug|x64.ActiveCfg = Debug|Any CPU
		{70E8C25D-4CAA-4504-BCA0-646944667DFB}.Debug|x64.Build.0 = Debug|Any CPU
		{70E8C25D-4CAA-4504-BCA0-646944667DFB}.Debug|x86.ActiveCfg = Debug|Any CPU
		{70E8C25D-4CAA-4504-BCA0-646944667DFB}.Debug|x86.Build.0 = Debug|Any CPU
		{70E8C25D-4CAA-4504-BCA0-646944667DFB}.Release|Any CPU.ActiveCfg = Release|Any CPU
		{70E8C25D-4CAA-4504-BCA0-646944667DFB}.Release|Any CPU.Build.0 = Release|Any CPU
		{70E8C25D-4CAA-4504-BCA0-646944667DFB}.Release|x64.ActiveCfg = Release|Any CPU
		{70E8C25D-4CAA-4504-BCA0-646944667DFB}.Release|x64.Build.0 = Release|Any CPU
		{70E8C25D-4CAA-4504-BCA0-646944667DFB}.Release|x86.ActiveCfg = Release|Any CPU
		{70E8C25D-4CAA-4504-BCA0-646944667DFB}.Release|x86.Build.0 = Release|Any CPU
		{AFAE9448-5991-4F94-A1C6-FF77D8BDE177}.Debug|Any CPU.ActiveCfg = Debug|Any CPU
		{AFAE9448-5991-4F94-A1C6-FF77D8BDE177}.Debug|Any CPU.Build.0 = Debug|Any CPU
		{AFAE9448-5991-4F94-A1C6-FF77D8BDE177}.Debug|x64.ActiveCfg = Debug|Any CPU
		{AFAE9448-5991-4F94-A1C6-FF77D8BDE177}.Debug|x64.Build.0 = Debug|Any CPU
		{AFAE9448-5991-4F94-A1C6-FF77D8BDE177}.Debug|x86.ActiveCfg = Debug|Any CPU
		{AFAE9448-5991-4F94-A1C6-FF77D8BDE177}.Debug|x86.Build.0 = Debug|Any CPU
		{AFAE9448-5991-4F94-A1C6-FF77D8BDE177}.Release|Any CPU.ActiveCfg = Release|Any CPU
		{AFAE9448-5991-4F94-A1C6-FF77D8BDE177}.Release|Any CPU.Build.0 = Release|Any CPU
		{AFAE9448-5991-4F94-A1C6-FF77D8BDE177}.Release|x64.ActiveCfg = Release|Any CPU
		{AFAE9448-5991-4F94-A1C6-FF77D8BDE177}.Release|x64.Build.0 = Release|Any CPU
		{AFAE9448-5991-4F94-A1C6-FF77D8BDE177}.Release|x86.ActiveCfg = Release|Any CPU
		{AFAE9448-5991-4F94-A1C6-FF77D8BDE177}.Release|x86.Build.0 = Release|Any CPU
		{1EC8DB25-0504-4753-97E1-F19FA44C809D}.Debug|Any CPU.ActiveCfg = Debug|Any CPU
		{1EC8DB25-0504-4753-97E1-F19FA44C809D}.Debug|Any CPU.Build.0 = Debug|Any CPU
		{1EC8DB25-0504-4753-97E1-F19FA44C809D}.Debug|x64.ActiveCfg = Debug|Any CPU
		{1EC8DB25-0504-4753-97E1-F19FA44C809D}.Debug|x64.Build.0 = Debug|Any CPU
		{1EC8DB25-0504-4753-97E1-F19FA44C809D}.Debug|x86.ActiveCfg = Debug|Any CPU
		{1EC8DB25-0504-4753-97E1-F19FA44C809D}.Debug|x86.Build.0 = Debug|Any CPU
		{1EC8DB25-0504-4753-97E1-F19FA44C809D}.Release|Any CPU.ActiveCfg = Release|Any CPU
		{1EC8DB25-0504-4753-97E1-F19FA44C809D}.Release|Any CPU.Build.0 = Release|Any CPU
		{1EC8DB25-0504-4753-97E1-F19FA44C809D}.Release|x64.ActiveCfg = Release|Any CPU
		{1EC8DB25-0504-4753-97E1-F19FA44C809D}.Release|x64.Build.0 = Release|Any CPU
		{1EC8DB25-0504-4753-97E1-F19FA44C809D}.Release|x86.ActiveCfg = Release|Any CPU
		{1EC8DB25-0504-4753-97E1-F19FA44C809D}.Release|x86.Build.0 = Release|Any CPU
	EndGlobalSection
	GlobalSection(SolutionProperties) = preSolution
		HideSolutionNode = FALSE
	EndGlobalSection
	GlobalSection(NestedProjects) = preSolution
		{C5A3B5EA-BE9F-76E5-E9B8-8A22B289B295} = {827E0CD3-B72D-47B6-A68D-7590B98EB39B}
		{41C4E480-1646-14F6-B3D3-BC767D34CE4E} = {C5A3B5EA-BE9F-76E5-E9B8-8A22B289B295}
		{190261C8-9A6C-31BD-C0B9-DAAA9170F8C4} = {41C4E480-1646-14F6-B3D3-BC767D34CE4E}
		{0BEFBFCE-E6D1-4CED-8045-B6A46FF2E2F2} = {190261C8-9A6C-31BD-C0B9-DAAA9170F8C4}
		{F7194803-F50D-4604-90B1-8F669113D157} = {190261C8-9A6C-31BD-C0B9-DAAA9170F8C4}
		{C8E42992-5E42-0C2B-DBFE-AA848D06431C} = {827E0CD3-B72D-47B6-A68D-7590B98EB39B}
		{5D07025C-F418-4542-8C7A-F77F872860EC} = {C8E42992-5E42-0C2B-DBFE-AA848D06431C}
		{7D06267F-935A-4988-B075-1943F5DF0274} = {C8E42992-5E42-0C2B-DBFE-AA848D06431C}
		{F31DC9DD-8581-49B6-9EF3-82DF28303BA6} = {C8E42992-5E42-0C2B-DBFE-AA848D06431C}
		{28539453-E9F0-44E4-A64F-24530656F782} = {C8E42992-5E42-0C2B-DBFE-AA848D06431C}
		{6FB7EB7C-DAA1-4F07-9145-75687D9FAC7F} = {C8E42992-5E42-0C2B-DBFE-AA848D06431C}
		{C7017F2B-5EAB-48F2-A6FE-4CFC70499F31} = {C8E42992-5E42-0C2B-DBFE-AA848D06431C}
		{0EDC7E92-B932-4DED-8D21-1E344EB3F68B} = {C8E42992-5E42-0C2B-DBFE-AA848D06431C}
		{DEC6845A-709D-4240-BCBA-491C6B8E93ED} = {190261C8-9A6C-31BD-C0B9-DAAA9170F8C4}
		{AF6ABD8B-9653-48D4-BF24-841A88C260B4} = {190261C8-9A6C-31BD-C0B9-DAAA9170F8C4}
		{11339506-DCEF-4BB2-8123-39C8280549FF} = {190261C8-9A6C-31BD-C0B9-DAAA9170F8C4}
		{E6B48023-E680-40DA-9E17-319585C26937} = {827E0CD3-B72D-47B6-A68D-7590B98EB39B}
		{81EE2600-EA74-F147-AE69-855A2476867B} = {E6B48023-E680-40DA-9E17-319585C26937}
		{17B4C5DB-FE3D-4E45-980D-8A9DF82F9004} = {81EE2600-EA74-F147-AE69-855A2476867B}
		{CF005C85-EDCA-4232-B9D2-D853BDD6490A} = {C8E42992-5E42-0C2B-DBFE-AA848D06431C}
		{94F5BAE0-90A0-4ACF-8B2E-3EF72177976D} = {190261C8-9A6C-31BD-C0B9-DAAA9170F8C4}
		{0072A280-4C0A-428F-9AE9-809F55A683B1} = {190261C8-9A6C-31BD-C0B9-DAAA9170F8C4}
		{8D96532D-5CB2-472A-9170-CD087517E63A} = {190261C8-9A6C-31BD-C0B9-DAAA9170F8C4}
		{3DAD9A32-9023-DF96-AB9D-08893DF40240} = {41C4E480-1646-14F6-B3D3-BC767D34CE4E}
		{D90554A2-2B8A-4D73-BD64-90973F1A6C60} = {3DAD9A32-9023-DF96-AB9D-08893DF40240}
		{91BCF325-DF29-4CAA-9EE7-0C4C2639EF1A} = {3DAD9A32-9023-DF96-AB9D-08893DF40240}
		{33804745-C96D-42C2-91D6-154E431B579A} = {3DAD9A32-9023-DF96-AB9D-08893DF40240}
		{88065C8B-B94E-4573-87DA-925B74F929F7} = {3DAD9A32-9023-DF96-AB9D-08893DF40240}
		{F361817F-3FC2-47A5-BEC1-F587877556B7} = {3DAD9A32-9023-DF96-AB9D-08893DF40240}
		{960C5550-A334-46D1-A11A-42BEE7F5F6AA} = {3DAD9A32-9023-DF96-AB9D-08893DF40240}
		{B3FFDB51-C747-43B1-9435-F7C0EC7A8860} = {3DAD9A32-9023-DF96-AB9D-08893DF40240}
		{8AD0B467-47EB-4740-ADC5-A93E33179C86} = {3DAD9A32-9023-DF96-AB9D-08893DF40240}
		{FF1C1E78-1D81-E25B-58CC-69C6BBFB3E4F} = {41C4E480-1646-14F6-B3D3-BC767D34CE4E}
		{567F7CC6-4F7F-40E2-9BD1-525E968FE71E} = {FF1C1E78-1D81-E25B-58CC-69C6BBFB3E4F}
		{A8B0AB43-8182-4FC6-B9A9-27B82038DA05} = {FF1C1E78-1D81-E25B-58CC-69C6BBFB3E4F}
		{C49974A4-E2FB-D20B-9B92-3944C2676EA6} = {41C4E480-1646-14F6-B3D3-BC767D34CE4E}
		{822BFFE4-8D9C-4904-BBF5-95A41D27E242} = {C49974A4-E2FB-D20B-9B92-3944C2676EA6}
		{2E20134D-C153-46D7-B1FB-15F62BD4A98F} = {81EE2600-EA74-F147-AE69-855A2476867B}
		{3EAA1022-078B-7EEC-88C8-12280A6EA069} = {E6B48023-E680-40DA-9E17-319585C26937}
		{8FB108A1-DEF7-4773-B2CC-E90158693341} = {3EAA1022-078B-7EEC-88C8-12280A6EA069}
		{EA8C5ABC-C23E-4699-81A1-CDB639A7A2C7} = {3EAA1022-078B-7EEC-88C8-12280A6EA069}
		{218A86EF-332C-48CF-AFBE-B73214417419} = {3EAA1022-078B-7EEC-88C8-12280A6EA069}
		{9C6558D2-6580-4825-BC78-D0A60AE04308} = {3EAA1022-078B-7EEC-88C8-12280A6EA069}
		{46FF5909-4CA4-4F0F-BDFF-4AFF76E46C0F} = {3EAA1022-078B-7EEC-88C8-12280A6EA069}
		{40DE3C9B-850D-469B-BED8-2480BCC985FA} = {3EAA1022-078B-7EEC-88C8-12280A6EA069}
		{DCDECFA2-223C-48F9-BA7B-5133F1474F0B} = {3EAA1022-078B-7EEC-88C8-12280A6EA069}
		{3B3ADB35-9C37-4B34-A082-7E6F31E0A85D} = {3EAA1022-078B-7EEC-88C8-12280A6EA069}
		{A1D92A15-2607-B163-C33C-934FD821FB2F} = {E6B48023-E680-40DA-9E17-319585C26937}
		{A0A21A7B-8934-4151-99FA-1A29246B033A} = {A1D92A15-2607-B163-C33C-934FD821FB2F}
		{DCB6FCB8-FF92-AC57-0842-1F72A354D6B1} = {827E0CD3-B72D-47B6-A68D-7590B98EB39B}
		{156C56A1-5444-46D6-B48A-83B37B9D0EE4} = {DCB6FCB8-FF92-AC57-0842-1F72A354D6B1}
		{53DCB513-29B2-4D44-9512-5C4055736F36} = {DCB6FCB8-FF92-AC57-0842-1F72A354D6B1}
		{CD68E213-40A1-23DD-0EB7-85F284ED9B41} = {DCB6FCB8-FF92-AC57-0842-1F72A354D6B1}
		{E8F4A5C0-9D93-4DFB-BEE8-0B8578195442} = {CD68E213-40A1-23DD-0EB7-85F284ED9B41}
		{A2184F32-1326-48DF-8809-D3E7C1159609} = {DCB6FCB8-FF92-AC57-0842-1F72A354D6B1}
		{D9DDA68F-A5BE-4228-9471-260CCAAFE629} = {0AB3BF05-4346-4AA6-1389-037BE0695223}
		{211051DF-F4F9-45A6-8D98-BA55D75DD4D0} = {0AB3BF05-4346-4AA6-1389-037BE0695223}
		{70E8C25D-4CAA-4504-BCA0-646944667DFB} = {0AB3BF05-4346-4AA6-1389-037BE0695223}
		{AFAE9448-5991-4F94-A1C6-FF77D8BDE177} = {0AB3BF05-4346-4AA6-1389-037BE0695223}
		{1EC8DB25-0504-4753-97E1-F19FA44C809D} = {0AB3BF05-4346-4AA6-1389-037BE0695223}
	EndGlobalSection
EndGlobal
