
Microsoft Visual Studio Solution File, Format Version 12.00
# Visual Studio Version 17
VisualStudioVersion = 17.0.31903.59
MinimumVisualStudioVersion = 10.0.40219.1
Project("{2150E333-8FDC-42A3-9474-1A3956D46DE8}") = "Shell", "Shell", "{F1111111-1111-1111-1111-111111111111}"
EndProject
Project("{2150E333-8FDC-42A3-9474-1A3956D46DE8}") = "Core", "Core", "{A1234567-1234-1234-1234-123456789020}"
EndProject
Project("{2150E333-8FDC-42A3-9474-1A3956D46DE8}") = "BusinessModules", "BusinessModules", "{B1234567-1234-1234-1234-123456789999}"
EndProject
Project("{2150E333-8FDC-42A3-9474-1A3956D46DE8}") = "SharedResources", "SharedResources", "{02EA681E-C7D8-13C7-8484-4AC65E1B71E8}"
EndProject
Project("{9A19103F-16F7-4668-BE54-9A1E7A4F7556}") = "LYBT.Desktop.Shell", "src\Client\Desktop\Shell\LYBT.Desktop.Shell.csproj", "{A1234567-1234-1234-1234-123456789001}"
EndProject
Project("{9A19103F-16F7-4668-BE54-9A1E7A4F7556}") = "LYBT.Desktop.Infrastructure", "src\Client\Desktop\Core\LYBT.Desktop.Infrastructure\LYBT.Desktop.Infrastructure.csproj", "{A1234567-1234-1234-1234-123456789004}"
EndProject
Project("{9A19103F-16F7-4668-BE54-9A1E7A4F7556}") = "LYBT.Desktop.Models", "src\Client\Desktop\Core\LYBT.Desktop.Models\LYBT.Desktop.Models.csproj", "{A1234567-1234-1234-1234-123456789005}"
EndProject
Project("{FAE04EC0-301F-11D3-BF4B-00C04F79EFBC}") = "LYBT.Shared.Models", "src\Shared\LYBT.Shared.Models\LYBT.Shared.Models.csproj", "{91CD7DC5-E0DC-8F45-7AE9-4F1243389D2A}"
EndProject
Project("{FAE04EC0-301F-11D3-BF4B-00C04F79EFBC}") = "LYBT.Shared.Utilities", "src\Shared\LYBT.Shared.Utilities\LYBT.Shared.Utilities.csproj", "{92CD7DC5-E0DC-8F45-7AE9-4F1243389D2B}"
EndProject
Project("{FAE04EC0-301F-11D3-BF4B-00C04F79EFBC}") = "LYBT.Desktop.Auth", "src\Client\Desktop\Modules\LYBT.Desktop.Auth\LYBT.Desktop.Auth.csproj", "{E24BE124-77B9-8D33-D2FF-973DED5300B8}"
EndProject
Project("{FAE04EC0-301F-11D3-BF4B-00C04F79EFBC}") = "LYBT.Desktop.Formula", "src\Client\Desktop\Modules\LYBT.Desktop.Formula\LYBT.Desktop.Formula.csproj", "{B9D29E3D-6E3D-725E-15C9-AFD55B7B0781}"
EndProject
Project("{FAE04EC0-301F-11D3-BF4B-00C04F79EFBC}") = "LYBT.Desktop.Herbs", "src\Client\Desktop\Modules\LYBT.Desktop.Herbs\LYBT.Desktop.Herbs.csproj", "{4C4FBB8B-D46B-D98B-A469-D83CA92944BE}"
EndProject
Project("{FAE04EC0-301F-11D3-BF4B-00C04F79EFBC}") = "LYBT.Desktop.MedicalCase", "src\Client\Desktop\Modules\LYBT.Desktop.MedicalCase\LYBT.Desktop.MedicalCase.csproj", "{E2329CF8-5DED-4CB4-2D27-C59D9D636966}"
EndProject
Project("{FAE04EC0-301F-11D3-BF4B-00C04F79EFBC}") = "LYBT.Desktop.Patients", "src\Client\Desktop\Modules\LYBT.Desktop.Patients\LYBT.Desktop.Patients.csproj", "{CE7094CA-1795-7D22-C606-2BE51D5620F4}"
EndProject
Project("{FAE04EC0-301F-11D3-BF4B-00C04F79EFBC}") = "LYBT.Desktop.Users", "src\Client\Desktop\Modules\LYBT.Desktop.Users\LYBT.Desktop.Users.csproj", "{3CDE3D2B-F2F7-FA0E-51BC-0F4CD9831411}"
EndProject
Project("{FAE04EC0-301F-11D3-BF4B-00C04F79EFBC}") = "LYBT.Desktop.Foundation", "src\Client\Desktop\Core\LYBT.Desktop.Foundation\LYBT.Desktop.Foundation.csproj", "{77064CCA-7B03-419B-9192-0A98FC48369C}"
EndProject
Project("{FAE04EC0-301F-11D3-BF4B-00C04F79EFBC}") = "LYBT.Desktop.Contracts", "src\Client\Desktop\Core\LYBT.Desktop.Contracts\LYBT.Desktop.Contracts.csproj", "{8F4BA2EB-C809-4204-922E-94A2DDDA04CC}"
EndProject
Project("{FAE04EC0-301F-11D3-BF4B-00C04F79EFBC}") = "LYBT.Desktop.CardReader", "src\Client\Desktop\Core\LYBT.Desktop.CardReader\LYBT.Desktop.CardReader.csproj", "{BB7B2635-3603-4FC7-9D18-A5DD7D38DBD9}"
EndProject
Project("{2150E333-8FDC-42A3-9474-1A3956D46DE8}") = "src", "src", "{19FE8C68-5C94-49BA-A01A-8E8F57EC6426}"
EndProject
Project("{2150E333-8FDC-42A3-9474-1A3956D46DE8}") = "Client", "Client", "{33328A2C-3A9A-41D1-90C3-EB5DDEB05752}"
EndProject
Project("{2150E333-8FDC-42A3-9474-1A3956D46DE8}") = "Desktop", "Desktop", "{0E45EA1D-F68C-4591-9800-9289AC1D4F06}"
EndProject
Project("{2150E333-8FDC-42A3-9474-1A3956D46DE8}") = "Core", "Core", "{A72CFC8C-5EDB-4EFE-9DB8-A2561378977B}"
EndProject
Project("{FAE04EC0-301F-11D3-BF4B-00C04F79EFBC}") = "LYBT.Desktop.LocalData", "src\Client\Desktop\Core\LYBT.Desktop.LocalData\LYBT.Desktop.LocalData.csproj", "{BC68ACCE-C03B-48FF-81C5-35CABA30C676}"
EndProject
Project("{2150E333-8FDC-42A3-9474-1A3956D46DE8}") = "tests", "tests", "{8DB2E799-D252-4CC4-A44B-320D45930D19}"
EndProject
Project("{2150E333-8FDC-42A3-9474-1A3956D46DE8}") = "UnitTests", "UnitTests", "{9C20911C-C8B2-401C-AB48-1DF685A25C00}"
EndProject
Project("{2150E333-8FDC-42A3-9474-1A3956D46DE8}") = "Client", "Client", "{155305AB-6DBA-411C-A41D-1100B27CE475}"
EndProject
Project("{2150E333-8FDC-42A3-9474-1A3956D46DE8}") = "Desktop", "Desktop", "{2E96E186-4437-43C1-B472-C40162DA0838}"
EndProject
Project("{FAE04EC0-301F-11D3-BF4B-00C04F79EFBC}") = "LYBT.Desktop.LocalData.Tests", "tests\UnitTests\Client\Desktop\LYBT.Desktop.LocalData.Tests\LYBT.Desktop.LocalData.Tests.csproj", "{D391BCDE-B7ED-4E69-B817-62C8718DA1BC}"
EndProject
Project("{2150E333-8FDC-42A3-9474-1A3956D46DE8}") = "IntegrationTests", "IntegrationTests", "{83FB8E43-D240-4583-A054-AF9B0794D4D9}"
EndProject
Project("{2150E333-8FDC-42A3-9474-1A3956D46DE8}") = "Client", "Client", "{70660E78-39C3-4D25-9DF6-B8504828ACC9}"
EndProject
Project("{2150E333-8FDC-42A3-9474-1A3956D46DE8}") = "Desktop", "Desktop", "{F262B168-14F4-41E2-846F-31695999AE74}"
EndProject
Project("{FAE04EC0-301F-11D3-BF4B-00C04F79EFBC}") = "LYBT.Desktop.LocalData.IntegrationTests", "tests\IntegrationTests\Client\Desktop\LYBT.Desktop.LocalData.IntegrationTests\LYBT.Desktop.LocalData.IntegrationTests.csproj", "{415784F6-AE7C-49F0-98FD-FF6F764C676E}"
EndProject
Global
	GlobalSection(SolutionConfigurationPlatforms) = preSolution
		Debug|Any CPU = Debug|Any CPU
		Release|Any CPU = Release|Any CPU
	EndGlobalSection
	GlobalSection(ProjectConfigurationPlatforms) = postSolution
		{A1234567-1234-1234-1234-123456789001}.Debug|Any CPU.ActiveCfg = Debug|Any CPU
		{A1234567-1234-1234-1234-123456789001}.Debug|Any CPU.Build.0 = Debug|Any CPU
		{A1234567-1234-1234-1234-123456789001}.Release|Any CPU.ActiveCfg = Release|Any CPU
		{A1234567-1234-1234-1234-123456789001}.Release|Any CPU.Build.0 = Release|Any CPU
		{A1234567-1234-1234-1234-123456789004}.Debug|Any CPU.ActiveCfg = Debug|Any CPU
		{A1234567-1234-1234-1234-123456789004}.Debug|Any CPU.Build.0 = Debug|Any CPU
		{A1234567-1234-1234-1234-123456789004}.Release|Any CPU.ActiveCfg = Release|Any CPU
		{A1234567-1234-1234-1234-123456789004}.Release|Any CPU.Build.0 = Release|Any CPU
		{A1234567-1234-1234-1234-123456789005}.Debug|Any CPU.ActiveCfg = Debug|Any CPU
		{A1234567-1234-1234-1234-123456789005}.Debug|Any CPU.Build.0 = Debug|Any CPU
		{A1234567-1234-1234-1234-123456789005}.Release|Any CPU.ActiveCfg = Release|Any CPU
		{A1234567-1234-1234-1234-123456789005}.Release|Any CPU.Build.0 = Release|Any CPU
		{91CD7DC5-E0DC-8F45-7AE9-4F1243389D2A}.Debug|Any CPU.ActiveCfg = Debug|Any CPU
		{91CD7DC5-E0DC-8F45-7AE9-4F1243389D2A}.Debug|Any CPU.Build.0 = Debug|Any CPU
		{91CD7DC5-E0DC-8F45-7AE9-4F1243389D2A}.Release|Any CPU.ActiveCfg = Release|Any CPU
		{91CD7DC5-E0DC-8F45-7AE9-4F1243389D2A}.Release|Any CPU.Build.0 = Release|Any CPU
		{92CD7DC5-E0DC-8F45-7AE9-4F1243389D2B}.Debug|Any CPU.ActiveCfg = Debug|Any CPU
		{92CD7DC5-E0DC-8F45-7AE9-4F1243389D2B}.Debug|Any CPU.Build.0 = Debug|Any CPU
		{92CD7DC5-E0DC-8F45-7AE9-4F1243389D2B}.Release|Any CPU.ActiveCfg = Release|Any CPU
		{92CD7DC5-E0DC-8F45-7AE9-4F1243389D2B}.Release|Any CPU.Build.0 = Release|Any CPU
		{E24BE124-77B9-8D33-D2FF-973DED5300B8}.Debug|Any CPU.ActiveCfg = Debug|Any CPU
		{E24BE124-77B9-8D33-D2FF-973DED5300B8}.Debug|Any CPU.Build.0 = Debug|Any CPU
		{E24BE124-77B9-8D33-D2FF-973DED5300B8}.Release|Any CPU.ActiveCfg = Release|Any CPU
		{E24BE124-77B9-8D33-D2FF-973DED5300B8}.Release|Any CPU.Build.0 = Release|Any CPU
		{B9D29E3D-6E3D-725E-15C9-AFD55B7B0781}.Debug|Any CPU.ActiveCfg = Debug|Any CPU
		{B9D29E3D-6E3D-725E-15C9-AFD55B7B0781}.Debug|Any CPU.Build.0 = Debug|Any CPU
		{B9D29E3D-6E3D-725E-15C9-AFD55B7B0781}.Release|Any CPU.ActiveCfg = Release|Any CPU
		{B9D29E3D-6E3D-725E-15C9-AFD55B7B0781}.Release|Any CPU.Build.0 = Release|Any CPU
		{4C4FBB8B-D46B-D98B-A469-D83CA92944BE}.Debug|Any CPU.ActiveCfg = Debug|Any CPU
		{4C4FBB8B-D46B-D98B-A469-D83CA92944BE}.Debug|Any CPU.Build.0 = Debug|Any CPU
		{4C4FBB8B-D46B-D98B-A469-D83CA92944BE}.Release|Any CPU.ActiveCfg = Release|Any CPU
		{4C4FBB8B-D46B-D98B-A469-D83CA92944BE}.Release|Any CPU.Build.0 = Release|Any CPU
		{E2329CF8-5DED-4CB4-2D27-C59D9D636966}.Debug|Any CPU.ActiveCfg = Debug|Any CPU
		{E2329CF8-5DED-4CB4-2D27-C59D9D636966}.Debug|Any CPU.Build.0 = Debug|Any CPU
		{E2329CF8-5DED-4CB4-2D27-C59D9D636966}.Release|Any CPU.ActiveCfg = Release|Any CPU
		{E2329CF8-5DED-4CB4-2D27-C59D9D636966}.Release|Any CPU.Build.0 = Release|Any CPU
		{CE7094CA-1795-7D22-C606-2BE51D5620F4}.Debug|Any CPU.ActiveCfg = Debug|Any CPU
		{CE7094CA-1795-7D22-C606-2BE51D5620F4}.Debug|Any CPU.Build.0 = Debug|Any CPU
		{CE7094CA-1795-7D22-C606-2BE51D5620F4}.Release|Any CPU.ActiveCfg = Release|Any CPU
		{CE7094CA-1795-7D22-C606-2BE51D5620F4}.Release|Any CPU.Build.0 = Release|Any CPU
		{3CDE3D2B-F2F7-FA0E-51BC-0F4CD9831411}.Debug|Any CPU.ActiveCfg = Debug|Any CPU
		{3CDE3D2B-F2F7-FA0E-51BC-0F4CD9831411}.Debug|Any CPU.Build.0 = Debug|Any CPU
		{3CDE3D2B-F2F7-FA0E-51BC-0F4CD9831411}.Release|Any CPU.ActiveCfg = Release|Any CPU
		{3CDE3D2B-F2F7-FA0E-51BC-0F4CD9831411}.Release|Any CPU.Build.0 = Release|Any CPU
		{77064CCA-7B03-419B-9192-0A98FC48369C}.Debug|Any CPU.ActiveCfg = Debug|Any CPU
		{77064CCA-7B03-419B-9192-0A98FC48369C}.Debug|Any CPU.Build.0 = Debug|Any CPU
		{77064CCA-7B03-419B-9192-0A98FC48369C}.Release|Any CPU.ActiveCfg = Release|Any CPU
		{77064CCA-7B03-419B-9192-0A98FC48369C}.Release|Any CPU.Build.0 = Release|Any CPU
		{8F4BA2EB-C809-4204-922E-94A2DDDA04CC}.Debug|Any CPU.ActiveCfg = Debug|Any CPU
		{8F4BA2EB-C809-4204-922E-94A2DDDA04CC}.Debug|Any CPU.Build.0 = Debug|Any CPU
		{8F4BA2EB-C809-4204-922E-94A2DDDA04CC}.Release|Any CPU.ActiveCfg = Release|Any CPU
		{8F4BA2EB-C809-4204-922E-94A2DDDA04CC}.Release|Any CPU.Build.0 = Release|Any CPU
		{BB7B2635-3603-4FC7-9D18-A5DD7D38DBD9}.Debug|Any CPU.ActiveCfg = Debug|Any CPU
		{BB7B2635-3603-4FC7-9D18-A5DD7D38DBD9}.Debug|Any CPU.Build.0 = Debug|Any CPU
		{BB7B2635-3603-4FC7-9D18-A5DD7D38DBD9}.Release|Any CPU.ActiveCfg = Release|Any CPU
		{BB7B2635-3603-4FC7-9D18-A5DD7D38DBD9}.Release|Any CPU.Build.0 = Release|Any CPU
		{BC68ACCE-C03B-48FF-81C5-35CABA30C676}.Debug|Any CPU.ActiveCfg = Debug|Any CPU
		{BC68ACCE-C03B-48FF-81C5-35CABA30C676}.Debug|Any CPU.Build.0 = Debug|Any CPU
		{BC68ACCE-C03B-48FF-81C5-35CABA30C676}.Release|Any CPU.ActiveCfg = Release|Any CPU
		{BC68ACCE-C03B-48FF-81C5-35CABA30C676}.Release|Any CPU.Build.0 = Release|Any CPU
		{D391BCDE-B7ED-4E69-B817-62C8718DA1BC}.Debug|Any CPU.ActiveCfg = Debug|Any CPU
		{D391BCDE-B7ED-4E69-B817-62C8718DA1BC}.Debug|Any CPU.Build.0 = Debug|Any CPU
		{D391BCDE-B7ED-4E69-B817-62C8718DA1BC}.Release|Any CPU.ActiveCfg = Release|Any CPU
		{D391BCDE-B7ED-4E69-B817-62C8718DA1BC}.Release|Any CPU.Build.0 = Release|Any CPU
		{415784F6-AE7C-49F0-98FD-FF6F764C676E}.Debug|Any CPU.ActiveCfg = Debug|Any CPU
		{415784F6-AE7C-49F0-98FD-FF6F764C676E}.Debug|Any CPU.Build.0 = Debug|Any CPU
		{415784F6-AE7C-49F0-98FD-FF6F764C676E}.Release|Any CPU.ActiveCfg = Release|Any CPU
		{415784F6-AE7C-49F0-98FD-FF6F764C676E}.Release|Any CPU.Build.0 = Release|Any CPU
	EndGlobalSection
	GlobalSection(SolutionProperties) = preSolution
		HideSolutionNode = FALSE
	EndGlobalSection
	GlobalSection(NestedProjects) = preSolution
		{A1234567-1234-1234-1234-123456789001} = {F1111111-1111-1111-1111-111111111111}
		{A1234567-1234-1234-1234-123456789004} = {A1234567-1234-1234-1234-123456789020}
		{A1234567-1234-1234-1234-123456789005} = {A1234567-1234-1234-1234-123456789020}
		{77064CCA-7B03-419B-9192-0A98FC48369C} = {A1234567-1234-1234-1234-123456789020}
		{91CD7DC5-E0DC-8F45-7AE9-4F1243389D2A} = {02EA681E-C7D8-13C7-8484-4AC65E1B71E8}
		{92CD7DC5-E0DC-8F45-7AE9-4F1243389D2B} = {02EA681E-C7D8-13C7-8484-4AC65E1B71E8}
		{E24BE124-77B9-8D33-D2FF-973DED5300B8} = {B1234567-1234-1234-1234-123456789999}
		{B9D29E3D-6E3D-725E-15C9-AFD55B7B0781} = {B1234567-1234-1234-1234-123456789999}
		{4C4FBB8B-D46B-D98B-A469-D83CA92944BE} = {B1234567-1234-1234-1234-123456789999}
		{E2329CF8-5DED-4CB4-2D27-C59D9D636966} = {B1234567-1234-1234-1234-123456789999}
		{CE7094CA-1795-7D22-C606-2BE51D5620F4} = {B1234567-1234-1234-1234-123456789999}
		{3CDE3D2B-F2F7-FA0E-51BC-0F4CD9831411} = {B1234567-1234-1234-1234-123456789999}
		{8F4BA2EB-C809-4204-922E-94A2DDDA04CC} = {A1234567-1234-1234-1234-123456789020}
		{BB7B2635-3603-4FC7-9D18-A5DD7D38DBD9} = {B1234567-1234-1234-1234-123456789999}
		{33328A2C-3A9A-41D1-90C3-EB5DDEB05752} = {19FE8C68-5C94-49BA-A01A-8E8F57EC6426}
		{0E45EA1D-F68C-4591-9800-9289AC1D4F06} = {33328A2C-3A9A-41D1-90C3-EB5DDEB05752}
		{A72CFC8C-5EDB-4EFE-9DB8-A2561378977B} = {0E45EA1D-F68C-4591-9800-9289AC1D4F06}
		{BC68ACCE-C03B-48FF-81C5-35CABA30C676} = {A72CFC8C-5EDB-4EFE-9DB8-A2561378977B}
		{9C20911C-C8B2-401C-AB48-1DF685A25C00} = {8DB2E799-D252-4CC4-A44B-320D45930D19}
		{155305AB-6DBA-411C-A41D-1100B27CE475} = {9C20911C-C8B2-401C-AB48-1DF685A25C00}
		{2E96E186-4437-43C1-B472-C40162DA0838} = {155305AB-6DBA-411C-A41D-1100B27CE475}
		{D391BCDE-B7ED-4E69-B817-62C8718DA1BC} = {2E96E186-4437-43C1-B472-C40162DA0838}
		{83FB8E43-D240-4583-A054-AF9B0794D4D9} = {8DB2E799-D252-4CC4-A44B-320D45930D19}
		{70660E78-39C3-4D25-9DF6-B8504828ACC9} = {83FB8E43-D240-4583-A054-AF9B0794D4D9}
		{F262B168-14F4-41E2-846F-31695999AE74} = {70660E78-39C3-4D25-9DF6-B8504828ACC9}
		{415784F6-AE7C-49F0-98FD-FF6F764C676E} = {F262B168-14F4-41E2-846F-31695999AE74}
	EndGlobalSection
	GlobalSection(ExtensibilityGlobals) = postSolution
		SolutionGuid = {F1234567-1234-1234-1234-123456789000}
	EndGlobalSection
EndGlobal
