
Microsoft Visual Studio Solution File, Format Version 12.00
# Visual Studio Version 17
VisualStudioVersion = 17.0.31903.59
MinimumVisualStudioVersion = 10.0.40219.1
Project("{2150E333-8FDC-42A3-9474-1A3956D46DE8}") = "Server", "Server", "{A1B2C3D4-E5F6-4A5B-8C9D-0E1F2A3B4C5D}"
EndProject
Project("{2150E333-8FDC-42A3-9474-1A3956D46DE8}") = "Server.Core", "Server.Core", "{B2C3D4E5-F6A7-5B6C-9D0E-1F2A3B4C5D6E}"
EndProject
Project("{2150E333-8FDC-42A3-9474-1A3956D46DE8}") = "Server.BusinessModules", "Server.BusinessModules", "{E5F6A7B8-C9D0-8E9F-2A3B-4C5D6E7F8A9B}"
EndProject
Project("{2150E333-8FDC-42A3-9474-1A3956D46DE8}") = "Server.Services", "Server.Services", "{F5A6B7C8-D9E0-9F0A-3B4C-5D6E7F8A9B0C}"
EndProject
Project("{9A19103F-16F7-4668-BE54-9A1E7A4F7556}") = "LYBT.Infrastructure", "src\Server\Core\LYBT.Infrastructure\LYBT.Infrastructure.csproj", "{C3D4E5F6-A7B8-6C7D-0E1F-2A3B4C5D6E7F}"
EndProject
Project("{9A19103F-16F7-4668-BE54-9A1E7A4F7556}") = "LYBT.Entities", "src\Server\Core\LYBT.Entities\LYBT.Entities.csproj", "{D4E5F6A7-B8C9-7D8E-1F2A-3B4C5D6E7F8A}"
EndProject
Project("{9A19103F-16F7-4668-BE54-9A1E7A4F7556}") = "LYBT.WebAPI", "src\Server\Services\LYBT.WebAPI\LYBT.WebAPI.csproj", "{D2E3F4A5-B6C7-5D6E-9F0A-1B2C3D4E5F6A}"
EndProject
Project("{9A19103F-16F7-4668-BE54-9A1E7A4F7556}") = "LYBT.Module.Auth", "src\Server\Modules\LYBT.Module.Auth\LYBT.Module.Auth.csproj", "{F6A7B8C9-D0E1-9F0A-3B4C-5D6E7F8A9B0C}"
EndProject
Project("{9A19103F-16F7-4668-BE54-9A1E7A4F7556}") = "LYBT.Module.Users", "src\Server\Modules\LYBT.Module.Users\LYBT.Module.Users.csproj", "{A7B8C9D0-E1F2-0A1B-4C5D-6E7F8A9B0C1D}"
EndProject
Project("{9A19103F-16F7-4668-BE54-9A1E7A4F7556}") = "LYBT.Module.Patients", "src\Server\Modules\LYBT.Module.Patients\LYBT.Module.Patients.csproj", "{B8C9D0E1-F2A3-1B2C-5D6E-7F8A9B0C1D2E}"
EndProject
Project("{9A19103F-16F7-4668-BE54-9A1E7A4F7556}") = "LYBT.Module.Herbs", "src\Server\Modules\LYBT.Module.Herbs\LYBT.Module.Herbs.csproj", "{D0E1F2A3-B4C5-3D4E-7F8A-9B0C1D2E3F4A}"
EndProject
Project("{9A19103F-16F7-4668-BE54-9A1E7A4F7556}") = "LYBT.Module.Formula", "src\Server\Modules\LYBT.Module.Formula\LYBT.Module.Formula.csproj", "{E1F2A3B4-C5D6-4E5F-8A9B-0C1D2E3F4A5B}"
EndProject
Project("{9A19103F-16F7-4668-BE54-9A1E7A4F7556}") = "LYBT.Module.Consultation", "src\Server\Modules\LYBT.Module.Consultation\LYBT.Module.Consultation.csproj", "{F2A3B4C5-D6E7-5F6A-9B0C-1D2E3F4A5B6C}"
EndProject
Project("{9A19103F-16F7-4668-BE54-9A1E7A4F7556}") = "LYBT.Module.MedicalCase", "src\Server\Modules\LYBT.Module.MedicalCase\LYBT.Module.MedicalCase.csproj", "{A3B4C5D6-E7F8-6A7B-0C1D-2E3F4A5B6C7D}"
EndProject
Project("{9A19103F-16F7-4668-BE54-9A1E7A4F7556}") = "LYBT.Module.Prescriptions", "src\Server\Modules\LYBT.Module.Prescriptions\LYBT.Module.Prescriptions.csproj", "{C5D6E7F8-A9B0-8C9D-2E3F-4A5B6C7D8E9F}"
EndProject
Project("{2150E333-8FDC-42A3-9474-1A3956D46DE8}") = "Client", "Client", "{E3F4A5B6-C7D8-6E7F-0A1B-2C3D4E5F6A7B}"
EndProject
Project("{2150E333-8FDC-42A3-9474-1A3956D46DE8}") = "Desktop", "Desktop", "{F4A5B6C7-D8E9-7F8A-1B2C-3D4E5F6A7B8C}"
EndProject
Project("{2150E333-8FDC-42A3-9474-1A3956D46DE8}") = "Desktop.Core", "Desktop.Core", "{22222222-2222-2222-2222-222222222222}"
EndProject
Project("{2150E333-8FDC-42A3-9474-1A3956D46DE8}") = "Desktop.BusinessModules", "Desktop.BusinessModules", "{33333333-3333-3333-3333-333333333333}"
EndProject
Project("{2150E333-8FDC-42A3-9474-1A3956D46DE8}") = "Desktop.Workbenches", "Desktop.Workbenches", "{44444444-4444-4444-4444-444444444444}"
EndProject
Project("{9A19103F-16F7-4668-BE54-9A1E7A4F7556}") = "LYBT.Desktop.Shell", "src\Client\Desktop\Shell\LYBT.Desktop.Shell.csproj", "{D8E9F0A1-B2C3-1D2E-5F6A-7B8C9D0E1F2A}"
EndProject
Project("{9A19103F-16F7-4668-BE54-9A1E7A4F7556}") = "LYBT.Desktop.Core", "src\Client\Desktop\Core\LYBT.Desktop.Core.csproj", "{A5B6C7D8-E9F0-8A9B-2C3D-4E5F6A7B8C9D}"
EndProject
Project("{9A19103F-16F7-4668-BE54-9A1E7A4F7556}") = "LYBT.Desktop.Infrastructure", "src\Client\Desktop\Infrastructure\LYBT.Desktop.Infrastructure.csproj", "{B6C7D8E9-F0A1-9B0C-3D4E-5F6A7B8C9D0E}"
EndProject
Project("{9A19103F-16F7-4668-BE54-9A1E7A4F7556}") = "LYBT.Desktop.Services", "src\Client\Desktop\Services\LYBT.Desktop.Services.csproj", "{C7D8E9F0-A1B2-0C1D-4E5F-6A7B8C9D0E1F}"
EndProject
Project("{2150E333-8FDC-42A3-9474-1A3956D46DE8}") = "SharedResources", "SharedResources", "{088967DC-D878-4BE2-9A6E-B9A9BF72FC98}"
EndProject
Project("{9A19103F-16F7-4668-BE54-9A1E7A4F7556}") = "LYBT.Shared.Models", "src\Shared\LYBT.Shared.Models\LYBT.Shared.Models.csproj", "{31BCA8A0-E33A-419F-B261-9E72E913F4F6}"
EndProject
Project("{9A19103F-16F7-4668-BE54-9A1E7A4F7556}") = "LYBT.Shared.Utilities", "src\Shared\LYBT.Shared.Utilities\LYBT.Shared.Utilities.csproj", "{899B6BAA-0ADF-4417-B6A7-B7A0947FF71A}"
EndProject
Project("{9A19103F-16F7-4668-BE54-9A1E7A4F7556}") = "LYBT.Desktop.Workbench.Core", "src\Client\Desktop\Workbenches\Core\LYBT.Desktop.Workbench.Core.csproj", "{88888888-8888-8888-8888-888888888888}"
EndProject
Project("{9A19103F-16F7-4668-BE54-9A1E7A4F7556}") = "LYBT.Desktop.Workbench.Consultation", "src\Client\Desktop\Workbenches\ConsultationWorkbench\LYBT.Desktop.Workbench.Consultation.csproj", "{AAAAAAAA-AAAA-AAAA-AAAA-AAAAAAAAAAAA}"
EndProject
Project("{FAE04EC0-301F-11D3-BF4B-00C04F79EFBC}") = "LYBT.Shared.Interfaces", "src\Shared\LYBT.Shared.Interfaces\LYBT.Shared.Interfaces.csproj", "{F037F0D0-FCFF-4320-975E-3E3F1AC0DCE8}"
EndProject
Project("{FAE04EC0-301F-11D3-BF4B-00C04F79EFBC}") = "LYBT.Desktop.Auth", "src\Client\Desktop\Modules\Auth\LYBT.Desktop.Auth.csproj", "{E24BE124-77B9-8D33-D2FF-973DED5300B8}"
EndProject
Project("{FAE04EC0-301F-11D3-BF4B-00C04F79EFBC}") = "LYBT.Desktop.Consultation", "src\Client\Desktop\Modules\Consultation\LYBT.Desktop.Consultation.csproj", "{B7B234B1-5918-5904-EC08-559894F4D126}"
EndProject
Project("{FAE04EC0-301F-11D3-BF4B-00C04F79EFBC}") = "LYBT.Desktop.Formula", "src\Client\Desktop\Modules\Formula\LYBT.Desktop.Formula.csproj", "{B9D29E3D-6E3D-725E-15C9-AFD55B7B0781}"
EndProject
Project("{FAE04EC0-301F-11D3-BF4B-00C04F79EFBC}") = "LYBT.Desktop.Herbs", "src\Client\Desktop\Modules\Herbs\LYBT.Desktop.Herbs.csproj", "{4C4FBB8B-D46B-D98B-A469-D83CA92944BE}"
EndProject
Project("{FAE04EC0-301F-11D3-BF4B-00C04F79EFBC}") = "LYBT.Desktop.MedicalCase", "src\Client\Desktop\Modules\MedicalCase\LYBT.Desktop.MedicalCase.csproj", "{E2329CF8-5DED-4CB4-2D27-C59D9D636966}"
EndProject
Project("{FAE04EC0-301F-11D3-BF4B-00C04F79EFBC}") = "LYBT.Desktop.Patients", "src\Client\Desktop\Modules\Patients\LYBT.Desktop.Patients.csproj", "{CE7094CA-1795-7D22-C606-2BE51D5620F4}"
EndProject
Project("{FAE04EC0-301F-11D3-BF4B-00C04F79EFBC}") = "LYBT.Desktop.Prescriptions", "src\Client\Desktop\Modules\Prescriptions\LYBT.Desktop.Prescriptions.csproj", "{A9A88A29-1982-FD6C-7A42-1FA728E171D2}"
EndProject
Project("{FAE04EC0-301F-11D3-BF4B-00C04F79EFBC}") = "LYBT.Desktop.Users", "src\Client\Desktop\Modules\Users\LYBT.Desktop.Users.csproj", "{3CDE3D2B-F2F7-FA0E-51BC-0F4CD9831411}"
EndProject
Project("{FAE04EC0-301F-11D3-BF4B-00C04F79EFBC}") = "LYBT.Desktop.Workbench.Cashier", "src\Client\Desktop\Workbenches\CashierWorkbench\LYBT.Desktop.Workbench.Cashier.csproj", "{A72EDF98-C3E0-8C8D-A7E8-C6A41B656ADB}"
EndProject
Project("{FAE04EC0-301F-11D3-BF4B-00C04F79EFBC}") = "LYBT.Desktop.Workbench.Pharmacist", "src\Client\Desktop\Workbenches\PharmacistWorkbench\LYBT.Desktop.Workbench.Pharmacist.csproj", "{FC93CC2D-7CCA-0F86-62A5-F00DCE282871}"
EndProject
Project("{FAE04EC0-301F-11D3-BF4B-00C04F79EFBC}") = "LYBT.Desktop.Workbench.Receptionist", "src\Client\Desktop\Workbenches\ReceptionistWorkbench\LYBT.Desktop.Workbench.Receptionist.csproj", "{22827213-AB63-B7E4-F01C-83AD28789FC2}"
EndProject
Project("{FAE04EC0-301F-11D3-BF4B-00C04F79EFBC}") = "LYBT.Desktop.Workbench.Admin", "src\Client\Desktop\Workbenches\SystemWorkbench\LYBT.Desktop.Workbench.Admin.csproj", "{E634156D-EDA2-7393-59E7-05CAC2FC7797}"
EndProject
Project("{FAE04EC0-301F-11D3-BF4B-00C04F79EFBC}") = "LYBT.Desktop.Workbench.Therapist", "src\Client\Desktop\Workbenches\TherapistWorkbench\LYBT.Desktop.Workbench.Therapist.csproj", "{9422B2FF-3353-37A4-462D-F4272025CCED}"
EndProject
Global
	GlobalSection(SolutionConfigurationPlatforms) = preSolution
		Debug|Any CPU = Debug|Any CPU
		Debug|x64 = Debug|x64
		Debug|x86 = Debug|x86
		Release|Any CPU = Release|Any CPU
		Release|x64 = Release|x64
		Release|x86 = Release|x86
	EndGlobalSection
	GlobalSection(ProjectConfigurationPlatforms) = postSolution
		{C3D4E5F6-A7B8-6C7D-0E1F-2A3B4C5D6E7F}.Debug|Any CPU.ActiveCfg = Debug|Any CPU
		{C3D4E5F6-A7B8-6C7D-0E1F-2A3B4C5D6E7F}.Debug|Any CPU.Build.0 = Debug|Any CPU
		{C3D4E5F6-A7B8-6C7D-0E1F-2A3B4C5D6E7F}.Debug|x64.ActiveCfg = Debug|Any CPU
		{C3D4E5F6-A7B8-6C7D-0E1F-2A3B4C5D6E7F}.Debug|x64.Build.0 = Debug|Any CPU
		{C3D4E5F6-A7B8-6C7D-0E1F-2A3B4C5D6E7F}.Debug|x86.ActiveCfg = Debug|Any CPU
		{C3D4E5F6-A7B8-6C7D-0E1F-2A3B4C5D6E7F}.Debug|x86.Build.0 = Debug|Any CPU
		{C3D4E5F6-A7B8-6C7D-0E1F-2A3B4C5D6E7F}.Release|Any CPU.ActiveCfg = Release|Any CPU
		{C3D4E5F6-A7B8-6C7D-0E1F-2A3B4C5D6E7F}.Release|Any CPU.Build.0 = Release|Any CPU
		{C3D4E5F6-A7B8-6C7D-0E1F-2A3B4C5D6E7F}.Release|x64.ActiveCfg = Release|Any CPU
		{C3D4E5F6-A7B8-6C7D-0E1F-2A3B4C5D6E7F}.Release|x64.Build.0 = Release|Any CPU
		{C3D4E5F6-A7B8-6C7D-0E1F-2A3B4C5D6E7F}.Release|x86.ActiveCfg = Release|Any CPU
		{C3D4E5F6-A7B8-6C7D-0E1F-2A3B4C5D6E7F}.Release|x86.Build.0 = Release|Any CPU
		{D4E5F6A7-B8C9-7D8E-1F2A-3B4C5D6E7F8A}.Debug|Any CPU.ActiveCfg = Debug|Any CPU
		{D4E5F6A7-B8C9-7D8E-1F2A-3B4C5D6E7F8A}.Debug|Any CPU.Build.0 = Debug|Any CPU
		{D4E5F6A7-B8C9-7D8E-1F2A-3B4C5D6E7F8A}.Debug|x64.ActiveCfg = Debug|Any CPU
		{D4E5F6A7-B8C9-7D8E-1F2A-3B4C5D6E7F8A}.Debug|x64.Build.0 = Debug|Any CPU
		{D4E5F6A7-B8C9-7D8E-1F2A-3B4C5D6E7F8A}.Debug|x86.ActiveCfg = Debug|Any CPU
		{D4E5F6A7-B8C9-7D8E-1F2A-3B4C5D6E7F8A}.Debug|x86.Build.0 = Debug|Any CPU
		{D4E5F6A7-B8C9-7D8E-1F2A-3B4C5D6E7F8A}.Release|Any CPU.ActiveCfg = Release|Any CPU
		{D4E5F6A7-B8C9-7D8E-1F2A-3B4C5D6E7F8A}.Release|Any CPU.Build.0 = Release|Any CPU
		{D4E5F6A7-B8C9-7D8E-1F2A-3B4C5D6E7F8A}.Release|x64.ActiveCfg = Release|Any CPU
		{D4E5F6A7-B8C9-7D8E-1F2A-3B4C5D6E7F8A}.Release|x64.Build.0 = Release|Any CPU
		{D4E5F6A7-B8C9-7D8E-1F2A-3B4C5D6E7F8A}.Release|x86.ActiveCfg = Release|Any CPU
		{D4E5F6A7-B8C9-7D8E-1F2A-3B4C5D6E7F8A}.Release|x86.Build.0 = Release|Any CPU
		{D2E3F4A5-B6C7-5D6E-9F0A-1B2C3D4E5F6A}.Debug|Any CPU.ActiveCfg = Debug|Any CPU
		{D2E3F4A5-B6C7-5D6E-9F0A-1B2C3D4E5F6A}.Debug|Any CPU.Build.0 = Debug|Any CPU
		{D2E3F4A5-B6C7-5D6E-9F0A-1B2C3D4E5F6A}.Debug|x64.ActiveCfg = Debug|Any CPU
		{D2E3F4A5-B6C7-5D6E-9F0A-1B2C3D4E5F6A}.Debug|x64.Build.0 = Debug|Any CPU
		{D2E3F4A5-B6C7-5D6E-9F0A-1B2C3D4E5F6A}.Debug|x86.ActiveCfg = Debug|Any CPU
		{D2E3F4A5-B6C7-5D6E-9F0A-1B2C3D4E5F6A}.Debug|x86.Build.0 = Debug|Any CPU
		{D2E3F4A5-B6C7-5D6E-9F0A-1B2C3D4E5F6A}.Release|Any CPU.ActiveCfg = Release|Any CPU
		{D2E3F4A5-B6C7-5D6E-9F0A-1B2C3D4E5F6A}.Release|Any CPU.Build.0 = Release|Any CPU
		{D2E3F4A5-B6C7-5D6E-9F0A-1B2C3D4E5F6A}.Release|x64.ActiveCfg = Release|Any CPU
		{D2E3F4A5-B6C7-5D6E-9F0A-1B2C3D4E5F6A}.Release|x64.Build.0 = Release|Any CPU
		{D2E3F4A5-B6C7-5D6E-9F0A-1B2C3D4E5F6A}.Release|x86.ActiveCfg = Release|Any CPU
		{D2E3F4A5-B6C7-5D6E-9F0A-1B2C3D4E5F6A}.Release|x86.Build.0 = Release|Any CPU
		{F6A7B8C9-D0E1-9F0A-3B4C-5D6E7F8A9B0C}.Debug|Any CPU.ActiveCfg = Debug|Any CPU
		{F6A7B8C9-D0E1-9F0A-3B4C-5D6E7F8A9B0C}.Debug|Any CPU.Build.0 = Debug|Any CPU
		{F6A7B8C9-D0E1-9F0A-3B4C-5D6E7F8A9B0C}.Debug|x64.ActiveCfg = Debug|Any CPU
		{F6A7B8C9-D0E1-9F0A-3B4C-5D6E7F8A9B0C}.Debug|x64.Build.0 = Debug|Any CPU
		{F6A7B8C9-D0E1-9F0A-3B4C-5D6E7F8A9B0C}.Debug|x86.ActiveCfg = Debug|Any CPU
		{F6A7B8C9-D0E1-9F0A-3B4C-5D6E7F8A9B0C}.Debug|x86.Build.0 = Debug|Any CPU
		{F6A7B8C9-D0E1-9F0A-3B4C-5D6E7F8A9B0C}.Release|Any CPU.ActiveCfg = Release|Any CPU
		{F6A7B8C9-D0E1-9F0A-3B4C-5D6E7F8A9B0C}.Release|Any CPU.Build.0 = Release|Any CPU
		{F6A7B8C9-D0E1-9F0A-3B4C-5D6E7F8A9B0C}.Release|x64.ActiveCfg = Release|Any CPU
		{F6A7B8C9-D0E1-9F0A-3B4C-5D6E7F8A9B0C}.Release|x64.Build.0 = Release|Any CPU
		{F6A7B8C9-D0E1-9F0A-3B4C-5D6E7F8A9B0C}.Release|x86.ActiveCfg = Release|Any CPU
		{F6A7B8C9-D0E1-9F0A-3B4C-5D6E7F8A9B0C}.Release|x86.Build.0 = Release|Any CPU
		{A7B8C9D0-E1F2-0A1B-4C5D-6E7F8A9B0C1D}.Debug|Any CPU.ActiveCfg = Debug|Any CPU
		{A7B8C9D0-E1F2-0A1B-4C5D-6E7F8A9B0C1D}.Debug|Any CPU.Build.0 = Debug|Any CPU
		{A7B8C9D0-E1F2-0A1B-4C5D-6E7F8A9B0C1D}.Debug|x64.ActiveCfg = Debug|Any CPU
		{A7B8C9D0-E1F2-0A1B-4C5D-6E7F8A9B0C1D}.Debug|x64.Build.0 = Debug|Any CPU
		{A7B8C9D0-E1F2-0A1B-4C5D-6E7F8A9B0C1D}.Debug|x86.ActiveCfg = Debug|Any CPU
		{A7B8C9D0-E1F2-0A1B-4C5D-6E7F8A9B0C1D}.Debug|x86.Build.0 = Debug|Any CPU
		{A7B8C9D0-E1F2-0A1B-4C5D-6E7F8A9B0C1D}.Release|Any CPU.ActiveCfg = Release|Any CPU
		{A7B8C9D0-E1F2-0A1B-4C5D-6E7F8A9B0C1D}.Release|Any CPU.Build.0 = Release|Any CPU
		{A7B8C9D0-E1F2-0A1B-4C5D-6E7F8A9B0C1D}.Release|x64.ActiveCfg = Release|Any CPU
		{A7B8C9D0-E1F2-0A1B-4C5D-6E7F8A9B0C1D}.Release|x64.Build.0 = Release|Any CPU
		{A7B8C9D0-E1F2-0A1B-4C5D-6E7F8A9B0C1D}.Release|x86.ActiveCfg = Release|Any CPU
		{A7B8C9D0-E1F2-0A1B-4C5D-6E7F8A9B0C1D}.Release|x86.Build.0 = Release|Any CPU
		{B8C9D0E1-F2A3-1B2C-5D6E-7F8A9B0C1D2E}.Debug|Any CPU.ActiveCfg = Debug|Any CPU
		{B8C9D0E1-F2A3-1B2C-5D6E-7F8A9B0C1D2E}.Debug|Any CPU.Build.0 = Debug|Any CPU
		{B8C9D0E1-F2A3-1B2C-5D6E-7F8A9B0C1D2E}.Debug|x64.ActiveCfg = Debug|Any CPU
		{B8C9D0E1-F2A3-1B2C-5D6E-7F8A9B0C1D2E}.Debug|x64.Build.0 = Debug|Any CPU
		{B8C9D0E1-F2A3-1B2C-5D6E-7F8A9B0C1D2E}.Debug|x86.ActiveCfg = Debug|Any CPU
		{B8C9D0E1-F2A3-1B2C-5D6E-7F8A9B0C1D2E}.Debug|x86.Build.0 = Debug|Any CPU
		{B8C9D0E1-F2A3-1B2C-5D6E-7F8A9B0C1D2E}.Release|Any CPU.ActiveCfg = Release|Any CPU
		{B8C9D0E1-F2A3-1B2C-5D6E-7F8A9B0C1D2E}.Release|Any CPU.Build.0 = Release|Any CPU
		{B8C9D0E1-F2A3-1B2C-5D6E-7F8A9B0C1D2E}.Release|x64.ActiveCfg = Release|Any CPU
		{B8C9D0E1-F2A3-1B2C-5D6E-7F8A9B0C1D2E}.Release|x64.Build.0 = Release|Any CPU
		{B8C9D0E1-F2A3-1B2C-5D6E-7F8A9B0C1D2E}.Release|x86.ActiveCfg = Release|Any CPU
		{B8C9D0E1-F2A3-1B2C-5D6E-7F8A9B0C1D2E}.Release|x86.Build.0 = Release|Any CPU
		{D0E1F2A3-B4C5-3D4E-7F8A-9B0C1D2E3F4A}.Debug|Any CPU.ActiveCfg = Debug|Any CPU
		{D0E1F2A3-B4C5-3D4E-7F8A-9B0C1D2E3F4A}.Debug|Any CPU.Build.0 = Debug|Any CPU
		{D0E1F2A3-B4C5-3D4E-7F8A-9B0C1D2E3F4A}.Debug|x64.ActiveCfg = Debug|Any CPU
		{D0E1F2A3-B4C5-3D4E-7F8A-9B0C1D2E3F4A}.Debug|x64.Build.0 = Debug|Any CPU
		{D0E1F2A3-B4C5-3D4E-7F8A-9B0C1D2E3F4A}.Debug|x86.ActiveCfg = Debug|Any CPU
		{D0E1F2A3-B4C5-3D4E-7F8A-9B0C1D2E3F4A}.Debug|x86.Build.0 = Debug|Any CPU
		{D0E1F2A3-B4C5-3D4E-7F8A-9B0C1D2E3F4A}.Release|Any CPU.ActiveCfg = Release|Any CPU
		{D0E1F2A3-B4C5-3D4E-7F8A-9B0C1D2E3F4A}.Release|Any CPU.Build.0 = Release|Any CPU
		{D0E1F2A3-B4C5-3D4E-7F8A-9B0C1D2E3F4A}.Release|x64.ActiveCfg = Release|Any CPU
		{D0E1F2A3-B4C5-3D4E-7F8A-9B0C1D2E3F4A}.Release|x64.Build.0 = Release|Any CPU
		{D0E1F2A3-B4C5-3D4E-7F8A-9B0C1D2E3F4A}.Release|x86.ActiveCfg = Release|Any CPU
		{D0E1F2A3-B4C5-3D4E-7F8A-9B0C1D2E3F4A}.Release|x86.Build.0 = Release|Any CPU
		{E1F2A3B4-C5D6-4E5F-8A9B-0C1D2E3F4A5B}.Debug|Any CPU.ActiveCfg = Debug|Any CPU
		{E1F2A3B4-C5D6-4E5F-8A9B-0C1D2E3F4A5B}.Debug|Any CPU.Build.0 = Debug|Any CPU
		{E1F2A3B4-C5D6-4E5F-8A9B-0C1D2E3F4A5B}.Debug|x64.ActiveCfg = Debug|Any CPU
		{E1F2A3B4-C5D6-4E5F-8A9B-0C1D2E3F4A5B}.Debug|x64.Build.0 = Debug|Any CPU
		{E1F2A3B4-C5D6-4E5F-8A9B-0C1D2E3F4A5B}.Debug|x86.ActiveCfg = Debug|Any CPU
		{E1F2A3B4-C5D6-4E5F-8A9B-0C1D2E3F4A5B}.Debug|x86.Build.0 = Debug|Any CPU
		{E1F2A3B4-C5D6-4E5F-8A9B-0C1D2E3F4A5B}.Release|Any CPU.ActiveCfg = Release|Any CPU
		{E1F2A3B4-C5D6-4E5F-8A9B-0C1D2E3F4A5B}.Release|Any CPU.Build.0 = Release|Any CPU
		{E1F2A3B4-C5D6-4E5F-8A9B-0C1D2E3F4A5B}.Release|x64.ActiveCfg = Release|Any CPU
		{E1F2A3B4-C5D6-4E5F-8A9B-0C1D2E3F4A5B}.Release|x64.Build.0 = Release|Any CPU
		{E1F2A3B4-C5D6-4E5F-8A9B-0C1D2E3F4A5B}.Release|x86.ActiveCfg = Release|Any CPU
		{E1F2A3B4-C5D6-4E5F-8A9B-0C1D2E3F4A5B}.Release|x86.Build.0 = Release|Any CPU
		{F2A3B4C5-D6E7-5F6A-9B0C-1D2E3F4A5B6C}.Debug|Any CPU.ActiveCfg = Debug|Any CPU
		{F2A3B4C5-D6E7-5F6A-9B0C-1D2E3F4A5B6C}.Debug|Any CPU.Build.0 = Debug|Any CPU
		{F2A3B4C5-D6E7-5F6A-9B0C-1D2E3F4A5B6C}.Debug|x64.ActiveCfg = Debug|Any CPU
		{F2A3B4C5-D6E7-5F6A-9B0C-1D2E3F4A5B6C}.Debug|x64.Build.0 = Debug|Any CPU
		{F2A3B4C5-D6E7-5F6A-9B0C-1D2E3F4A5B6C}.Debug|x86.ActiveCfg = Debug|Any CPU
		{F2A3B4C5-D6E7-5F6A-9B0C-1D2E3F4A5B6C}.Debug|x86.Build.0 = Debug|Any CPU
		{F2A3B4C5-D6E7-5F6A-9B0C-1D2E3F4A5B6C}.Release|Any CPU.ActiveCfg = Release|Any CPU
		{F2A3B4C5-D6E7-5F6A-9B0C-1D2E3F4A5B6C}.Release|Any CPU.Build.0 = Release|Any CPU
		{F2A3B4C5-D6E7-5F6A-9B0C-1D2E3F4A5B6C}.Release|x64.ActiveCfg = Release|Any CPU
		{F2A3B4C5-D6E7-5F6A-9B0C-1D2E3F4A5B6C}.Release|x64.Build.0 = Release|Any CPU
		{F2A3B4C5-D6E7-5F6A-9B0C-1D2E3F4A5B6C}.Release|x86.ActiveCfg = Release|Any CPU
		{F2A3B4C5-D6E7-5F6A-9B0C-1D2E3F4A5B6C}.Release|x86.Build.0 = Release|Any CPU
		{A3B4C5D6-E7F8-6A7B-0C1D-2E3F4A5B6C7D}.Debug|Any CPU.ActiveCfg = Debug|Any CPU
		{A3B4C5D6-E7F8-6A7B-0C1D-2E3F4A5B6C7D}.Debug|Any CPU.Build.0 = Debug|Any CPU
		{A3B4C5D6-E7F8-6A7B-0C1D-2E3F4A5B6C7D}.Debug|x64.ActiveCfg = Debug|Any CPU
		{A3B4C5D6-E7F8-6A7B-0C1D-2E3F4A5B6C7D}.Debug|x64.Build.0 = Debug|Any CPU
		{A3B4C5D6-E7F8-6A7B-0C1D-2E3F4A5B6C7D}.Debug|x86.ActiveCfg = Debug|Any CPU
		{A3B4C5D6-E7F8-6A7B-0C1D-2E3F4A5B6C7D}.Debug|x86.Build.0 = Debug|Any CPU
		{A3B4C5D6-E7F8-6A7B-0C1D-2E3F4A5B6C7D}.Release|Any CPU.ActiveCfg = Release|Any CPU
		{A3B4C5D6-E7F8-6A7B-0C1D-2E3F4A5B6C7D}.Release|Any CPU.Build.0 = Release|Any CPU
		{A3B4C5D6-E7F8-6A7B-0C1D-2E3F4A5B6C7D}.Release|x64.ActiveCfg = Release|Any CPU
		{A3B4C5D6-E7F8-6A7B-0C1D-2E3F4A5B6C7D}.Release|x64.Build.0 = Release|Any CPU
		{A3B4C5D6-E7F8-6A7B-0C1D-2E3F4A5B6C7D}.Release|x86.ActiveCfg = Release|Any CPU
		{A3B4C5D6-E7F8-6A7B-0C1D-2E3F4A5B6C7D}.Release|x86.Build.0 = Release|Any CPU
		{C5D6E7F8-A9B0-8C9D-2E3F-4A5B6C7D8E9F}.Debug|Any CPU.ActiveCfg = Debug|Any CPU
		{C5D6E7F8-A9B0-8C9D-2E3F-4A5B6C7D8E9F}.Debug|Any CPU.Build.0 = Debug|Any CPU
		{C5D6E7F8-A9B0-8C9D-2E3F-4A5B6C7D8E9F}.Debug|x64.ActiveCfg = Debug|Any CPU
		{C5D6E7F8-A9B0-8C9D-2E3F-4A5B6C7D8E9F}.Debug|x64.Build.0 = Debug|Any CPU
		{C5D6E7F8-A9B0-8C9D-2E3F-4A5B6C7D8E9F}.Debug|x86.ActiveCfg = Debug|Any CPU
		{C5D6E7F8-A9B0-8C9D-2E3F-4A5B6C7D8E9F}.Debug|x86.Build.0 = Debug|Any CPU
		{C5D6E7F8-A9B0-8C9D-2E3F-4A5B6C7D8E9F}.Release|Any CPU.ActiveCfg = Release|Any CPU
		{C5D6E7F8-A9B0-8C9D-2E3F-4A5B6C7D8E9F}.Release|Any CPU.Build.0 = Release|Any CPU
		{C5D6E7F8-A9B0-8C9D-2E3F-4A5B6C7D8E9F}.Release|x64.ActiveCfg = Release|Any CPU
		{C5D6E7F8-A9B0-8C9D-2E3F-4A5B6C7D8E9F}.Release|x64.Build.0 = Release|Any CPU
		{C5D6E7F8-A9B0-8C9D-2E3F-4A5B6C7D8E9F}.Release|x86.ActiveCfg = Release|Any CPU
		{C5D6E7F8-A9B0-8C9D-2E3F-4A5B6C7D8E9F}.Release|x86.Build.0 = Release|Any CPU
		{D8E9F0A1-B2C3-1D2E-5F6A-7B8C9D0E1F2A}.Debug|Any CPU.ActiveCfg = Debug|Any CPU
		{D8E9F0A1-B2C3-1D2E-5F6A-7B8C9D0E1F2A}.Debug|Any CPU.Build.0 = Debug|Any CPU
		{D8E9F0A1-B2C3-1D2E-5F6A-7B8C9D0E1F2A}.Debug|x64.ActiveCfg = Debug|Any CPU
		{D8E9F0A1-B2C3-1D2E-5F6A-7B8C9D0E1F2A}.Debug|x64.Build.0 = Debug|Any CPU
		{D8E9F0A1-B2C3-1D2E-5F6A-7B8C9D0E1F2A}.Debug|x86.ActiveCfg = Debug|Any CPU
		{D8E9F0A1-B2C3-1D2E-5F6A-7B8C9D0E1F2A}.Debug|x86.Build.0 = Debug|Any CPU
		{D8E9F0A1-B2C3-1D2E-5F6A-7B8C9D0E1F2A}.Release|Any CPU.ActiveCfg = Release|Any CPU
		{D8E9F0A1-B2C3-1D2E-5F6A-7B8C9D0E1F2A}.Release|Any CPU.Build.0 = Release|Any CPU
		{D8E9F0A1-B2C3-1D2E-5F6A-7B8C9D0E1F2A}.Release|x64.ActiveCfg = Release|Any CPU
		{D8E9F0A1-B2C3-1D2E-5F6A-7B8C9D0E1F2A}.Release|x64.Build.0 = Release|Any CPU
		{D8E9F0A1-B2C3-1D2E-5F6A-7B8C9D0E1F2A}.Release|x86.ActiveCfg = Release|Any CPU
		{D8E9F0A1-B2C3-1D2E-5F6A-7B8C9D0E1F2A}.Release|x86.Build.0 = Release|Any CPU
		{A5B6C7D8-E9F0-8A9B-2C3D-4E5F6A7B8C9D}.Debug|Any CPU.ActiveCfg = Debug|Any CPU
		{A5B6C7D8-E9F0-8A9B-2C3D-4E5F6A7B8C9D}.Debug|Any CPU.Build.0 = Debug|Any CPU
		{A5B6C7D8-E9F0-8A9B-2C3D-4E5F6A7B8C9D}.Debug|x64.ActiveCfg = Debug|Any CPU
		{A5B6C7D8-E9F0-8A9B-2C3D-4E5F6A7B8C9D}.Debug|x64.Build.0 = Debug|Any CPU
		{A5B6C7D8-E9F0-8A9B-2C3D-4E5F6A7B8C9D}.Debug|x86.ActiveCfg = Debug|Any CPU
		{A5B6C7D8-E9F0-8A9B-2C3D-4E5F6A7B8C9D}.Debug|x86.Build.0 = Debug|Any CPU
		{A5B6C7D8-E9F0-8A9B-2C3D-4E5F6A7B8C9D}.Release|Any CPU.ActiveCfg = Release|Any CPU
		{A5B6C7D8-E9F0-8A9B-2C3D-4E5F6A7B8C9D}.Release|Any CPU.Build.0 = Release|Any CPU
		{A5B6C7D8-E9F0-8A9B-2C3D-4E5F6A7B8C9D}.Release|x64.ActiveCfg = Release|Any CPU
		{A5B6C7D8-E9F0-8A9B-2C3D-4E5F6A7B8C9D}.Release|x64.Build.0 = Release|Any CPU
		{A5B6C7D8-E9F0-8A9B-2C3D-4E5F6A7B8C9D}.Release|x86.ActiveCfg = Release|Any CPU
		{A5B6C7D8-E9F0-8A9B-2C3D-4E5F6A7B8C9D}.Release|x86.Build.0 = Release|Any CPU
		{B6C7D8E9-F0A1-9B0C-3D4E-5F6A7B8C9D0E}.Debug|Any CPU.ActiveCfg = Debug|Any CPU
		{B6C7D8E9-F0A1-9B0C-3D4E-5F6A7B8C9D0E}.Debug|Any CPU.Build.0 = Debug|Any CPU
		{B6C7D8E9-F0A1-9B0C-3D4E-5F6A7B8C9D0E}.Debug|x64.ActiveCfg = Debug|Any CPU
		{B6C7D8E9-F0A1-9B0C-3D4E-5F6A7B8C9D0E}.Debug|x64.Build.0 = Debug|Any CPU
		{B6C7D8E9-F0A1-9B0C-3D4E-5F6A7B8C9D0E}.Debug|x86.ActiveCfg = Debug|Any CPU
		{B6C7D8E9-F0A1-9B0C-3D4E-5F6A7B8C9D0E}.Debug|x86.Build.0 = Debug|Any CPU
		{B6C7D8E9-F0A1-9B0C-3D4E-5F6A7B8C9D0E}.Release|Any CPU.ActiveCfg = Release|Any CPU
		{B6C7D8E9-F0A1-9B0C-3D4E-5F6A7B8C9D0E}.Release|Any CPU.Build.0 = Release|Any CPU
		{B6C7D8E9-F0A1-9B0C-3D4E-5F6A7B8C9D0E}.Release|x64.ActiveCfg = Release|Any CPU
		{B6C7D8E9-F0A1-9B0C-3D4E-5F6A7B8C9D0E}.Release|x64.Build.0 = Release|Any CPU
		{B6C7D8E9-F0A1-9B0C-3D4E-5F6A7B8C9D0E}.Release|x86.ActiveCfg = Release|Any CPU
		{B6C7D8E9-F0A1-9B0C-3D4E-5F6A7B8C9D0E}.Release|x86.Build.0 = Release|Any CPU
		{C7D8E9F0-A1B2-0C1D-4E5F-6A7B8C9D0E1F}.Debug|Any CPU.ActiveCfg = Debug|Any CPU
		{C7D8E9F0-A1B2-0C1D-4E5F-6A7B8C9D0E1F}.Debug|Any CPU.Build.0 = Debug|Any CPU
		{C7D8E9F0-A1B2-0C1D-4E5F-6A7B8C9D0E1F}.Debug|x64.ActiveCfg = Debug|Any CPU
		{C7D8E9F0-A1B2-0C1D-4E5F-6A7B8C9D0E1F}.Debug|x64.Build.0 = Debug|Any CPU
		{C7D8E9F0-A1B2-0C1D-4E5F-6A7B8C9D0E1F}.Debug|x86.ActiveCfg = Debug|Any CPU
		{C7D8E9F0-A1B2-0C1D-4E5F-6A7B8C9D0E1F}.Debug|x86.Build.0 = Debug|Any CPU
		{C7D8E9F0-A1B2-0C1D-4E5F-6A7B8C9D0E1F}.Release|Any CPU.ActiveCfg = Release|Any CPU
		{C7D8E9F0-A1B2-0C1D-4E5F-6A7B8C9D0E1F}.Release|Any CPU.Build.0 = Release|Any CPU
		{C7D8E9F0-A1B2-0C1D-4E5F-6A7B8C9D0E1F}.Release|x64.ActiveCfg = Release|Any CPU
		{C7D8E9F0-A1B2-0C1D-4E5F-6A7B8C9D0E1F}.Release|x64.Build.0 = Release|Any CPU
		{C7D8E9F0-A1B2-0C1D-4E5F-6A7B8C9D0E1F}.Release|x86.ActiveCfg = Release|Any CPU
		{C7D8E9F0-A1B2-0C1D-4E5F-6A7B8C9D0E1F}.Release|x86.Build.0 = Release|Any CPU
		{31BCA8A0-E33A-419F-B261-9E72E913F4F6}.Debug|Any CPU.ActiveCfg = Debug|Any CPU
		{31BCA8A0-E33A-419F-B261-9E72E913F4F6}.Debug|Any CPU.Build.0 = Debug|Any CPU
		{31BCA8A0-E33A-419F-B261-9E72E913F4F6}.Debug|x64.ActiveCfg = Debug|Any CPU
		{31BCA8A0-E33A-419F-B261-9E72E913F4F6}.Debug|x64.Build.0 = Debug|Any CPU
		{31BCA8A0-E33A-419F-B261-9E72E913F4F6}.Debug|x86.ActiveCfg = Debug|Any CPU
		{31BCA8A0-E33A-419F-B261-9E72E913F4F6}.Debug|x86.Build.0 = Debug|Any CPU
		{31BCA8A0-E33A-419F-B261-9E72E913F4F6}.Release|Any CPU.ActiveCfg = Release|Any CPU
		{31BCA8A0-E33A-419F-B261-9E72E913F4F6}.Release|Any CPU.Build.0 = Release|Any CPU
		{31BCA8A0-E33A-419F-B261-9E72E913F4F6}.Release|x64.ActiveCfg = Release|Any CPU
		{31BCA8A0-E33A-419F-B261-9E72E913F4F6}.Release|x64.Build.0 = Release|Any CPU
		{31BCA8A0-E33A-419F-B261-9E72E913F4F6}.Release|x86.ActiveCfg = Release|Any CPU
		{31BCA8A0-E33A-419F-B261-9E72E913F4F6}.Release|x86.Build.0 = Release|Any CPU
		{899B6BAA-0ADF-4417-B6A7-B7A0947FF71A}.Debug|Any CPU.ActiveCfg = Debug|Any CPU
		{899B6BAA-0ADF-4417-B6A7-B7A0947FF71A}.Debug|Any CPU.Build.0 = Debug|Any CPU
		{899B6BAA-0ADF-4417-B6A7-B7A0947FF71A}.Debug|x64.ActiveCfg = Debug|Any CPU
		{899B6BAA-0ADF-4417-B6A7-B7A0947FF71A}.Debug|x64.Build.0 = Debug|Any CPU
		{899B6BAA-0ADF-4417-B6A7-B7A0947FF71A}.Debug|x86.ActiveCfg = Debug|Any CPU
		{899B6BAA-0ADF-4417-B6A7-B7A0947FF71A}.Debug|x86.Build.0 = Debug|Any CPU
		{899B6BAA-0ADF-4417-B6A7-B7A0947FF71A}.Release|Any CPU.ActiveCfg = Release|Any CPU
		{899B6BAA-0ADF-4417-B6A7-B7A0947FF71A}.Release|Any CPU.Build.0 = Release|Any CPU
		{899B6BAA-0ADF-4417-B6A7-B7A0947FF71A}.Release|x64.ActiveCfg = Release|Any CPU
		{899B6BAA-0ADF-4417-B6A7-B7A0947FF71A}.Release|x64.Build.0 = Release|Any CPU
		{899B6BAA-0ADF-4417-B6A7-B7A0947FF71A}.Release|x86.ActiveCfg = Release|Any CPU
		{899B6BAA-0ADF-4417-B6A7-B7A0947FF71A}.Release|x86.Build.0 = Release|Any CPU
		{88888888-8888-8888-8888-888888888888}.Debug|Any CPU.ActiveCfg = Debug|Any CPU
		{88888888-8888-8888-8888-888888888888}.Debug|Any CPU.Build.0 = Debug|Any CPU
		{88888888-8888-8888-8888-888888888888}.Debug|x64.ActiveCfg = Debug|Any CPU
		{88888888-8888-8888-8888-888888888888}.Debug|x64.Build.0 = Debug|Any CPU
		{88888888-8888-8888-8888-888888888888}.Debug|x86.ActiveCfg = Debug|Any CPU
		{88888888-8888-8888-8888-888888888888}.Debug|x86.Build.0 = Debug|Any CPU
		{88888888-8888-8888-8888-888888888888}.Release|Any CPU.ActiveCfg = Release|Any CPU
		{88888888-8888-8888-8888-888888888888}.Release|Any CPU.Build.0 = Release|Any CPU
		{88888888-8888-8888-8888-888888888888}.Release|x64.ActiveCfg = Release|Any CPU
		{88888888-8888-8888-8888-888888888888}.Release|x64.Build.0 = Release|Any CPU
		{88888888-8888-8888-8888-888888888888}.Release|x86.ActiveCfg = Release|Any CPU
		{88888888-8888-8888-8888-888888888888}.Release|x86.Build.0 = Release|Any CPU
		{AAAAAAAA-AAAA-AAAA-AAAA-AAAAAAAAAAAA}.Debug|Any CPU.ActiveCfg = Debug|Any CPU
		{AAAAAAAA-AAAA-AAAA-AAAA-AAAAAAAAAAAA}.Debug|Any CPU.Build.0 = Debug|Any CPU
		{AAAAAAAA-AAAA-AAAA-AAAA-AAAAAAAAAAAA}.Debug|x64.ActiveCfg = Debug|Any CPU
		{AAAAAAAA-AAAA-AAAA-AAAA-AAAAAAAAAAAA}.Debug|x64.Build.0 = Debug|Any CPU
		{AAAAAAAA-AAAA-AAAA-AAAA-AAAAAAAAAAAA}.Debug|x86.ActiveCfg = Debug|Any CPU
		{AAAAAAAA-AAAA-AAAA-AAAA-AAAAAAAAAAAA}.Debug|x86.Build.0 = Debug|Any CPU
		{AAAAAAAA-AAAA-AAAA-AAAA-AAAAAAAAAAAA}.Release|Any CPU.ActiveCfg = Release|Any CPU
		{AAAAAAAA-AAAA-AAAA-AAAA-AAAAAAAAAAAA}.Release|Any CPU.Build.0 = Release|Any CPU
		{AAAAAAAA-AAAA-AAAA-AAAA-AAAAAAAAAAAA}.Release|x64.ActiveCfg = Release|Any CPU
		{AAAAAAAA-AAAA-AAAA-AAAA-AAAAAAAAAAAA}.Release|x64.Build.0 = Release|Any CPU
		{AAAAAAAA-AAAA-AAAA-AAAA-AAAAAAAAAAAA}.Release|x86.ActiveCfg = Release|Any CPU
		{AAAAAAAA-AAAA-AAAA-AAAA-AAAAAAAAAAAA}.Release|x86.Build.0 = Release|Any CPU
		{F037F0D0-FCFF-4320-975E-3E3F1AC0DCE8}.Debug|Any CPU.ActiveCfg = Debug|Any CPU
		{F037F0D0-FCFF-4320-975E-3E3F1AC0DCE8}.Debug|Any CPU.Build.0 = Debug|Any CPU
		{F037F0D0-FCFF-4320-975E-3E3F1AC0DCE8}.Debug|x64.ActiveCfg = Debug|Any CPU
		{F037F0D0-FCFF-4320-975E-3E3F1AC0DCE8}.Debug|x64.Build.0 = Debug|Any CPU
		{F037F0D0-FCFF-4320-975E-3E3F1AC0DCE8}.Debug|x86.ActiveCfg = Debug|Any CPU
		{F037F0D0-FCFF-4320-975E-3E3F1AC0DCE8}.Debug|x86.Build.0 = Debug|Any CPU
		{F037F0D0-FCFF-4320-975E-3E3F1AC0DCE8}.Release|Any CPU.ActiveCfg = Release|Any CPU
		{F037F0D0-FCFF-4320-975E-3E3F1AC0DCE8}.Release|Any CPU.Build.0 = Release|Any CPU
		{F037F0D0-FCFF-4320-975E-3E3F1AC0DCE8}.Release|x64.ActiveCfg = Release|Any CPU
		{F037F0D0-FCFF-4320-975E-3E3F1AC0DCE8}.Release|x64.Build.0 = Release|Any CPU
		{F037F0D0-FCFF-4320-975E-3E3F1AC0DCE8}.Release|x86.ActiveCfg = Release|Any CPU
		{F037F0D0-FCFF-4320-975E-3E3F1AC0DCE8}.Release|x86.Build.0 = Release|Any CPU
		{E24BE124-77B9-8D33-D2FF-973DED5300B8}.Debug|Any CPU.ActiveCfg = Debug|Any CPU
		{E24BE124-77B9-8D33-D2FF-973DED5300B8}.Debug|Any CPU.Build.0 = Debug|Any CPU
		{E24BE124-77B9-8D33-D2FF-973DED5300B8}.Debug|x64.ActiveCfg = Debug|Any CPU
		{E24BE124-77B9-8D33-D2FF-973DED5300B8}.Debug|x64.Build.0 = Debug|Any CPU
		{E24BE124-77B9-8D33-D2FF-973DED5300B8}.Debug|x86.ActiveCfg = Debug|Any CPU
		{E24BE124-77B9-8D33-D2FF-973DED5300B8}.Debug|x86.Build.0 = Debug|Any CPU
		{E24BE124-77B9-8D33-D2FF-973DED5300B8}.Release|Any CPU.ActiveCfg = Release|Any CPU
		{E24BE124-77B9-8D33-D2FF-973DED5300B8}.Release|Any CPU.Build.0 = Release|Any CPU
		{E24BE124-77B9-8D33-D2FF-973DED5300B8}.Release|x64.ActiveCfg = Release|Any CPU
		{E24BE124-77B9-8D33-D2FF-973DED5300B8}.Release|x64.Build.0 = Release|Any CPU
		{E24BE124-77B9-8D33-D2FF-973DED5300B8}.Release|x86.ActiveCfg = Release|Any CPU
		{E24BE124-77B9-8D33-D2FF-973DED5300B8}.Release|x86.Build.0 = Release|Any CPU
		{B7B234B1-5918-5904-EC08-559894F4D126}.Debug|Any CPU.ActiveCfg = Debug|Any CPU
		{B7B234B1-5918-5904-EC08-559894F4D126}.Debug|Any CPU.Build.0 = Debug|Any CPU
		{B7B234B1-5918-5904-EC08-559894F4D126}.Debug|x64.ActiveCfg = Debug|Any CPU
		{B7B234B1-5918-5904-EC08-559894F4D126}.Debug|x64.Build.0 = Debug|Any CPU
		{B7B234B1-5918-5904-EC08-559894F4D126}.Debug|x86.ActiveCfg = Debug|Any CPU
		{B7B234B1-5918-5904-EC08-559894F4D126}.Debug|x86.Build.0 = Debug|Any CPU
		{B7B234B1-5918-5904-EC08-559894F4D126}.Release|Any CPU.ActiveCfg = Release|Any CPU
		{B7B234B1-5918-5904-EC08-559894F4D126}.Release|Any CPU.Build.0 = Release|Any CPU
		{B7B234B1-5918-5904-EC08-559894F4D126}.Release|x64.ActiveCfg = Release|Any CPU
		{B7B234B1-5918-5904-EC08-559894F4D126}.Release|x64.Build.0 = Release|Any CPU
		{B7B234B1-5918-5904-EC08-559894F4D126}.Release|x86.ActiveCfg = Release|Any CPU
		{B7B234B1-5918-5904-EC08-559894F4D126}.Release|x86.Build.0 = Release|Any CPU
		{B9D29E3D-6E3D-725E-15C9-AFD55B7B0781}.Debug|Any CPU.ActiveCfg = Debug|Any CPU
		{B9D29E3D-6E3D-725E-15C9-AFD55B7B0781}.Debug|Any CPU.Build.0 = Debug|Any CPU
		{B9D29E3D-6E3D-725E-15C9-AFD55B7B0781}.Debug|x64.ActiveCfg = Debug|Any CPU
		{B9D29E3D-6E3D-725E-15C9-AFD55B7B0781}.Debug|x64.Build.0 = Debug|Any CPU
		{B9D29E3D-6E3D-725E-15C9-AFD55B7B0781}.Debug|x86.ActiveCfg = Debug|Any CPU
		{B9D29E3D-6E3D-725E-15C9-AFD55B7B0781}.Debug|x86.Build.0 = Debug|Any CPU
		{B9D29E3D-6E3D-725E-15C9-AFD55B7B0781}.Release|Any CPU.ActiveCfg = Release|Any CPU
		{B9D29E3D-6E3D-725E-15C9-AFD55B7B0781}.Release|Any CPU.Build.0 = Release|Any CPU
		{B9D29E3D-6E3D-725E-15C9-AFD55B7B0781}.Release|x64.ActiveCfg = Release|Any CPU
		{B9D29E3D-6E3D-725E-15C9-AFD55B7B0781}.Release|x64.Build.0 = Release|Any CPU
		{B9D29E3D-6E3D-725E-15C9-AFD55B7B0781}.Release|x86.ActiveCfg = Release|Any CPU
		{B9D29E3D-6E3D-725E-15C9-AFD55B7B0781}.Release|x86.Build.0 = Release|Any CPU
		{4C4FBB8B-D46B-D98B-A469-D83CA92944BE}.Debug|Any CPU.ActiveCfg = Debug|Any CPU
		{4C4FBB8B-D46B-D98B-A469-D83CA92944BE}.Debug|Any CPU.Build.0 = Debug|Any CPU
		{4C4FBB8B-D46B-D98B-A469-D83CA92944BE}.Debug|x64.ActiveCfg = Debug|Any CPU
		{4C4FBB8B-D46B-D98B-A469-D83CA92944BE}.Debug|x64.Build.0 = Debug|Any CPU
		{4C4FBB8B-D46B-D98B-A469-D83CA92944BE}.Debug|x86.ActiveCfg = Debug|Any CPU
		{4C4FBB8B-D46B-D98B-A469-D83CA92944BE}.Debug|x86.Build.0 = Debug|Any CPU
		{4C4FBB8B-D46B-D98B-A469-D83CA92944BE}.Release|Any CPU.ActiveCfg = Release|Any CPU
		{4C4FBB8B-D46B-D98B-A469-D83CA92944BE}.Release|Any CPU.Build.0 = Release|Any CPU
		{4C4FBB8B-D46B-D98B-A469-D83CA92944BE}.Release|x64.ActiveCfg = Release|Any CPU
		{4C4FBB8B-D46B-D98B-A469-D83CA92944BE}.Release|x64.Build.0 = Release|Any CPU
		{4C4FBB8B-D46B-D98B-A469-D83CA92944BE}.Release|x86.ActiveCfg = Release|Any CPU
		{4C4FBB8B-D46B-D98B-A469-D83CA92944BE}.Release|x86.Build.0 = Release|Any CPU
		{E2329CF8-5DED-4CB4-2D27-C59D9D636966}.Debug|Any CPU.ActiveCfg = Debug|Any CPU
		{E2329CF8-5DED-4CB4-2D27-C59D9D636966}.Debug|Any CPU.Build.0 = Debug|Any CPU
		{E2329CF8-5DED-4CB4-2D27-C59D9D636966}.Debug|x64.ActiveCfg = Debug|Any CPU
		{E2329CF8-5DED-4CB4-2D27-C59D9D636966}.Debug|x64.Build.0 = Debug|Any CPU
		{E2329CF8-5DED-4CB4-2D27-C59D9D636966}.Debug|x86.ActiveCfg = Debug|Any CPU
		{E2329CF8-5DED-4CB4-2D27-C59D9D636966}.Debug|x86.Build.0 = Debug|Any CPU
		{E2329CF8-5DED-4CB4-2D27-C59D9D636966}.Release|Any CPU.ActiveCfg = Release|Any CPU
		{E2329CF8-5DED-4CB4-2D27-C59D9D636966}.Release|Any CPU.Build.0 = Release|Any CPU
		{E2329CF8-5DED-4CB4-2D27-C59D9D636966}.Release|x64.ActiveCfg = Release|Any CPU
		{E2329CF8-5DED-4CB4-2D27-C59D9D636966}.Release|x64.Build.0 = Release|Any CPU
		{E2329CF8-5DED-4CB4-2D27-C59D9D636966}.Release|x86.ActiveCfg = Release|Any CPU
		{E2329CF8-5DED-4CB4-2D27-C59D9D636966}.Release|x86.Build.0 = Release|Any CPU
		{CE7094CA-1795-7D22-C606-2BE51D5620F4}.Debug|Any CPU.ActiveCfg = Debug|Any CPU
		{CE7094CA-1795-7D22-C606-2BE51D5620F4}.Debug|Any CPU.Build.0 = Debug|Any CPU
		{CE7094CA-1795-7D22-C606-2BE51D5620F4}.Debug|x64.ActiveCfg = Debug|Any CPU
		{CE7094CA-1795-7D22-C606-2BE51D5620F4}.Debug|x64.Build.0 = Debug|Any CPU
		{CE7094CA-1795-7D22-C606-2BE51D5620F4}.Debug|x86.ActiveCfg = Debug|Any CPU
		{CE7094CA-1795-7D22-C606-2BE51D5620F4}.Debug|x86.Build.0 = Debug|Any CPU
		{CE7094CA-1795-7D22-C606-2BE51D5620F4}.Release|Any CPU.ActiveCfg = Release|Any CPU
		{CE7094CA-1795-7D22-C606-2BE51D5620F4}.Release|Any CPU.Build.0 = Release|Any CPU
		{CE7094CA-1795-7D22-C606-2BE51D5620F4}.Release|x64.ActiveCfg = Release|Any CPU
		{CE7094CA-1795-7D22-C606-2BE51D5620F4}.Release|x64.Build.0 = Release|Any CPU
		{CE7094CA-1795-7D22-C606-2BE51D5620F4}.Release|x86.ActiveCfg = Release|Any CPU
		{CE7094CA-1795-7D22-C606-2BE51D5620F4}.Release|x86.Build.0 = Release|Any CPU
		{A9A88A29-1982-FD6C-7A42-1FA728E171D2}.Debug|Any CPU.ActiveCfg = Debug|Any CPU
		{A9A88A29-1982-FD6C-7A42-1FA728E171D2}.Debug|Any CPU.Build.0 = Debug|Any CPU
		{A9A88A29-1982-FD6C-7A42-1FA728E171D2}.Debug|x64.ActiveCfg = Debug|Any CPU
		{A9A88A29-1982-FD6C-7A42-1FA728E171D2}.Debug|x64.Build.0 = Debug|Any CPU
		{A9A88A29-1982-FD6C-7A42-1FA728E171D2}.Debug|x86.ActiveCfg = Debug|Any CPU
		{A9A88A29-1982-FD6C-7A42-1FA728E171D2}.Debug|x86.Build.0 = Debug|Any CPU
		{A9A88A29-1982-FD6C-7A42-1FA728E171D2}.Release|Any CPU.ActiveCfg = Release|Any CPU
		{A9A88A29-1982-FD6C-7A42-1FA728E171D2}.Release|Any CPU.Build.0 = Release|Any CPU
		{A9A88A29-1982-FD6C-7A42-1FA728E171D2}.Release|x64.ActiveCfg = Release|Any CPU
		{A9A88A29-1982-FD6C-7A42-1FA728E171D2}.Release|x64.Build.0 = Release|Any CPU
		{A9A88A29-1982-FD6C-7A42-1FA728E171D2}.Release|x86.ActiveCfg = Release|Any CPU
		{A9A88A29-1982-FD6C-7A42-1FA728E171D2}.Release|x86.Build.0 = Release|Any CPU
		{3CDE3D2B-F2F7-FA0E-51BC-0F4CD9831411}.Debug|Any CPU.ActiveCfg = Debug|Any CPU
		{3CDE3D2B-F2F7-FA0E-51BC-0F4CD9831411}.Debug|Any CPU.Build.0 = Debug|Any CPU
		{3CDE3D2B-F2F7-FA0E-51BC-0F4CD9831411}.Debug|x64.ActiveCfg = Debug|Any CPU
		{3CDE3D2B-F2F7-FA0E-51BC-0F4CD9831411}.Debug|x64.Build.0 = Debug|Any CPU
		{3CDE3D2B-F2F7-FA0E-51BC-0F4CD9831411}.Debug|x86.ActiveCfg = Debug|Any CPU
		{3CDE3D2B-F2F7-FA0E-51BC-0F4CD9831411}.Debug|x86.Build.0 = Debug|Any CPU
		{3CDE3D2B-F2F7-FA0E-51BC-0F4CD9831411}.Release|Any CPU.ActiveCfg = Release|Any CPU
		{3CDE3D2B-F2F7-FA0E-51BC-0F4CD9831411}.Release|Any CPU.Build.0 = Release|Any CPU
		{3CDE3D2B-F2F7-FA0E-51BC-0F4CD9831411}.Release|x64.ActiveCfg = Release|Any CPU
		{3CDE3D2B-F2F7-FA0E-51BC-0F4CD9831411}.Release|x64.Build.0 = Release|Any CPU
		{3CDE3D2B-F2F7-FA0E-51BC-0F4CD9831411}.Release|x86.ActiveCfg = Release|Any CPU
		{3CDE3D2B-F2F7-FA0E-51BC-0F4CD9831411}.Release|x86.Build.0 = Release|Any CPU
		{A72EDF98-C3E0-8C8D-A7E8-C6A41B656ADB}.Debug|Any CPU.ActiveCfg = Debug|Any CPU
		{A72EDF98-C3E0-8C8D-A7E8-C6A41B656ADB}.Debug|Any CPU.Build.0 = Debug|Any CPU
		{A72EDF98-C3E0-8C8D-A7E8-C6A41B656ADB}.Debug|x64.ActiveCfg = Debug|Any CPU
		{A72EDF98-C3E0-8C8D-A7E8-C6A41B656ADB}.Debug|x64.Build.0 = Debug|Any CPU
		{A72EDF98-C3E0-8C8D-A7E8-C6A41B656ADB}.Debug|x86.ActiveCfg = Debug|Any CPU
		{A72EDF98-C3E0-8C8D-A7E8-C6A41B656ADB}.Debug|x86.Build.0 = Debug|Any CPU
		{A72EDF98-C3E0-8C8D-A7E8-C6A41B656ADB}.Release|Any CPU.ActiveCfg = Release|Any CPU
		{A72EDF98-C3E0-8C8D-A7E8-C6A41B656ADB}.Release|Any CPU.Build.0 = Release|Any CPU
		{A72EDF98-C3E0-8C8D-A7E8-C6A41B656ADB}.Release|x64.ActiveCfg = Release|Any CPU
		{A72EDF98-C3E0-8C8D-A7E8-C6A41B656ADB}.Release|x64.Build.0 = Release|Any CPU
		{A72EDF98-C3E0-8C8D-A7E8-C6A41B656ADB}.Release|x86.ActiveCfg = Release|Any CPU
		{A72EDF98-C3E0-8C8D-A7E8-C6A41B656ADB}.Release|x86.Build.0 = Release|Any CPU
		{FC93CC2D-7CCA-0F86-62A5-F00DCE282871}.Debug|Any CPU.ActiveCfg = Debug|Any CPU
		{FC93CC2D-7CCA-0F86-62A5-F00DCE282871}.Debug|Any CPU.Build.0 = Debug|Any CPU
		{FC93CC2D-7CCA-0F86-62A5-F00DCE282871}.Debug|x64.ActiveCfg = Debug|Any CPU
		{FC93CC2D-7CCA-0F86-62A5-F00DCE282871}.Debug|x64.Build.0 = Debug|Any CPU
		{FC93CC2D-7CCA-0F86-62A5-F00DCE282871}.Debug|x86.ActiveCfg = Debug|Any CPU
		{FC93CC2D-7CCA-0F86-62A5-F00DCE282871}.Debug|x86.Build.0 = Debug|Any CPU
		{FC93CC2D-7CCA-0F86-62A5-F00DCE282871}.Release|Any CPU.ActiveCfg = Release|Any CPU
		{FC93CC2D-7CCA-0F86-62A5-F00DCE282871}.Release|Any CPU.Build.0 = Release|Any CPU
		{FC93CC2D-7CCA-0F86-62A5-F00DCE282871}.Release|x64.ActiveCfg = Release|Any CPU
		{FC93CC2D-7CCA-0F86-62A5-F00DCE282871}.Release|x64.Build.0 = Release|Any CPU
		{FC93CC2D-7CCA-0F86-62A5-F00DCE282871}.Release|x86.ActiveCfg = Release|Any CPU
		{FC93CC2D-7CCA-0F86-62A5-F00DCE282871}.Release|x86.Build.0 = Release|Any CPU
		{22827213-AB63-B7E4-F01C-83AD28789FC2}.Debug|Any CPU.ActiveCfg = Debug|Any CPU
		{22827213-AB63-B7E4-F01C-83AD28789FC2}.Debug|Any CPU.Build.0 = Debug|Any CPU
		{22827213-AB63-B7E4-F01C-83AD28789FC2}.Debug|x64.ActiveCfg = Debug|Any CPU
		{22827213-AB63-B7E4-F01C-83AD28789FC2}.Debug|x64.Build.0 = Debug|Any CPU
		{22827213-AB63-B7E4-F01C-83AD28789FC2}.Debug|x86.ActiveCfg = Debug|Any CPU
		{22827213-AB63-B7E4-F01C-83AD28789FC2}.Debug|x86.Build.0 = Debug|Any CPU
		{22827213-AB63-B7E4-F01C-83AD28789FC2}.Release|Any CPU.ActiveCfg = Release|Any CPU
		{22827213-AB63-B7E4-F01C-83AD28789FC2}.Release|Any CPU.Build.0 = Release|Any CPU
		{22827213-AB63-B7E4-F01C-83AD28789FC2}.Release|x64.ActiveCfg = Release|Any CPU
		{22827213-AB63-B7E4-F01C-83AD28789FC2}.Release|x64.Build.0 = Release|Any CPU
		{22827213-AB63-B7E4-F01C-83AD28789FC2}.Release|x86.ActiveCfg = Release|Any CPU
		{22827213-AB63-B7E4-F01C-83AD28789FC2}.Release|x86.Build.0 = Release|Any CPU
		{E634156D-EDA2-7393-59E7-05CAC2FC7797}.Debug|Any CPU.ActiveCfg = Debug|Any CPU
		{E634156D-EDA2-7393-59E7-05CAC2FC7797}.Debug|Any CPU.Build.0 = Debug|Any CPU
		{E634156D-EDA2-7393-59E7-05CAC2FC7797}.Debug|x64.ActiveCfg = Debug|Any CPU
		{E634156D-EDA2-7393-59E7-05CAC2FC7797}.Debug|x64.Build.0 = Debug|Any CPU
		{E634156D-EDA2-7393-59E7-05CAC2FC7797}.Debug|x86.ActiveCfg = Debug|Any CPU
		{E634156D-EDA2-7393-59E7-05CAC2FC7797}.Debug|x86.Build.0 = Debug|Any CPU
		{E634156D-EDA2-7393-59E7-05CAC2FC7797}.Release|Any CPU.ActiveCfg = Release|Any CPU
		{E634156D-EDA2-7393-59E7-05CAC2FC7797}.Release|Any CPU.Build.0 = Release|Any CPU
		{E634156D-EDA2-7393-59E7-05CAC2FC7797}.Release|x64.ActiveCfg = Release|Any CPU
		{E634156D-EDA2-7393-59E7-05CAC2FC7797}.Release|x64.Build.0 = Release|Any CPU
		{E634156D-EDA2-7393-59E7-05CAC2FC7797}.Release|x86.ActiveCfg = Release|Any CPU
		{E634156D-EDA2-7393-59E7-05CAC2FC7797}.Release|x86.Build.0 = Release|Any CPU
		{9422B2FF-3353-37A4-462D-F4272025CCED}.Debug|Any CPU.ActiveCfg = Debug|Any CPU
		{9422B2FF-3353-37A4-462D-F4272025CCED}.Debug|Any CPU.Build.0 = Debug|Any CPU
		{9422B2FF-3353-37A4-462D-F4272025CCED}.Debug|x64.ActiveCfg = Debug|Any CPU
		{9422B2FF-3353-37A4-462D-F4272025CCED}.Debug|x64.Build.0 = Debug|Any CPU
		{9422B2FF-3353-37A4-462D-F4272025CCED}.Debug|x86.ActiveCfg = Debug|Any CPU
		{9422B2FF-3353-37A4-462D-F4272025CCED}.Debug|x86.Build.0 = Debug|Any CPU
		{9422B2FF-3353-37A4-462D-F4272025CCED}.Release|Any CPU.ActiveCfg = Release|Any CPU
		{9422B2FF-3353-37A4-462D-F4272025CCED}.Release|Any CPU.Build.0 = Release|Any CPU
		{9422B2FF-3353-37A4-462D-F4272025CCED}.Release|x64.ActiveCfg = Release|Any CPU
		{9422B2FF-3353-37A4-462D-F4272025CCED}.Release|x64.Build.0 = Release|Any CPU
		{9422B2FF-3353-37A4-462D-F4272025CCED}.Release|x86.ActiveCfg = Release|Any CPU
		{9422B2FF-3353-37A4-462D-F4272025CCED}.Release|x86.Build.0 = Release|Any CPU
	EndGlobalSection
	GlobalSection(SolutionProperties) = preSolution
		HideSolutionNode = FALSE
	EndGlobalSection
	GlobalSection(NestedProjects) = preSolution
		{B2C3D4E5-F6A7-5B6C-9D0E-1F2A3B4C5D6E} = {A1B2C3D4-E5F6-4A5B-8C9D-0E1F2A3B4C5D}
		{E5F6A7B8-C9D0-8E9F-2A3B-4C5D6E7F8A9B} = {A1B2C3D4-E5F6-4A5B-8C9D-0E1F2A3B4C5D}
		{F5A6B7C8-D9E0-9F0A-3B4C-5D6E7F8A9B0C} = {A1B2C3D4-E5F6-4A5B-8C9D-0E1F2A3B4C5D}
		{C3D4E5F6-A7B8-6C7D-0E1F-2A3B4C5D6E7F} = {B2C3D4E5-F6A7-5B6C-9D0E-1F2A3B4C5D6E}
		{D4E5F6A7-B8C9-7D8E-1F2A-3B4C5D6E7F8A} = {B2C3D4E5-F6A7-5B6C-9D0E-1F2A3B4C5D6E}
		{D2E3F4A5-B6C7-5D6E-9F0A-1B2C3D4E5F6A} = {F5A6B7C8-D9E0-9F0A-3B4C-5D6E7F8A9B0C}
		{F6A7B8C9-D0E1-9F0A-3B4C-5D6E7F8A9B0C} = {E5F6A7B8-C9D0-8E9F-2A3B-4C5D6E7F8A9B}
		{A7B8C9D0-E1F2-0A1B-4C5D-6E7F8A9B0C1D} = {E5F6A7B8-C9D0-8E9F-2A3B-4C5D6E7F8A9B}
		{B8C9D0E1-F2A3-1B2C-5D6E-7F8A9B0C1D2E} = {E5F6A7B8-C9D0-8E9F-2A3B-4C5D6E7F8A9B}
		{D0E1F2A3-B4C5-3D4E-7F8A-9B0C1D2E3F4A} = {E5F6A7B8-C9D0-8E9F-2A3B-4C5D6E7F8A9B}
		{E1F2A3B4-C5D6-4E5F-8A9B-0C1D2E3F4A5B} = {E5F6A7B8-C9D0-8E9F-2A3B-4C5D6E7F8A9B}
		{F2A3B4C5-D6E7-5F6A-9B0C-1D2E3F4A5B6C} = {E5F6A7B8-C9D0-8E9F-2A3B-4C5D6E7F8A9B}
		{A3B4C5D6-E7F8-6A7B-0C1D-2E3F4A5B6C7D} = {E5F6A7B8-C9D0-8E9F-2A3B-4C5D6E7F8A9B}
		{C5D6E7F8-A9B0-8C9D-2E3F-4A5B6C7D8E9F} = {E5F6A7B8-C9D0-8E9F-2A3B-4C5D6E7F8A9B}
		{F4A5B6C7-D8E9-7F8A-1B2C-3D4E5F6A7B8C} = {E3F4A5B6-C7D8-6E7F-0A1B-2C3D4E5F6A7B}
		{22222222-2222-2222-2222-222222222222} = {F4A5B6C7-D8E9-7F8A-1B2C-3D4E5F6A7B8C}
		{33333333-3333-3333-3333-333333333333} = {F4A5B6C7-D8E9-7F8A-1B2C-3D4E5F6A7B8C}
		{44444444-4444-4444-4444-444444444444} = {F4A5B6C7-D8E9-7F8A-1B2C-3D4E5F6A7B8C}
		{D8E9F0A1-B2C3-1D2E-5F6A-7B8C9D0E1F2A} = {F4A5B6C7-D8E9-7F8A-1B2C-3D4E5F6A7B8C}
		{A5B6C7D8-E9F0-8A9B-2C3D-4E5F6A7B8C9D} = {22222222-2222-2222-2222-222222222222}
		{B6C7D8E9-F0A1-9B0C-3D4E-5F6A7B8C9D0E} = {22222222-2222-2222-2222-222222222222}
		{C7D8E9F0-A1B2-0C1D-4E5F-6A7B8C9D0E1F} = {22222222-2222-2222-2222-222222222222}
		{31BCA8A0-E33A-419F-B261-9E72E913F4F6} = {088967DC-D878-4BE2-9A6E-B9A9BF72FC98}
		{899B6BAA-0ADF-4417-B6A7-B7A0947FF71A} = {088967DC-D878-4BE2-9A6E-B9A9BF72FC98}
		{88888888-8888-8888-8888-888888888888} = {44444444-4444-4444-4444-444444444444}
		{AAAAAAAA-AAAA-AAAA-AAAA-AAAAAAAAAAAA} = {44444444-4444-4444-4444-444444444444}
		{F037F0D0-FCFF-4320-975E-3E3F1AC0DCE8} = {088967DC-D878-4BE2-9A6E-B9A9BF72FC98}
		{E24BE124-77B9-8D33-D2FF-973DED5300B8} = {33333333-3333-3333-3333-333333333333}
		{B7B234B1-5918-5904-EC08-559894F4D126} = {33333333-3333-3333-3333-333333333333}
		{B9D29E3D-6E3D-725E-15C9-AFD55B7B0781} = {33333333-3333-3333-3333-333333333333}
		{4C4FBB8B-D46B-D98B-A469-D83CA92944BE} = {33333333-3333-3333-3333-333333333333}
		{E2329CF8-5DED-4CB4-2D27-C59D9D636966} = {33333333-3333-3333-3333-333333333333}
		{CE7094CA-1795-7D22-C606-2BE51D5620F4} = {33333333-3333-3333-3333-333333333333}
		{A9A88A29-1982-FD6C-7A42-1FA728E171D2} = {33333333-3333-3333-3333-333333333333}
		{3CDE3D2B-F2F7-FA0E-51BC-0F4CD9831411} = {33333333-3333-3333-3333-333333333333}
		{A72EDF98-C3E0-8C8D-A7E8-C6A41B656ADB} = {44444444-4444-4444-4444-444444444444}
		{FC93CC2D-7CCA-0F86-62A5-F00DCE282871} = {44444444-4444-4444-4444-444444444444}
		{22827213-AB63-B7E4-F01C-83AD28789FC2} = {44444444-4444-4444-4444-444444444444}
		{E634156D-EDA2-7393-59E7-05CAC2FC7797} = {44444444-4444-4444-4444-444444444444}
		{9422B2FF-3353-37A4-462D-F4272025CCED} = {44444444-4444-4444-4444-444444444444}
	EndGlobalSection
	GlobalSection(ExtensibilityGlobals) = postSolution
		SolutionGuid = {D0E1F2A3-B4C5-4D6E-7F8A-9B0C1D2E3F4A}
	EndGlobalSection
EndGlobal
